// !$*UTF8*$!
{
	archiveVersion = 1;
	classes = {
	};
	objectVersion = 46;
	objects = {

/* Begin PBXBuildFile section */
		0BE3F4591AC84D09004F2753 /* GoogleOAuth.m in Sources */ = {isa = PBXBuildFile; fileRef = 0BE3F4581AC84D09004F2753 /* GoogleOAuth.m */; };
		1147A8971AC1A3FA00651289 /* main.m in Sources */ = {isa = PBXBuildFile; fileRef = 1147A8961AC1A3FA00651289 /* main.m */; };
		1147A89A1AC1A3FA00651289 /* AppDelegate.m in Sources */ = {isa = PBXBuildFile; fileRef = 1147A8991AC1A3FA00651289 /* AppDelegate.m */; };
		1147A89D1AC1A3FA00651289 /* ViewController.m in Sources */ = {isa = PBXBuildFile; fileRef = 1147A89C1AC1A3FA00651289 /* ViewController.m */; };
		1147A8A01AC1A3FA00651289 /* Main.storyboard in Resources */ = {isa = PBXBuildFile; fileRef = 1147A89E1AC1A3FA00651289 /* Main.storyboard */; };
		1147A8A21AC1A3FA00651289 /* Images.xcassets in Resources */ = {isa = PBXBuildFile; fileRef = 1147A8A11AC1A3FA00651289 /* Images.xcassets */; };
		1147A8A51AC1A3FA00651289 /* LaunchScreen.xib in Resources */ = {isa = PBXBuildFile; fileRef = 1147A8A31AC1A3FA00651289 /* LaunchScreen.xib */; };
		1147A8B11AC1A3FA00651289 /* SIMPLECOTests.m in Sources */ = {isa = PBXBuildFile; fileRef = 1147A8B01AC1A3FA00651289 /* SIMPLECOTests.m */; };
		1147A8BC1AC1B34F00651289 /* MinhasConsultasTableViewCell.m in Sources */ = {isa = PBXBuildFile; fileRef = 1147A8BB1AC1B34F00651289 /* MinhasConsultasTableViewCell.m */; };
		1147A8BF1AC1B36B00651289 /* MinhasConsultasTableViewController.m in Sources */ = {isa = PBXBuildFile; fileRef = 1147A8BE1AC1B36B00651289 /* MinhasConsultasTableViewController.m */; };
		119BC7201AC1CD91002B97B0 /* EspecialidadesTableViewController.m in Sources */ = {isa = PBXBuildFile; fileRef = 119BC71F1AC1CD91002B97B0 /* EspecialidadesTableViewController.m */; };
		119BC7231AC1CE33002B97B0 /* EspecialidadesTableViewCell.m in Sources */ = {isa = PBXBuildFile; fileRef = 119BC7221AC1CE33002B97B0 /* EspecialidadesTableViewCell.m */; };
		119BC7281AC1D3C6002B97B0 /* RegiaoTableViewCell.m in Sources */ = {isa = PBXBuildFile; fileRef = 119BC7271AC1D3C6002B97B0 /* RegiaoTableViewCell.m */; };
		119BC72B1AC1D3E6002B97B0 /* RegiaoTableViewController.m in Sources */ = {isa = PBXBuildFile; fileRef = 119BC72A1AC1D3E6002B97B0 /* RegiaoTableViewController.m */; };
		119BC72F1AC1D7D3002B97B0 /* ResultPesqTableViewController.m in Sources */ = {isa = PBXBuildFile; fileRef = 119BC72E1AC1D7D3002B97B0 /* ResultPesqTableViewController.m */; };
		119BC7321AC1D807002B97B0 /* ResultPesqTableViewCell.m in Sources */ = {isa = PBXBuildFile; fileRef = 119BC7311AC1D807002B97B0 /* ResultPesqTableViewCell.m */; };
		119BC7361AC1E2EC002B97B0 /* ConsultaViewController.m in Sources */ = {isa = PBXBuildFile; fileRef = 119BC7351AC1E2EC002B97B0 /* ConsultaViewController.m */; };
		11A127BE1AC4188C00A57D2A /* JTCalendar.m in Sources */ = {isa = PBXBuildFile; fileRef = 11A127AA1AC4188C00A57D2A /* JTCalendar.m */; };
		11A127BF1AC4188C00A57D2A /* JTCalendarAppearance.m in Sources */ = {isa = PBXBuildFile; fileRef = 11A127AC1AC4188C00A57D2A /* JTCalendarAppearance.m */; };
		11A127C01AC4188C00A57D2A /* JTCalendarContentView.m in Sources */ = {isa = PBXBuildFile; fileRef = 11A127AE1AC4188C00A57D2A /* JTCalendarContentView.m */; };
		11A127C11AC4188C00A57D2A /* JTCalendarDayView.m in Sources */ = {isa = PBXBuildFile; fileRef = 11A127B01AC4188C00A57D2A /* JTCalendarDayView.m */; };
		11A127C21AC4188C00A57D2A /* JTCalendarMenuMonthView.m in Sources */ = {isa = PBXBuildFile; fileRef = 11A127B21AC4188C00A57D2A /* JTCalendarMenuMonthView.m */; };
		11A127C31AC4188C00A57D2A /* JTCalendarMenuView.m in Sources */ = {isa = PBXBuildFile; fileRef = 11A127B41AC4188C00A57D2A /* JTCalendarMenuView.m */; };
		11A127C41AC4188C00A57D2A /* JTCalendarMonthView.m in Sources */ = {isa = PBXBuildFile; fileRef = 11A127B61AC4188C00A57D2A /* JTCalendarMonthView.m */; };
		11A127C51AC4188C00A57D2A /* JTCalendarMonthWeekDaysView.m in Sources */ = {isa = PBXBuildFile; fileRef = 11A127B81AC4188C00A57D2A /* JTCalendarMonthWeekDaysView.m */; };
		11A127C61AC4188C00A57D2A /* JTCalendarWeekView.m in Sources */ = {isa = PBXBuildFile; fileRef = 11A127BB1AC4188C00A57D2A /* JTCalendarWeekView.m */; };
		11A127C71AC4188C00A57D2A /* JTCircleView.m in Sources */ = {isa = PBXBuildFile; fileRef = 11A127BD1AC4188C00A57D2A /* JTCircleView.m */; };
		11A127D01AC4189900A57D2A /* Pods-acknowledgements.markdown in Sources */ = {isa = PBXBuildFile; fileRef = 11A127C91AC4189900A57D2A /* Pods-acknowledgements.markdown */; };
		11A127D11AC4189900A57D2A /* Pods-acknowledgements.plist in Resources */ = {isa = PBXBuildFile; fileRef = 11A127CA1AC4189900A57D2A /* Pods-acknowledgements.plist */; };
		11A127D21AC4189900A57D2A /* Pods-dummy.m in Sources */ = {isa = PBXBuildFile; fileRef = 11A127CB1AC4189900A57D2A /* Pods-dummy.m */; };
		11A127D31AC4189900A57D2A /* Pods-resources.sh in Resources */ = {isa = PBXBuildFile; fileRef = 11A127CD1AC4189900A57D2A /* Pods-resources.sh */; };
		11A127D41AC4189900A57D2A /* Pods.debug.xcconfig in Resources */ = {isa = PBXBuildFile; fileRef = 11A127CE1AC4189900A57D2A /* Pods.debug.xcconfig */; };
		11A127D51AC4189900A57D2A /* Pods.release.xcconfig in Resources */ = {isa = PBXBuildFile; fileRef = 11A127CF1AC4189900A57D2A /* Pods.release.xcconfig */; };
		11A127DE1AC44D4E00A57D2A /* LoginViewController.m in Sources */ = {isa = PBXBuildFile; fileRef = 11A127DD1AC44D4E00A57D2A /* LoginViewController.m */; };
		11A127E01AC4535F00A57D2A /* UIKit.framework in Frameworks */ = {isa = PBXBuildFile; fileRef = 11A127DF1AC4535F00A57D2A /* UIKit.framework */; };
		11A127E21AC4536600A57D2A /* Foundation.framework in Frameworks */ = {isa = PBXBuildFile; fileRef = 11A127E11AC4536600A57D2A /* Foundation.framework */; };
		11A127E41AC4536E00A57D2A /* CoreGraphics.framework in Frameworks */ = {isa = PBXBuildFile; fileRef = 11A127E31AC4536E00A57D2A /* CoreGraphics.framework */; };
		11BA6B7A1AC49042002A311D /* TabBarController.m in Sources */ = {isa = PBXBuildFile; fileRef = 11BA6B791AC49042002A311D /* TabBarController.m */; };
		11BB764F1AC57CFC00A85147 /* ConsultaTableViewCell.m in Sources */ = {isa = PBXBuildFile; fileRef = 11BB764E1AC57CFC00A85147 /* ConsultaTableViewCell.m */; };
		11BB76561AC5903800A85147 /* Medico.m in Sources */ = {isa = PBXBuildFile; fileRef = 11BB76551AC5903800A85147 /* Medico.m */; };
		11BB76591AC5904E00A85147 /* Endereco.m in Sources */ = {isa = PBXBuildFile; fileRef = 11BB76581AC5904E00A85147 /* Endereco.m */; };
		11BB765C1AC5905B00A85147 /* Paciente.m in Sources */ = {isa = PBXBuildFile; fileRef = 11BB765B1AC5905B00A85147 /* Paciente.m */; };
		11BB765F1AC5907300A85147 /* Consulta.m in Sources */ = {isa = PBXBuildFile; fileRef = 11BB765E1AC5907300A85147 /* Consulta.m */; };
		11BB76621AC590A400A85147 /* TipoConsulta.m in Sources */ = {isa = PBXBuildFile; fileRef = 11BB76611AC590A400A85147 /* TipoConsulta.m */; };
		11BB76711AC5939B00A85147 /* TipoConsultaDAO.m in Sources */ = {isa = PBXBuildFile; fileRef = 11BB76701AC5939B00A85147 /* TipoConsultaDAO.m */; };
		11BB76741AC593A800A85147 /* MedicoDAO.m in Sources */ = {isa = PBXBuildFile; fileRef = 11BB76731AC593A800A85147 /* MedicoDAO.m */; };
		11BB76771AC593C200A85147 /* ConsultaDAO.m in Sources */ = {isa = PBXBuildFile; fileRef = 11BB76761AC593C200A85147 /* ConsultaDAO.m */; };
		11BB767A1AC5942100A85147 /* PacienteDAO.m in Sources */ = {isa = PBXBuildFile; fileRef = 11BB76791AC5942100A85147 /* PacienteDAO.m */; };
		11BB767D1AC5943B00A85147 /* EnderecoDAO.m in Sources */ = {isa = PBXBuildFile; fileRef = 11BB767C1AC5943B00A85147 /* EnderecoDAO.m */; };
		11BB76811AC5952B00A85147 /* MedicoController.m in Sources */ = {isa = PBXBuildFile; fileRef = 11BB76801AC5952B00A85147 /* MedicoController.m */; };
		11BB76841AC5954400A85147 /* EnderecoController.m in Sources */ = {isa = PBXBuildFile; fileRef = 11BB76831AC5954400A85147 /* EnderecoController.m */; };
		11BB76881AC5956100A85147 /* PacienteController.m in Sources */ = {isa = PBXBuildFile; fileRef = 11BB76871AC5956100A85147 /* PacienteController.m */; };
		11BB768C1AC5957B00A85147 /* ConsultaController.m in Sources */ = {isa = PBXBuildFile; fileRef = 11BB768B1AC5957B00A85147 /* ConsultaController.m */; };
		11BB76901AC595A000A85147 /* TipoConsultaController.m in Sources */ = {isa = PBXBuildFile; fileRef = 11BB768F1AC595A000A85147 /* TipoConsultaController.m */; };
		11BC88EC1AC8872A000402FF /* EventKit.framework in Frameworks */ = {isa = PBXBuildFile; fileRef = 11BC88EB1AC8872A000402FF /* EventKit.framework */; };
		5C9A13301AC7324A00DCE10E /* libsqlite3.dylib in Frameworks */ = {isa = PBXBuildFile; fileRef = 5C9A132F1AC7324A00DCE10E /* libsqlite3.dylib */; };
		5C9A13321AC7327600DCE10E /* libz.dylib in Frameworks */ = {isa = PBXBuildFile; fileRef = 5C9A13311AC7327600DCE10E /* libz.dylib */; };
		5C9A13341AC7328100DCE10E /* AudioToolbox.framework in Frameworks */ = {isa = PBXBuildFile; fileRef = 5C9A13331AC7328100DCE10E /* AudioToolbox.framework */; };
		5C9A13361AC7328D00DCE10E /* SystemConfiguration.framework in Frameworks */ = {isa = PBXBuildFile; fileRef = 5C9A13351AC7328D00DCE10E /* SystemConfiguration.framework */; };
		5C9A13381AC7329900DCE10E /* StoreKit.framework in Frameworks */ = {isa = PBXBuildFile; fileRef = 5C9A13371AC7329900DCE10E /* StoreKit.framework */; };
		5C9A133A1AC732BA00DCE10E /* Security.framework in Frameworks */ = {isa = PBXBuildFile; fileRef = 5C9A13391AC732BA00DCE10E /* Security.framework */; };
		5C9A133C1AC732CF00DCE10E /* QuartzCore.framework in Frameworks */ = {isa = PBXBuildFile; fileRef = 5C9A133B1AC732CF00DCE10E /* QuartzCore.framework */; };
		5C9A133E1AC732D800DCE10E /* MobileCoreServices.framework in Frameworks */ = {isa = PBXBuildFile; fileRef = 5C9A133D1AC732D800DCE10E /* MobileCoreServices.framework */; };
		5C9A13401AC732E400DCE10E /* CoreLocation.framework in Frameworks */ = {isa = PBXBuildFile; fileRef = 5C9A133F1AC732E400DCE10E /* CoreLocation.framework */; };
		5C9A13421AC732F500DCE10E /* CFNetwork.framework in Frameworks */ = {isa = PBXBuildFile; fileRef = 5C9A13411AC732F500DCE10E /* CFNetwork.framework */; };
		5CBA3F681AC72D7400B9EB02 /* Bolts.framework in Frameworks */ = {isa = PBXBuildFile; fileRef = 5CBA3F661AC72D7400B9EB02 /* Bolts.framework */; };
		5CBA3F691AC72D7400B9EB02 /* Parse.framework in Frameworks */ = {isa = PBXBuildFile; fileRef = 5CBA3F671AC72D7400B9EB02 /* Parse.framework */; };
/* End PBXBuildFile section */

/* Begin PBXContainerItemProxy section */
		1147A8AB1AC1A3FA00651289 /* PBXContainerItemProxy */ = {
			isa = PBXContainerItemProxy;
			containerPortal = 1147A8891AC1A3FA00651289 /* Project object */;
			proxyType = 1;
			remoteGlobalIDString = 1147A8901AC1A3FA00651289;
			remoteInfo = SIMPLECO;
		};
/* End PBXContainerItemProxy section */

/* Begin PBXFileReference section */
		0BE3F4571AC84D09004F2753 /* GoogleOAuth.h */ = {isa = PBXFileReference; fileEncoding = 4; lastKnownFileType = sourcecode.c.h; path = GoogleOAuth.h; sourceTree = "<group>"; };
		0BE3F4581AC84D09004F2753 /* GoogleOAuth.m */ = {isa = PBXFileReference; fileEncoding = 4; lastKnownFileType = sourcecode.c.objc; path = GoogleOAuth.m; sourceTree = "<group>"; };
		1147A8911AC1A3FA00651289 /* SIMPLECO.app */ = {isa = PBXFileReference; explicitFileType = wrapper.application; includeInIndex = 0; path = SIMPLECO.app; sourceTree = BUILT_PRODUCTS_DIR; };
		1147A8951AC1A3FA00651289 /* Info.plist */ = {isa = PBXFileReference; lastKnownFileType = text.plist.xml; path = Info.plist; sourceTree = "<group>"; };
		1147A8961AC1A3FA00651289 /* main.m */ = {isa = PBXFileReference; lastKnownFileType = sourcecode.c.objc; path = main.m; sourceTree = "<group>"; };
		1147A8981AC1A3FA00651289 /* AppDelegate.h */ = {isa = PBXFileReference; lastKnownFileType = sourcecode.c.h; path = AppDelegate.h; sourceTree = "<group>"; };
		1147A8991AC1A3FA00651289 /* AppDelegate.m */ = {isa = PBXFileReference; lastKnownFileType = sourcecode.c.objc; path = AppDelegate.m; sourceTree = "<group>"; };
		1147A89B1AC1A3FA00651289 /* ViewController.h */ = {isa = PBXFileReference; lastKnownFileType = sourcecode.c.h; path = ViewController.h; sourceTree = "<group>"; };
		1147A89C1AC1A3FA00651289 /* ViewController.m */ = {isa = PBXFileReference; lastKnownFileType = sourcecode.c.objc; path = ViewController.m; sourceTree = "<group>"; };
		1147A89F1AC1A3FA00651289 /* Base */ = {isa = PBXFileReference; lastKnownFileType = file.storyboard; name = Base; path = Base.lproj/Main.storyboard; sourceTree = "<group>"; };
		1147A8A11AC1A3FA00651289 /* Images.xcassets */ = {isa = PBXFileReference; lastKnownFileType = folder.assetcatalog; path = Images.xcassets; sourceTree = "<group>"; };
		1147A8A41AC1A3FA00651289 /* Base */ = {isa = PBXFileReference; lastKnownFileType = file.xib; name = Base; path = Base.lproj/LaunchScreen.xib; sourceTree = "<group>"; };
		1147A8AA1AC1A3FA00651289 /* SIMPLECOTests.xctest */ = {isa = PBXFileReference; explicitFileType = wrapper.cfbundle; includeInIndex = 0; path = SIMPLECOTests.xctest; sourceTree = BUILT_PRODUCTS_DIR; };
		1147A8AF1AC1A3FA00651289 /* Info.plist */ = {isa = PBXFileReference; lastKnownFileType = text.plist.xml; path = Info.plist; sourceTree = "<group>"; };
		1147A8B01AC1A3FA00651289 /* SIMPLECOTests.m */ = {isa = PBXFileReference; lastKnownFileType = sourcecode.c.objc; path = SIMPLECOTests.m; sourceTree = "<group>"; };
		1147A8BA1AC1B34F00651289 /* MinhasConsultasTableViewCell.h */ = {isa = PBXFileReference; fileEncoding = 4; lastKnownFileType = sourcecode.c.h; path = MinhasConsultasTableViewCell.h; sourceTree = "<group>"; };
		1147A8BB1AC1B34F00651289 /* MinhasConsultasTableViewCell.m */ = {isa = PBXFileReference; fileEncoding = 4; lastKnownFileType = sourcecode.c.objc; path = MinhasConsultasTableViewCell.m; sourceTree = "<group>"; };
		1147A8BD1AC1B36B00651289 /* MinhasConsultasTableViewController.h */ = {isa = PBXFileReference; fileEncoding = 4; lastKnownFileType = sourcecode.c.h; path = MinhasConsultasTableViewController.h; sourceTree = "<group>"; };
		1147A8BE1AC1B36B00651289 /* MinhasConsultasTableViewController.m */ = {isa = PBXFileReference; fileEncoding = 4; lastKnownFileType = sourcecode.c.objc; path = MinhasConsultasTableViewController.m; sourceTree = "<group>"; };
		119BC71E1AC1CD91002B97B0 /* EspecialidadesTableViewController.h */ = {isa = PBXFileReference; fileEncoding = 4; lastKnownFileType = sourcecode.c.h; path = EspecialidadesTableViewController.h; sourceTree = "<group>"; };
		119BC71F1AC1CD91002B97B0 /* EspecialidadesTableViewController.m */ = {isa = PBXFileReference; fileEncoding = 4; lastKnownFileType = sourcecode.c.objc; path = EspecialidadesTableViewController.m; sourceTree = "<group>"; };
		119BC7211AC1CE33002B97B0 /* EspecialidadesTableViewCell.h */ = {isa = PBXFileReference; fileEncoding = 4; lastKnownFileType = sourcecode.c.h; path = EspecialidadesTableViewCell.h; sourceTree = "<group>"; };
		119BC7221AC1CE33002B97B0 /* EspecialidadesTableViewCell.m */ = {isa = PBXFileReference; fileEncoding = 4; lastKnownFileType = sourcecode.c.objc; path = EspecialidadesTableViewCell.m; sourceTree = "<group>"; };
		119BC7261AC1D3C6002B97B0 /* RegiaoTableViewCell.h */ = {isa = PBXFileReference; fileEncoding = 4; lastKnownFileType = sourcecode.c.h; name = RegiaoTableViewCell.h; path = ../RegiaoTableViewCell.h; sourceTree = "<group>"; };
		119BC7271AC1D3C6002B97B0 /* RegiaoTableViewCell.m */ = {isa = PBXFileReference; fileEncoding = 4; lastKnownFileType = sourcecode.c.objc; name = RegiaoTableViewCell.m; path = ../RegiaoTableViewCell.m; sourceTree = "<group>"; };
		119BC7291AC1D3E6002B97B0 /* RegiaoTableViewController.h */ = {isa = PBXFileReference; fileEncoding = 4; lastKnownFileType = sourcecode.c.h; path = RegiaoTableViewController.h; sourceTree = "<group>"; };
		119BC72A1AC1D3E6002B97B0 /* RegiaoTableViewController.m */ = {isa = PBXFileReference; fileEncoding = 4; lastKnownFileType = sourcecode.c.objc; path = RegiaoTableViewController.m; sourceTree = "<group>"; };
		119BC72D1AC1D7D3002B97B0 /* ResultPesqTableViewController.h */ = {isa = PBXFileReference; fileEncoding = 4; lastKnownFileType = sourcecode.c.h; path = ResultPesqTableViewController.h; sourceTree = "<group>"; };
		119BC72E1AC1D7D3002B97B0 /* ResultPesqTableViewController.m */ = {isa = PBXFileReference; fileEncoding = 4; lastKnownFileType = sourcecode.c.objc; path = ResultPesqTableViewController.m; sourceTree = "<group>"; };
		119BC7301AC1D807002B97B0 /* ResultPesqTableViewCell.h */ = {isa = PBXFileReference; fileEncoding = 4; lastKnownFileType = sourcecode.c.h; path = ResultPesqTableViewCell.h; sourceTree = "<group>"; };
		119BC7311AC1D807002B97B0 /* ResultPesqTableViewCell.m */ = {isa = PBXFileReference; fileEncoding = 4; lastKnownFileType = sourcecode.c.objc; path = ResultPesqTableViewCell.m; sourceTree = "<group>"; };
		119BC7341AC1E2EC002B97B0 /* ConsultaViewController.h */ = {isa = PBXFileReference; fileEncoding = 4; lastKnownFileType = sourcecode.c.h; path = ConsultaViewController.h; sourceTree = "<group>"; };
		119BC7351AC1E2EC002B97B0 /* ConsultaViewController.m */ = {isa = PBXFileReference; fileEncoding = 4; lastKnownFileType = sourcecode.c.objc; path = ConsultaViewController.m; sourceTree = "<group>"; };
		11A127A91AC4188C00A57D2A /* JTCalendar.h */ = {isa = PBXFileReference; fileEncoding = 4; lastKnownFileType = sourcecode.c.h; path = JTCalendar.h; sourceTree = "<group>"; };
		11A127AA1AC4188C00A57D2A /* JTCalendar.m */ = {isa = PBXFileReference; fileEncoding = 4; lastKnownFileType = sourcecode.c.objc; path = JTCalendar.m; sourceTree = "<group>"; };
		11A127AB1AC4188C00A57D2A /* JTCalendarAppearance.h */ = {isa = PBXFileReference; fileEncoding = 4; lastKnownFileType = sourcecode.c.h; path = JTCalendarAppearance.h; sourceTree = "<group>"; };
		11A127AC1AC4188C00A57D2A /* JTCalendarAppearance.m */ = {isa = PBXFileReference; fileEncoding = 4; lastKnownFileType = sourcecode.c.objc; path = JTCalendarAppearance.m; sourceTree = "<group>"; };
		11A127AD1AC4188C00A57D2A /* JTCalendarContentView.h */ = {isa = PBXFileReference; fileEncoding = 4; lastKnownFileType = sourcecode.c.h; path = JTCalendarContentView.h; sourceTree = "<group>"; };
		11A127AE1AC4188C00A57D2A /* JTCalendarContentView.m */ = {isa = PBXFileReference; fileEncoding = 4; lastKnownFileType = sourcecode.c.objc; path = JTCalendarContentView.m; sourceTree = "<group>"; };
		11A127AF1AC4188C00A57D2A /* JTCalendarDayView.h */ = {isa = PBXFileReference; fileEncoding = 4; lastKnownFileType = sourcecode.c.h; path = JTCalendarDayView.h; sourceTree = "<group>"; };
		11A127B01AC4188C00A57D2A /* JTCalendarDayView.m */ = {isa = PBXFileReference; fileEncoding = 4; lastKnownFileType = sourcecode.c.objc; path = JTCalendarDayView.m; sourceTree = "<group>"; };
		11A127B11AC4188C00A57D2A /* JTCalendarMenuMonthView.h */ = {isa = PBXFileReference; fileEncoding = 4; lastKnownFileType = sourcecode.c.h; path = JTCalendarMenuMonthView.h; sourceTree = "<group>"; };
		11A127B21AC4188C00A57D2A /* JTCalendarMenuMonthView.m */ = {isa = PBXFileReference; fileEncoding = 4; lastKnownFileType = sourcecode.c.objc; path = JTCalendarMenuMonthView.m; sourceTree = "<group>"; };
		11A127B31AC4188C00A57D2A /* JTCalendarMenuView.h */ = {isa = PBXFileReference; fileEncoding = 4; lastKnownFileType = sourcecode.c.h; path = JTCalendarMenuView.h; sourceTree = "<group>"; };
		11A127B41AC4188C00A57D2A /* JTCalendarMenuView.m */ = {isa = PBXFileReference; fileEncoding = 4; lastKnownFileType = sourcecode.c.objc; path = JTCalendarMenuView.m; sourceTree = "<group>"; };
		11A127B51AC4188C00A57D2A /* JTCalendarMonthView.h */ = {isa = PBXFileReference; fileEncoding = 4; lastKnownFileType = sourcecode.c.h; path = JTCalendarMonthView.h; sourceTree = "<group>"; };
		11A127B61AC4188C00A57D2A /* JTCalendarMonthView.m */ = {isa = PBXFileReference; fileEncoding = 4; lastKnownFileType = sourcecode.c.objc; path = JTCalendarMonthView.m; sourceTree = "<group>"; };
		11A127B71AC4188C00A57D2A /* JTCalendarMonthWeekDaysView.h */ = {isa = PBXFileReference; fileEncoding = 4; lastKnownFileType = sourcecode.c.h; path = JTCalendarMonthWeekDaysView.h; sourceTree = "<group>"; };
		11A127B81AC4188C00A57D2A /* JTCalendarMonthWeekDaysView.m */ = {isa = PBXFileReference; fileEncoding = 4; lastKnownFileType = sourcecode.c.objc; path = JTCalendarMonthWeekDaysView.m; sourceTree = "<group>"; };
		11A127B91AC4188C00A57D2A /* JTCalendarViewDataSource.h */ = {isa = PBXFileReference; fileEncoding = 4; lastKnownFileType = sourcecode.c.h; path = JTCalendarViewDataSource.h; sourceTree = "<group>"; };
		11A127BA1AC4188C00A57D2A /* JTCalendarWeekView.h */ = {isa = PBXFileReference; fileEncoding = 4; lastKnownFileType = sourcecode.c.h; path = JTCalendarWeekView.h; sourceTree = "<group>"; };
		11A127BB1AC4188C00A57D2A /* JTCalendarWeekView.m */ = {isa = PBXFileReference; fileEncoding = 4; lastKnownFileType = sourcecode.c.objc; path = JTCalendarWeekView.m; sourceTree = "<group>"; };
		11A127BC1AC4188C00A57D2A /* JTCircleView.h */ = {isa = PBXFileReference; fileEncoding = 4; lastKnownFileType = sourcecode.c.h; path = JTCircleView.h; sourceTree = "<group>"; };
		11A127BD1AC4188C00A57D2A /* JTCircleView.m */ = {isa = PBXFileReference; fileEncoding = 4; lastKnownFileType = sourcecode.c.objc; path = JTCircleView.m; sourceTree = "<group>"; };
		11A127C91AC4189900A57D2A /* Pods-acknowledgements.markdown */ = {isa = PBXFileReference; fileEncoding = 4; lastKnownFileType = net.daringfireball.markdown; path = "Pods-acknowledgements.markdown"; sourceTree = "<group>"; };
		11A127CA1AC4189900A57D2A /* Pods-acknowledgements.plist */ = {isa = PBXFileReference; fileEncoding = 4; lastKnownFileType = text.plist.xml; path = "Pods-acknowledgements.plist"; sourceTree = "<group>"; };
		11A127CB1AC4189900A57D2A /* Pods-dummy.m */ = {isa = PBXFileReference; fileEncoding = 4; lastKnownFileType = sourcecode.c.objc; path = "Pods-dummy.m"; sourceTree = "<group>"; };
		11A127CC1AC4189900A57D2A /* Pods-environment.h */ = {isa = PBXFileReference; fileEncoding = 4; lastKnownFileType = sourcecode.c.h; path = "Pods-environment.h"; sourceTree = "<group>"; };
		11A127CD1AC4189900A57D2A /* Pods-resources.sh */ = {isa = PBXFileReference; fileEncoding = 4; lastKnownFileType = text.script.sh; path = "Pods-resources.sh"; sourceTree = "<group>"; };
		11A127CE1AC4189900A57D2A /* Pods.debug.xcconfig */ = {isa = PBXFileReference; fileEncoding = 4; lastKnownFileType = text.xcconfig; path = Pods.debug.xcconfig; sourceTree = "<group>"; };
		11A127CF1AC4189900A57D2A /* Pods.release.xcconfig */ = {isa = PBXFileReference; fileEncoding = 4; lastKnownFileType = text.xcconfig; path = Pods.release.xcconfig; sourceTree = "<group>"; };
		11A127DC1AC44D4E00A57D2A /* LoginViewController.h */ = {isa = PBXFileReference; fileEncoding = 4; lastKnownFileType = sourcecode.c.h; path = LoginViewController.h; sourceTree = "<group>"; };
		11A127DD1AC44D4E00A57D2A /* LoginViewController.m */ = {isa = PBXFileReference; fileEncoding = 4; lastKnownFileType = sourcecode.c.objc; path = LoginViewController.m; sourceTree = "<group>"; };
		11A127DF1AC4535F00A57D2A /* UIKit.framework */ = {isa = PBXFileReference; lastKnownFileType = wrapper.framework; name = UIKit.framework; path = System/Library/Frameworks/UIKit.framework; sourceTree = SDKROOT; };
		11A127E11AC4536600A57D2A /* Foundation.framework */ = {isa = PBXFileReference; lastKnownFileType = wrapper.framework; name = Foundation.framework; path = System/Library/Frameworks/Foundation.framework; sourceTree = SDKROOT; };
		11A127E31AC4536E00A57D2A /* CoreGraphics.framework */ = {isa = PBXFileReference; lastKnownFileType = wrapper.framework; name = CoreGraphics.framework; path = System/Library/Frameworks/CoreGraphics.framework; sourceTree = SDKROOT; };
		11BA6B781AC49042002A311D /* TabBarController.h */ = {isa = PBXFileReference; fileEncoding = 4; lastKnownFileType = sourcecode.c.h; path = TabBarController.h; sourceTree = "<group>"; };
		11BA6B791AC49042002A311D /* TabBarController.m */ = {isa = PBXFileReference; fileEncoding = 4; lastKnownFileType = sourcecode.c.objc; path = TabBarController.m; sourceTree = "<group>"; };
		11BB764D1AC57CFC00A85147 /* ConsultaTableViewCell.h */ = {isa = PBXFileReference; fileEncoding = 4; lastKnownFileType = sourcecode.c.h; path = ConsultaTableViewCell.h; sourceTree = "<group>"; };
		11BB764E1AC57CFC00A85147 /* ConsultaTableViewCell.m */ = {isa = PBXFileReference; fileEncoding = 4; lastKnownFileType = sourcecode.c.objc; path = ConsultaTableViewCell.m; sourceTree = "<group>"; };
		11BB76541AC5903800A85147 /* Medico.h */ = {isa = PBXFileReference; fileEncoding = 4; lastKnownFileType = sourcecode.c.h; path = Medico.h; sourceTree = "<group>"; };
		11BB76551AC5903800A85147 /* Medico.m */ = {isa = PBXFileReference; fileEncoding = 4; lastKnownFileType = sourcecode.c.objc; path = Medico.m; sourceTree = "<group>"; };
		11BB76571AC5904E00A85147 /* Endereco.h */ = {isa = PBXFileReference; fileEncoding = 4; lastKnownFileType = sourcecode.c.h; path = Endereco.h; sourceTree = "<group>"; };
		11BB76581AC5904E00A85147 /* Endereco.m */ = {isa = PBXFileReference; fileEncoding = 4; lastKnownFileType = sourcecode.c.objc; path = Endereco.m; sourceTree = "<group>"; };
		11BB765A1AC5905B00A85147 /* Paciente.h */ = {isa = PBXFileReference; fileEncoding = 4; lastKnownFileType = sourcecode.c.h; path = Paciente.h; sourceTree = "<group>"; };
		11BB765B1AC5905B00A85147 /* Paciente.m */ = {isa = PBXFileReference; fileEncoding = 4; lastKnownFileType = sourcecode.c.objc; path = Paciente.m; sourceTree = "<group>"; };
		11BB765D1AC5907300A85147 /* Consulta.h */ = {isa = PBXFileReference; fileEncoding = 4; lastKnownFileType = sourcecode.c.h; path = Consulta.h; sourceTree = "<group>"; };
		11BB765E1AC5907300A85147 /* Consulta.m */ = {isa = PBXFileReference; fileEncoding = 4; lastKnownFileType = sourcecode.c.objc; path = Consulta.m; sourceTree = "<group>"; };
		11BB76601AC590A400A85147 /* TipoConsulta.h */ = {isa = PBXFileReference; fileEncoding = 4; lastKnownFileType = sourcecode.c.h; path = TipoConsulta.h; sourceTree = "<group>"; };
		11BB76611AC590A400A85147 /* TipoConsulta.m */ = {isa = PBXFileReference; fileEncoding = 4; lastKnownFileType = sourcecode.c.objc; path = TipoConsulta.m; sourceTree = "<group>"; };
		11BB766F1AC5939B00A85147 /* TipoConsultaDAO.h */ = {isa = PBXFileReference; fileEncoding = 4; lastKnownFileType = sourcecode.c.h; path = TipoConsultaDAO.h; sourceTree = "<group>"; };
		11BB76701AC5939B00A85147 /* TipoConsultaDAO.m */ = {isa = PBXFileReference; fileEncoding = 4; lastKnownFileType = sourcecode.c.objc; path = TipoConsultaDAO.m; sourceTree = "<group>"; };
		11BB76721AC593A800A85147 /* MedicoDAO.h */ = {isa = PBXFileReference; fileEncoding = 4; lastKnownFileType = sourcecode.c.h; path = MedicoDAO.h; sourceTree = "<group>"; };
		11BB76731AC593A800A85147 /* MedicoDAO.m */ = {isa = PBXFileReference; fileEncoding = 4; lastKnownFileType = sourcecode.c.objc; path = MedicoDAO.m; sourceTree = "<group>"; };
		11BB76751AC593C200A85147 /* ConsultaDAO.h */ = {isa = PBXFileReference; fileEncoding = 4; lastKnownFileType = sourcecode.c.h; path = ConsultaDAO.h; sourceTree = "<group>"; };
		11BB76761AC593C200A85147 /* ConsultaDAO.m */ = {isa = PBXFileReference; fileEncoding = 4; lastKnownFileType = sourcecode.c.objc; path = ConsultaDAO.m; sourceTree = "<group>"; };
		11BB76781AC5942100A85147 /* PacienteDAO.h */ = {isa = PBXFileReference; fileEncoding = 4; lastKnownFileType = sourcecode.c.h; path = PacienteDAO.h; sourceTree = "<group>"; };
		11BB76791AC5942100A85147 /* PacienteDAO.m */ = {isa = PBXFileReference; fileEncoding = 4; lastKnownFileType = sourcecode.c.objc; path = PacienteDAO.m; sourceTree = "<group>"; };
		11BB767B1AC5943B00A85147 /* EnderecoDAO.h */ = {isa = PBXFileReference; fileEncoding = 4; lastKnownFileType = sourcecode.c.h; path = EnderecoDAO.h; sourceTree = "<group>"; };
		11BB767C1AC5943B00A85147 /* EnderecoDAO.m */ = {isa = PBXFileReference; fileEncoding = 4; lastKnownFileType = sourcecode.c.objc; path = EnderecoDAO.m; sourceTree = "<group>"; };
		11BB767F1AC5952B00A85147 /* MedicoController.h */ = {isa = PBXFileReference; fileEncoding = 4; lastKnownFileType = sourcecode.c.h; path = MedicoController.h; sourceTree = "<group>"; };
		11BB76801AC5952B00A85147 /* MedicoController.m */ = {isa = PBXFileReference; fileEncoding = 4; lastKnownFileType = sourcecode.c.objc; path = MedicoController.m; sourceTree = "<group>"; };
		11BB76821AC5954400A85147 /* EnderecoController.h */ = {isa = PBXFileReference; fileEncoding = 4; lastKnownFileType = sourcecode.c.h; path = EnderecoController.h; sourceTree = "<group>"; };
		11BB76831AC5954400A85147 /* EnderecoController.m */ = {isa = PBXFileReference; fileEncoding = 4; lastKnownFileType = sourcecode.c.objc; path = EnderecoController.m; sourceTree = "<group>"; };
		11BB76861AC5956100A85147 /* PacienteController.h */ = {isa = PBXFileReference; fileEncoding = 4; lastKnownFileType = sourcecode.c.h; path = PacienteController.h; sourceTree = "<group>"; };
		11BB76871AC5956100A85147 /* PacienteController.m */ = {isa = PBXFileReference; fileEncoding = 4; lastKnownFileType = sourcecode.c.objc; path = PacienteController.m; sourceTree = "<group>"; };
		11BB768A1AC5957B00A85147 /* ConsultaController.h */ = {isa = PBXFileReference; fileEncoding = 4; lastKnownFileType = sourcecode.c.h; path = ConsultaController.h; sourceTree = "<group>"; };
		11BB768B1AC5957B00A85147 /* ConsultaController.m */ = {isa = PBXFileReference; fileEncoding = 4; lastKnownFileType = sourcecode.c.objc; path = ConsultaController.m; sourceTree = "<group>"; };
		11BB768E1AC595A000A85147 /* TipoConsultaController.h */ = {isa = PBXFileReference; fileEncoding = 4; lastKnownFileType = sourcecode.c.h; path = TipoConsultaController.h; sourceTree = "<group>"; };
		11BB768F1AC595A000A85147 /* TipoConsultaController.m */ = {isa = PBXFileReference; fileEncoding = 4; lastKnownFileType = sourcecode.c.objc; path = TipoConsultaController.m; sourceTree = "<group>"; };
		11BC88EB1AC8872A000402FF /* EventKit.framework */ = {isa = PBXFileReference; lastKnownFileType = wrapper.framework; name = EventKit.framework; path = System/Library/Frameworks/EventKit.framework; sourceTree = SDKROOT; };
		5C9A132F1AC7324A00DCE10E /* libsqlite3.dylib */ = {isa = PBXFileReference; lastKnownFileType = "compiled.mach-o.dylib"; name = libsqlite3.dylib; path = usr/lib/libsqlite3.dylib; sourceTree = SDKROOT; };
		5C9A13311AC7327600DCE10E /* libz.dylib */ = {isa = PBXFileReference; lastKnownFileType = "compiled.mach-o.dylib"; name = libz.dylib; path = usr/lib/libz.dylib; sourceTree = SDKROOT; };
		5C9A13331AC7328100DCE10E /* AudioToolbox.framework */ = {isa = PBXFileReference; lastKnownFileType = wrapper.framework; name = AudioToolbox.framework; path = System/Library/Frameworks/AudioToolbox.framework; sourceTree = SDKROOT; };
		5C9A13351AC7328D00DCE10E /* SystemConfiguration.framework */ = {isa = PBXFileReference; lastKnownFileType = wrapper.framework; name = SystemConfiguration.framework; path = System/Library/Frameworks/SystemConfiguration.framework; sourceTree = SDKROOT; };
		5C9A13371AC7329900DCE10E /* StoreKit.framework */ = {isa = PBXFileReference; lastKnownFileType = wrapper.framework; name = StoreKit.framework; path = System/Library/Frameworks/StoreKit.framework; sourceTree = SDKROOT; };
		5C9A13391AC732BA00DCE10E /* Security.framework */ = {isa = PBXFileReference; lastKnownFileType = wrapper.framework; name = Security.framework; path = System/Library/Frameworks/Security.framework; sourceTree = SDKROOT; };
		5C9A133B1AC732CF00DCE10E /* QuartzCore.framework */ = {isa = PBXFileReference; lastKnownFileType = wrapper.framework; name = QuartzCore.framework; path = System/Library/Frameworks/QuartzCore.framework; sourceTree = SDKROOT; };
		5C9A133D1AC732D800DCE10E /* MobileCoreServices.framework */ = {isa = PBXFileReference; lastKnownFileType = wrapper.framework; name = MobileCoreServices.framework; path = System/Library/Frameworks/MobileCoreServices.framework; sourceTree = SDKROOT; };
		5C9A133F1AC732E400DCE10E /* CoreLocation.framework */ = {isa = PBXFileReference; lastKnownFileType = wrapper.framework; name = CoreLocation.framework; path = System/Library/Frameworks/CoreLocation.framework; sourceTree = SDKROOT; };
		5C9A13411AC732F500DCE10E /* CFNetwork.framework */ = {isa = PBXFileReference; lastKnownFileType = wrapper.framework; name = CFNetwork.framework; path = System/Library/Frameworks/CFNetwork.framework; sourceTree = SDKROOT; };
		5CBA3F661AC72D7400B9EB02 /* Bolts.framework */ = {isa = PBXFileReference; lastKnownFileType = wrapper.framework; name = Bolts.framework; path = ../Frameworks/Bolts.framework; sourceTree = "<group>"; };
		5CBA3F671AC72D7400B9EB02 /* Parse.framework */ = {isa = PBXFileReference; lastKnownFileType = wrapper.framework; name = Parse.framework; path = ../Frameworks/Parse.framework; sourceTree = "<group>"; };
/* End PBXFileReference section */

/* Begin PBXFrameworksBuildPhase section */
		1147A88E1AC1A3FA00651289 /* Frameworks */ = {
			isa = PBXFrameworksBuildPhase;
			buildActionMask = 2147483647;
			files = (
				11BC88EC1AC8872A000402FF /* EventKit.framework in Frameworks */,
				5C9A13421AC732F500DCE10E /* CFNetwork.framework in Frameworks */,
				5C9A13401AC732E400DCE10E /* CoreLocation.framework in Frameworks */,
				5C9A133E1AC732D800DCE10E /* MobileCoreServices.framework in Frameworks */,
				5C9A133C1AC732CF00DCE10E /* QuartzCore.framework in Frameworks */,
				5C9A133A1AC732BA00DCE10E /* Security.framework in Frameworks */,
				5C9A13381AC7329900DCE10E /* StoreKit.framework in Frameworks */,
				5C9A13361AC7328D00DCE10E /* SystemConfiguration.framework in Frameworks */,
				5C9A13341AC7328100DCE10E /* AudioToolbox.framework in Frameworks */,
				5C9A13321AC7327600DCE10E /* libz.dylib in Frameworks */,
				5C9A13301AC7324A00DCE10E /* libsqlite3.dylib in Frameworks */,
				11A127E41AC4536E00A57D2A /* CoreGraphics.framework in Frameworks */,
				11A127E21AC4536600A57D2A /* Foundation.framework in Frameworks */,
				11A127E01AC4535F00A57D2A /* UIKit.framework in Frameworks */,
				5CBA3F681AC72D7400B9EB02 /* Bolts.framework in Frameworks */,
				5CBA3F691AC72D7400B9EB02 /* Parse.framework in Frameworks */,
			);
			runOnlyForDeploymentPostprocessing = 0;
		};
		1147A8A71AC1A3FA00651289 /* Frameworks */ = {
			isa = PBXFrameworksBuildPhase;
			buildActionMask = 2147483647;
			files = (
			);
			runOnlyForDeploymentPostprocessing = 0;
		};
/* End PBXFrameworksBuildPhase section */

/* Begin PBXGroup section */
		0BE3F4561AC84CCD004F2753 /* GoogleOAuth */ = {
			isa = PBXGroup;
			children = (
				0BE3F4571AC84D09004F2753 /* GoogleOAuth.h */,
				0BE3F4581AC84D09004F2753 /* GoogleOAuth.m */,
			);
			name = GoogleOAuth;
			sourceTree = "<group>";
		};
		1147A8881AC1A3FA00651289 = {
			isa = PBXGroup;
			children = (
				0BE3F4561AC84CCD004F2753 /* GoogleOAuth */,
				11A127C81AC4189900A57D2A /* Pods */,
				11A127A81AC4188C00A57D2A /* JTCalendar */,
				1147A8931AC1A3FA00651289 /* SIMPLECO */,
				1147A8AD1AC1A3FA00651289 /* SIMPLECOTests */,
				1147A8921AC1A3FA00651289 /* Products */,
				5CBA3F651AC72C7F00B9EB02 /* FrameWorks */,
			);
			sourceTree = "<group>";
		};
		1147A8921AC1A3FA00651289 /* Products */ = {
			isa = PBXGroup;
			children = (
				1147A8911AC1A3FA00651289 /* SIMPLECO.app */,
				1147A8AA1AC1A3FA00651289 /* SIMPLECOTests.xctest */,
			);
			name = Products;
			sourceTree = "<group>";
		};
		1147A8931AC1A3FA00651289 /* SIMPLECO */ = {
			isa = PBXGroup;
			children = (
				11BB76531AC5900C00A85147 /* Model */,
				11BB76511AC58FA300A85147 /* View */,
				11BB76631AC5911200A85147 /* Controller */,
				11BB76641AC591B700A85147 /* DAO */,
				1147A8981AC1A3FA00651289 /* AppDelegate.h */,
				1147A8991AC1A3FA00651289 /* AppDelegate.m */,
				11BA6B781AC49042002A311D /* TabBarController.h */,
				11BA6B791AC49042002A311D /* TabBarController.m */,
				1147A8A11AC1A3FA00651289 /* Images.xcassets */,
				1147A89E1AC1A3FA00651289 /* Main.storyboard */,
				1147A8A31AC1A3FA00651289 /* LaunchScreen.xib */,
				1147A8941AC1A3FA00651289 /* Supporting Files */,
			);
			path = SIMPLECO;
			sourceTree = "<group>";
		};
		1147A8941AC1A3FA00651289 /* Supporting Files */ = {
			isa = PBXGroup;
			children = (
				1147A8951AC1A3FA00651289 /* Info.plist */,
				1147A8961AC1A3FA00651289 /* main.m */,
			);
			name = "Supporting Files";
			sourceTree = "<group>";
		};
		1147A8AD1AC1A3FA00651289 /* SIMPLECOTests */ = {
			isa = PBXGroup;
			children = (
				1147A8B01AC1A3FA00651289 /* SIMPLECOTests.m */,
				1147A8AE1AC1A3FA00651289 /* Supporting Files */,
			);
			path = SIMPLECOTests;
			sourceTree = "<group>";
		};
		1147A8AE1AC1A3FA00651289 /* Supporting Files */ = {
			isa = PBXGroup;
			children = (
				1147A8AF1AC1A3FA00651289 /* Info.plist */,
			);
			name = "Supporting Files";
			sourceTree = "<group>";
		};
		119BC7241AC1D2F4002B97B0 /* Especialidade */ = {
			isa = PBXGroup;
			children = (
				119BC7211AC1CE33002B97B0 /* EspecialidadesTableViewCell.h */,
				119BC7221AC1CE33002B97B0 /* EspecialidadesTableViewCell.m */,
				119BC71E1AC1CD91002B97B0 /* EspecialidadesTableViewController.h */,
				119BC71F1AC1CD91002B97B0 /* EspecialidadesTableViewController.m */,
			);
			name = Especialidade;
			sourceTree = "<group>";
		};
		119BC7251AC1D310002B97B0 /* MinhasConsultas */ = {
			isa = PBXGroup;
			children = (
				1147A8BA1AC1B34F00651289 /* MinhasConsultasTableViewCell.h */,
				1147A8BB1AC1B34F00651289 /* MinhasConsultasTableViewCell.m */,
				1147A8BD1AC1B36B00651289 /* MinhasConsultasTableViewController.h */,
				1147A8BE1AC1B36B00651289 /* MinhasConsultasTableViewController.m */,
			);
			name = MinhasConsultas;
			sourceTree = "<group>";
		};
		119BC72C1AC1D3EE002B97B0 /* Regiao */ = {
			isa = PBXGroup;
			children = (
				119BC7291AC1D3E6002B97B0 /* RegiaoTableViewController.h */,
				119BC72A1AC1D3E6002B97B0 /* RegiaoTableViewController.m */,
				119BC7261AC1D3C6002B97B0 /* RegiaoTableViewCell.h */,
				119BC7271AC1D3C6002B97B0 /* RegiaoTableViewCell.m */,
			);
			name = Regiao;
			sourceTree = "<group>";
		};
		119BC7331AC1E1F9002B97B0 /* ResultadoPesquisa */ = {
			isa = PBXGroup;
			children = (
				119BC72D1AC1D7D3002B97B0 /* ResultPesqTableViewController.h */,
				119BC72E1AC1D7D3002B97B0 /* ResultPesqTableViewController.m */,
				119BC7301AC1D807002B97B0 /* ResultPesqTableViewCell.h */,
				119BC7311AC1D807002B97B0 /* ResultPesqTableViewCell.m */,
			);
			name = ResultadoPesquisa;
			sourceTree = "<group>";
		};
		11A127A81AC4188C00A57D2A /* JTCalendar */ = {
			isa = PBXGroup;
			children = (
				11A127A91AC4188C00A57D2A /* JTCalendar.h */,
				11A127AA1AC4188C00A57D2A /* JTCalendar.m */,
				11A127AB1AC4188C00A57D2A /* JTCalendarAppearance.h */,
				11A127AC1AC4188C00A57D2A /* JTCalendarAppearance.m */,
				11A127AD1AC4188C00A57D2A /* JTCalendarContentView.h */,
				11A127AE1AC4188C00A57D2A /* JTCalendarContentView.m */,
				11A127AF1AC4188C00A57D2A /* JTCalendarDayView.h */,
				11A127B01AC4188C00A57D2A /* JTCalendarDayView.m */,
				11A127B11AC4188C00A57D2A /* JTCalendarMenuMonthView.h */,
				11A127B21AC4188C00A57D2A /* JTCalendarMenuMonthView.m */,
				11A127B31AC4188C00A57D2A /* JTCalendarMenuView.h */,
				11A127B41AC4188C00A57D2A /* JTCalendarMenuView.m */,
				11A127B51AC4188C00A57D2A /* JTCalendarMonthView.h */,
				11A127B61AC4188C00A57D2A /* JTCalendarMonthView.m */,
				11A127B71AC4188C00A57D2A /* JTCalendarMonthWeekDaysView.h */,
				11A127B81AC4188C00A57D2A /* JTCalendarMonthWeekDaysView.m */,
				11A127B91AC4188C00A57D2A /* JTCalendarViewDataSource.h */,
				11A127BA1AC4188C00A57D2A /* JTCalendarWeekView.h */,
				11A127BB1AC4188C00A57D2A /* JTCalendarWeekView.m */,
				11A127BC1AC4188C00A57D2A /* JTCircleView.h */,
				11A127BD1AC4188C00A57D2A /* JTCircleView.m */,
			);
			name = JTCalendar;
			path = SIMPLECO/JTCalendar;
			sourceTree = "<group>";
		};
		11A127C81AC4189900A57D2A /* Pods */ = {
			isa = PBXGroup;
			children = (
				11A127C91AC4189900A57D2A /* Pods-acknowledgements.markdown */,
				11A127CA1AC4189900A57D2A /* Pods-acknowledgements.plist */,
				11A127CB1AC4189900A57D2A /* Pods-dummy.m */,
				11A127CC1AC4189900A57D2A /* Pods-environment.h */,
				11A127CD1AC4189900A57D2A /* Pods-resources.sh */,
				11A127CE1AC4189900A57D2A /* Pods.debug.xcconfig */,
				11A127CF1AC4189900A57D2A /* Pods.release.xcconfig */,
			);
			name = Pods;
			path = SIMPLECO/Pods;
			sourceTree = "<group>";
		};
		11BB76461AC56ACE00A85147 /* Login */ = {
			isa = PBXGroup;
			children = (
				11A127DC1AC44D4E00A57D2A /* LoginViewController.h */,
				11A127DD1AC44D4E00A57D2A /* LoginViewController.m */,
			);
			name = Login;
			sourceTree = "<group>";
		};
		11BB76501AC5816700A85147 /* Consulta */ = {
			isa = PBXGroup;
			children = (
				119BC7341AC1E2EC002B97B0 /* ConsultaViewController.h */,
				119BC7351AC1E2EC002B97B0 /* ConsultaViewController.m */,
				11BB764D1AC57CFC00A85147 /* ConsultaTableViewCell.h */,
				11BB764E1AC57CFC00A85147 /* ConsultaTableViewCell.m */,
			);
			name = Consulta;
			sourceTree = "<group>";
		};
		11BB76511AC58FA300A85147 /* View */ = {
			isa = PBXGroup;
			children = (
				11BB76501AC5816700A85147 /* Consulta */,
				11BB76461AC56ACE00A85147 /* Login */,
				119BC7331AC1E1F9002B97B0 /* ResultadoPesquisa */,
				119BC72C1AC1D3EE002B97B0 /* Regiao */,
				119BC7251AC1D310002B97B0 /* MinhasConsultas */,
				119BC7241AC1D2F4002B97B0 /* Especialidade */,
				11BB76521AC58FDD00A85147 /* Busca */,
			);
			name = View;
			sourceTree = "<group>";
		};
		11BB76521AC58FDD00A85147 /* Busca */ = {
			isa = PBXGroup;
			children = (
				1147A89B1AC1A3FA00651289 /* ViewController.h */,
				1147A89C1AC1A3FA00651289 /* ViewController.m */,
			);
			name = Busca;
			sourceTree = "<group>";
		};
		11BB76531AC5900C00A85147 /* Model */ = {
			isa = PBXGroup;
			children = (
				11BB76681AC5924200A85147 /* Consulta */,
				11BB76661AC5921D00A85147 /* Endereco */,
				11BB76651AC5921200A85147 /* Medico */,
				11BB76671AC5922C00A85147 /* Paciente */,
				11BB76691AC5924D00A85147 /* TipoConsulta */,
			);
			name = Model;
			sourceTree = "<group>";
		};
		11BB76631AC5911200A85147 /* Controller */ = {
			isa = PBXGroup;
			children = (
				11BB767E1AC5947B00A85147 /* MedicoController */,
				11BB76851AC5954A00A85147 /* EnderecoController */,
				11BB76891AC5956800A85147 /* PacienteController */,
				11BB768D1AC5958100A85147 /* ConsultaController */,
				11BB76911AC595A500A85147 /* TipoConsultaController */,
			);
			name = Controller;
			sourceTree = "<group>";
		};
		11BB76641AC591B700A85147 /* DAO */ = {
			isa = PBXGroup;
			children = (
				11BB766D1AC592B000A85147 /* ConsultaDAO */,
				11BB766B1AC5928700A85147 /* EnderecoDAO */,
				11BB766A1AC5927900A85147 /* MedicoDAO */,
				11BB766C1AC592A500A85147 /* PacienteDAO */,
				11BB766E1AC5933900A85147 /* TipoConsultaDAO */,
			);
			name = DAO;
			sourceTree = "<group>";
		};
		11BB76651AC5921200A85147 /* Medico */ = {
			isa = PBXGroup;
			children = (
				11BB76541AC5903800A85147 /* Medico.h */,
				11BB76551AC5903800A85147 /* Medico.m */,
			);
			name = Medico;
			sourceTree = "<group>";
		};
		11BB76661AC5921D00A85147 /* Endereco */ = {
			isa = PBXGroup;
			children = (
				11BB76571AC5904E00A85147 /* Endereco.h */,
				11BB76581AC5904E00A85147 /* Endereco.m */,
			);
			name = Endereco;
			sourceTree = "<group>";
		};
		11BB76671AC5922C00A85147 /* Paciente */ = {
			isa = PBXGroup;
			children = (
				11BB765A1AC5905B00A85147 /* Paciente.h */,
				11BB765B1AC5905B00A85147 /* Paciente.m */,
			);
			name = Paciente;
			sourceTree = "<group>";
		};
		11BB76681AC5924200A85147 /* Consulta */ = {
			isa = PBXGroup;
			children = (
				11BB765D1AC5907300A85147 /* Consulta.h */,
				11BB765E1AC5907300A85147 /* Consulta.m */,
			);
			name = Consulta;
			sourceTree = "<group>";
		};
		11BB76691AC5924D00A85147 /* TipoConsulta */ = {
			isa = PBXGroup;
			children = (
				11BB76601AC590A400A85147 /* TipoConsulta.h */,
				11BB76611AC590A400A85147 /* TipoConsulta.m */,
			);
			name = TipoConsulta;
			sourceTree = "<group>";
		};
		11BB766A1AC5927900A85147 /* MedicoDAO */ = {
			isa = PBXGroup;
			children = (
				11BB76721AC593A800A85147 /* MedicoDAO.h */,
				11BB76731AC593A800A85147 /* MedicoDAO.m */,
			);
			name = MedicoDAO;
			sourceTree = "<group>";
		};
		11BB766B1AC5928700A85147 /* EnderecoDAO */ = {
			isa = PBXGroup;
			children = (
				11BB767B1AC5943B00A85147 /* EnderecoDAO.h */,
				11BB767C1AC5943B00A85147 /* EnderecoDAO.m */,
			);
			name = EnderecoDAO;
			sourceTree = "<group>";
		};
		11BB766C1AC592A500A85147 /* PacienteDAO */ = {
			isa = PBXGroup;
			children = (
				11BB76781AC5942100A85147 /* PacienteDAO.h */,
				11BB76791AC5942100A85147 /* PacienteDAO.m */,
			);
			name = PacienteDAO;
			sourceTree = "<group>";
		};
		11BB766D1AC592B000A85147 /* ConsultaDAO */ = {
			isa = PBXGroup;
			children = (
				11BB76751AC593C200A85147 /* ConsultaDAO.h */,
				11BB76761AC593C200A85147 /* ConsultaDAO.m */,
			);
			name = ConsultaDAO;
			sourceTree = "<group>";
		};
		11BB766E1AC5933900A85147 /* TipoConsultaDAO */ = {
			isa = PBXGroup;
			children = (
				11BB766F1AC5939B00A85147 /* TipoConsultaDAO.h */,
				11BB76701AC5939B00A85147 /* TipoConsultaDAO.m */,
			);
			name = TipoConsultaDAO;
			sourceTree = "<group>";
		};
		11BB767E1AC5947B00A85147 /* MedicoController */ = {
			isa = PBXGroup;
			children = (
				11BB767F1AC5952B00A85147 /* MedicoController.h */,
				11BB76801AC5952B00A85147 /* MedicoController.m */,
			);
			name = MedicoController;
			sourceTree = "<group>";
		};
		11BB76851AC5954A00A85147 /* EnderecoController */ = {
			isa = PBXGroup;
			children = (
				11BB76821AC5954400A85147 /* EnderecoController.h */,
				11BB76831AC5954400A85147 /* EnderecoController.m */,
			);
			name = EnderecoController;
			sourceTree = "<group>";
		};
		11BB76891AC5956800A85147 /* PacienteController */ = {
			isa = PBXGroup;
			children = (
				11BB76861AC5956100A85147 /* PacienteController.h */,
				11BB76871AC5956100A85147 /* PacienteController.m */,
			);
			name = PacienteController;
			sourceTree = "<group>";
		};
		11BB768D1AC5958100A85147 /* ConsultaController */ = {
			isa = PBXGroup;
			children = (
				11BB768A1AC5957B00A85147 /* ConsultaController.h */,
				11BB768B1AC5957B00A85147 /* ConsultaController.m */,
			);
			name = ConsultaController;
			sourceTree = "<group>";
		};
		11BB76911AC595A500A85147 /* TipoConsultaController */ = {
			isa = PBXGroup;
			children = (
				11BB768E1AC595A000A85147 /* TipoConsultaController.h */,
				11BB768F1AC595A000A85147 /* TipoConsultaController.m */,
			);
			name = TipoConsultaController;
			sourceTree = "<group>";
		};
		5CBA3F651AC72C7F00B9EB02 /* FrameWorks */ = {
			isa = PBXGroup;
			children = (
				11BC88EB1AC8872A000402FF /* EventKit.framework */,
				5C9A13411AC732F500DCE10E /* CFNetwork.framework */,
				5C9A133F1AC732E400DCE10E /* CoreLocation.framework */,
				5C9A133D1AC732D800DCE10E /* MobileCoreServices.framework */,
				5C9A133B1AC732CF00DCE10E /* QuartzCore.framework */,
				5C9A13391AC732BA00DCE10E /* Security.framework */,
				5C9A13371AC7329900DCE10E /* StoreKit.framework */,
				5C9A13351AC7328D00DCE10E /* SystemConfiguration.framework */,
				5C9A13331AC7328100DCE10E /* AudioToolbox.framework */,
				5C9A13311AC7327600DCE10E /* libz.dylib */,
				5C9A132F1AC7324A00DCE10E /* libsqlite3.dylib */,
				5CBA3F661AC72D7400B9EB02 /* Bolts.framework */,
				5CBA3F671AC72D7400B9EB02 /* Parse.framework */,
				11A127E31AC4536E00A57D2A /* CoreGraphics.framework */,
				11A127E11AC4536600A57D2A /* Foundation.framework */,
				11A127DF1AC4535F00A57D2A /* UIKit.framework */,
			);
			name = FrameWorks;
			sourceTree = "<group>";
		};
/* End PBXGroup section */

/* Begin PBXNativeTarget section */
		1147A8901AC1A3FA00651289 /* SIMPLECO */ = {
			isa = PBXNativeTarget;
			buildConfigurationList = 1147A8B41AC1A3FA00651289 /* Build configuration list for PBXNativeTarget "SIMPLECO" */;
			buildPhases = (
				1147A88D1AC1A3FA00651289 /* Sources */,
				1147A88E1AC1A3FA00651289 /* Frameworks */,
				1147A88F1AC1A3FA00651289 /* Resources */,
			);
			buildRules = (
			);
			dependencies = (
			);
			name = SIMPLECO;
			productName = SIMPLECO;
			productReference = 1147A8911AC1A3FA00651289 /* SIMPLECO.app */;
			productType = "com.apple.product-type.application";
		};
		1147A8A91AC1A3FA00651289 /* SIMPLECOTests */ = {
			isa = PBXNativeTarget;
			buildConfigurationList = 1147A8B71AC1A3FA00651289 /* Build configuration list for PBXNativeTarget "SIMPLECOTests" */;
			buildPhases = (
				1147A8A61AC1A3FA00651289 /* Sources */,
				1147A8A71AC1A3FA00651289 /* Frameworks */,
				1147A8A81AC1A3FA00651289 /* Resources */,
			);
			buildRules = (
			);
			dependencies = (
				1147A8AC1AC1A3FA00651289 /* PBXTargetDependency */,
			);
			name = SIMPLECOTests;
			productName = SIMPLECOTests;
			productReference = 1147A8AA1AC1A3FA00651289 /* SIMPLECOTests.xctest */;
			productType = "com.apple.product-type.bundle.unit-test";
		};
/* End PBXNativeTarget section */

/* Begin PBXProject section */
		1147A8891AC1A3FA00651289 /* Project object */ = {
			isa = PBXProject;
			attributes = {
				LastUpgradeCheck = 0620;
				ORGANIZATIONNAME = "Liliane Bezerra Lima";
				TargetAttributes = {
					1147A8901AC1A3FA00651289 = {
						CreatedOnToolsVersion = 6.2;
					};
					1147A8A91AC1A3FA00651289 = {
						CreatedOnToolsVersion = 6.2;
						TestTargetID = 1147A8901AC1A3FA00651289;
					};
				};
			};
			buildConfigurationList = 1147A88C1AC1A3FA00651289 /* Build configuration list for PBXProject "SIMPLECO" */;
			compatibilityVersion = "Xcode 3.2";
			developmentRegion = English;
			hasScannedForEncodings = 0;
			knownRegions = (
				en,
				Base,
			);
			mainGroup = 1147A8881AC1A3FA00651289;
			productRefGroup = 1147A8921AC1A3FA00651289 /* Products */;
			projectDirPath = "";
			projectRoot = "";
			targets = (
				1147A8901AC1A3FA00651289 /* SIMPLECO */,
				1147A8A91AC1A3FA00651289 /* SIMPLECOTests */,
			);
		};
/* End PBXProject section */

/* Begin PBXResourcesBuildPhase section */
		1147A88F1AC1A3FA00651289 /* Resources */ = {
			isa = PBXResourcesBuildPhase;
			buildActionMask = 2147483647;
			files = (
				11A127D31AC4189900A57D2A /* Pods-resources.sh in Resources */,
				11A127D51AC4189900A57D2A /* Pods.release.xcconfig in Resources */,
				1147A8A01AC1A3FA00651289 /* Main.storyboard in Resources */,
				1147A8A51AC1A3FA00651289 /* LaunchScreen.xib in Resources */,
				11A127D41AC4189900A57D2A /* Pods.debug.xcconfig in Resources */,
				1147A8A21AC1A3FA00651289 /* Images.xcassets in Resources */,
				11A127D11AC4189900A57D2A /* Pods-acknowledgements.plist in Resources */,
			);
			runOnlyForDeploymentPostprocessing = 0;
		};
		1147A8A81AC1A3FA00651289 /* Resources */ = {
			isa = PBXResourcesBuildPhase;
			buildActionMask = 2147483647;
			files = (
			);
			runOnlyForDeploymentPostprocessing = 0;
		};
/* End PBXResourcesBuildPhase section */

/* Begin PBXSourcesBuildPhase section */
		1147A88D1AC1A3FA00651289 /* Sources */ = {
			isa = PBXSourcesBuildPhase;
			buildActionMask = 2147483647;
			files = (
				1147A8BF1AC1B36B00651289 /* MinhasConsultasTableViewController.m in Sources */,
				11BB76841AC5954400A85147 /* EnderecoController.m in Sources */,
				11BB767A1AC5942100A85147 /* PacienteDAO.m in Sources */,
				11BB76811AC5952B00A85147 /* MedicoController.m in Sources */,
				11A127BF1AC4188C00A57D2A /* JTCalendarAppearance.m in Sources */,
				11A127BE1AC4188C00A57D2A /* JTCalendar.m in Sources */,
				1147A8BC1AC1B34F00651289 /* MinhasConsultasTableViewCell.m in Sources */,
				11BB768C1AC5957B00A85147 /* ConsultaController.m in Sources */,
				11A127DE1AC44D4E00A57D2A /* LoginViewController.m in Sources */,
				11A127C21AC4188C00A57D2A /* JTCalendarMenuMonthView.m in Sources */,
				11BB76711AC5939B00A85147 /* TipoConsultaDAO.m in Sources */,
				11BB767D1AC5943B00A85147 /* EnderecoDAO.m in Sources */,
				119BC7281AC1D3C6002B97B0 /* RegiaoTableViewCell.m in Sources */,
				11BB76881AC5956100A85147 /* PacienteController.m in Sources */,
				11A127D01AC4189900A57D2A /* Pods-acknowledgements.markdown in Sources */,
				11A127C71AC4188C00A57D2A /* JTCircleView.m in Sources */,
				1147A89D1AC1A3FA00651289 /* ViewController.m in Sources */,
				11A127C01AC4188C00A57D2A /* JTCalendarContentView.m in Sources */,
				11A127C41AC4188C00A57D2A /* JTCalendarMonthView.m in Sources */,
				11BB76561AC5903800A85147 /* Medico.m in Sources */,
				1147A89A1AC1A3FA00651289 /* AppDelegate.m in Sources */,
				11BB76771AC593C200A85147 /* ConsultaDAO.m in Sources */,
				11BB76621AC590A400A85147 /* TipoConsulta.m in Sources */,
				11BB765C1AC5905B00A85147 /* Paciente.m in Sources */,
				1147A8971AC1A3FA00651289 /* main.m in Sources */,
				119BC7201AC1CD91002B97B0 /* EspecialidadesTableViewController.m in Sources */,
				11BA6B7A1AC49042002A311D /* TabBarController.m in Sources */,
				119BC7361AC1E2EC002B97B0 /* ConsultaViewController.m in Sources */,
				0BE3F4591AC84D09004F2753 /* GoogleOAuth.m in Sources */,
				11A127C61AC4188C00A57D2A /* JTCalendarWeekView.m in Sources */,
				119BC7321AC1D807002B97B0 /* ResultPesqTableViewCell.m in Sources */,
				11A127C51AC4188C00A57D2A /* JTCalendarMonthWeekDaysView.m in Sources */,
				11BB764F1AC57CFC00A85147 /* ConsultaTableViewCell.m in Sources */,
				11BB76901AC595A000A85147 /* TipoConsultaController.m in Sources */,
				11A127C31AC4188C00A57D2A /* JTCalendarMenuView.m in Sources */,
				119BC72B1AC1D3E6002B97B0 /* RegiaoTableViewController.m in Sources */,
				11BB76591AC5904E00A85147 /* Endereco.m in Sources */,
				11BB765F1AC5907300A85147 /* Consulta.m in Sources */,
				119BC7231AC1CE33002B97B0 /* EspecialidadesTableViewCell.m in Sources */,
				119BC72F1AC1D7D3002B97B0 /* ResultPesqTableViewController.m in Sources */,
				11BB76741AC593A800A85147 /* MedicoDAO.m in Sources */,
				11A127D21AC4189900A57D2A /* Pods-dummy.m in Sources */,
				11A127C11AC4188C00A57D2A /* JTCalendarDayView.m in Sources */,
			);
			runOnlyForDeploymentPostprocessing = 0;
		};
		1147A8A61AC1A3FA00651289 /* Sources */ = {
			isa = PBXSourcesBuildPhase;
			buildActionMask = 2147483647;
			files = (
				1147A8B11AC1A3FA00651289 /* SIMPLECOTests.m in Sources */,
			);
			runOnlyForDeploymentPostprocessing = 0;
		};
/* End PBXSourcesBuildPhase section */

/* Begin PBXTargetDependency section */
		1147A8AC1AC1A3FA00651289 /* PBXTargetDependency */ = {
			isa = PBXTargetDependency;
			target = 1147A8901AC1A3FA00651289 /* SIMPLECO */;
			targetProxy = 1147A8AB1AC1A3FA00651289 /* PBXContainerItemProxy */;
		};
/* End PBXTargetDependency section */

/* Begin PBXVariantGroup section */
		1147A89E1AC1A3FA00651289 /* Main.storyboard */ = {
			isa = PBXVariantGroup;
			children = (
				1147A89F1AC1A3FA00651289 /* Base */,
			);
			name = Main.storyboard;
			sourceTree = "<group>";
		};
		1147A8A31AC1A3FA00651289 /* LaunchScreen.xib */ = {
			isa = PBXVariantGroup;
			children = (
				1147A8A41AC1A3FA00651289 /* Base */,
			);
			name = LaunchScreen.xib;
			sourceTree = "<group>";
		};
/* End PBXVariantGroup section */

/* Begin XCBuildConfiguration section */
		1147A8B21AC1A3FA00651289 /* Debug */ = {
			isa = XCBuildConfiguration;
			buildSettings = {
				ALWAYS_SEARCH_USER_PATHS = NO;
				CLANG_CXX_LANGUAGE_STANDARD = "gnu++0x";
				CLANG_CXX_LIBRARY = "libc++";
				CLANG_ENABLE_MODULES = YES;
				CLANG_ENABLE_OBJC_ARC = YES;
				CLANG_WARN_BOOL_CONVERSION = YES;
				CLANG_WARN_CONSTANT_CONVERSION = YES;
				CLANG_WARN_DIRECT_OBJC_ISA_USAGE = YES_ERROR;
				CLANG_WARN_EMPTY_BODY = YES;
				CLANG_WARN_ENUM_CONVERSION = YES;
				CLANG_WARN_INT_CONVERSION = YES;
				CLANG_WARN_OBJC_ROOT_CLASS = YES_ERROR;
				CLANG_WARN_UNREACHABLE_CODE = YES;
				CLANG_WARN__DUPLICATE_METHOD_MATCH = YES;
				"CODE_SIGN_IDENTITY[sdk=iphoneos*]" = "iPhone Developer";
				COPY_PHASE_STRIP = NO;
				ENABLE_STRICT_OBJC_MSGSEND = YES;
				GCC_C_LANGUAGE_STANDARD = gnu99;
				GCC_DYNAMIC_NO_PIC = NO;
				GCC_OPTIMIZATION_LEVEL = 0;
				GCC_PREPROCESSOR_DEFINITIONS = (
					"DEBUG=1",
					"$(inherited)",
				);
				GCC_SYMBOLS_PRIVATE_EXTERN = NO;
				GCC_WARN_64_TO_32_BIT_CONVERSION = YES;
				GCC_WARN_ABOUT_RETURN_TYPE = YES_ERROR;
				GCC_WARN_UNDECLARED_SELECTOR = YES;
				GCC_WARN_UNINITIALIZED_AUTOS = YES_AGGRESSIVE;
				GCC_WARN_UNUSED_FUNCTION = YES;
				GCC_WARN_UNUSED_VARIABLE = YES;
				IPHONEOS_DEPLOYMENT_TARGET = 8.2;
				MTL_ENABLE_DEBUG_INFO = YES;
				ONLY_ACTIVE_ARCH = YES;
				SDKROOT = iphoneos;
				TARGETED_DEVICE_FAMILY = "1,2";
			};
			name = Debug;
		};
		1147A8B31AC1A3FA00651289 /* Release */ = {
			isa = XCBuildConfiguration;
			buildSettings = {
				ALWAYS_SEARCH_USER_PATHS = NO;
				CLANG_CXX_LANGUAGE_STANDARD = "gnu++0x";
				CLANG_CXX_LIBRARY = "libc++";
				CLANG_ENABLE_MODULES = YES;
				CLANG_ENABLE_OBJC_ARC = YES;
				CLANG_WARN_BOOL_CONVERSION = YES;
				CLANG_WARN_CONSTANT_CONVERSION = YES;
				CLANG_WARN_DIRECT_OBJC_ISA_USAGE = YES_ERROR;
				CLANG_WARN_EMPTY_BODY = YES;
				CLANG_WARN_ENUM_CONVERSION = YES;
				CLANG_WARN_INT_CONVERSION = YES;
				CLANG_WARN_OBJC_ROOT_CLASS = YES_ERROR;
				CLANG_WARN_UNREACHABLE_CODE = YES;
				CLANG_WARN__DUPLICATE_METHOD_MATCH = YES;
				"CODE_SIGN_IDENTITY[sdk=iphoneos*]" = "iPhone Developer";
				COPY_PHASE_STRIP = NO;
				ENABLE_NS_ASSERTIONS = NO;
				ENABLE_STRICT_OBJC_MSGSEND = YES;
				GCC_C_LANGUAGE_STANDARD = gnu99;
				GCC_WARN_64_TO_32_BIT_CONVERSION = YES;
				GCC_WARN_ABOUT_RETURN_TYPE = YES_ERROR;
				GCC_WARN_UNDECLARED_SELECTOR = YES;
				GCC_WARN_UNINITIALIZED_AUTOS = YES_AGGRESSIVE;
				GCC_WARN_UNUSED_FUNCTION = YES;
				GCC_WARN_UNUSED_VARIABLE = YES;
				IPHONEOS_DEPLOYMENT_TARGET = 8.2;
				MTL_ENABLE_DEBUG_INFO = NO;
				SDKROOT = iphoneos;
				TARGETED_DEVICE_FAMILY = "1,2";
				VALIDATE_PRODUCT = YES;
			};
			name = Release;
		};
		1147A8B51AC1A3FA00651289 /* Debug */ = {
			isa = XCBuildConfiguration;
			buildSettings = {
				ASSETCATALOG_COMPILER_APPICON_NAME = AppIcon;
				FRAMEWORK_SEARCH_PATHS = (
					"$(inherited)",
					../Frameworks,
				);
				INFOPLIST_FILE = SIMPLECO/Info.plist;
				LD_RUNPATH_SEARCH_PATHS = "$(inherited) @executable_path/Frameworks";
				PRODUCT_NAME = "$(TARGET_NAME)";
			};
			name = Debug;
		};
		1147A8B61AC1A3FA00651289 /* Release */ = {
			isa = XCBuildConfiguration;
			buildSettings = {
				ASSETCATALOG_COMPILER_APPICON_NAME = AppIcon;
				FRAMEWORK_SEARCH_PATHS = (
					"$(inherited)",
					../Frameworks,
				);
				INFOPLIST_FILE = SIMPLECO/Info.plist;
				LD_RUNPATH_SEARCH_PATHS = "$(inherited) @executable_path/Frameworks";
				PRODUCT_NAME = "$(TARGET_NAME)";
			};
			name = Release;
		};
		1147A8B81AC1A3FA00651289 /* Debug */ = {
			isa = XCBuildConfiguration;
			buildSettings = {
				BUNDLE_LOADER = "$(TEST_HOST)";
				FRAMEWORK_SEARCH_PATHS = (
					"$(SDKROOT)/Developer/Library/Frameworks",
					"$(inherited)",
				);
				GCC_PREPROCESSOR_DEFINITIONS = (
					"DEBUG=1",
					"$(inherited)",
				);
				INFOPLIST_FILE = SIMPLECOTests/Info.plist;
				LD_RUNPATH_SEARCH_PATHS = "$(inherited) @executable_path/Frameworks @loader_path/Frameworks";
				PRODUCT_NAME = "$(TARGET_NAME)";
				TEST_HOST = "$(BUILT_PRODUCTS_DIR)/SIMPLECO.app/SIMPLECO";
			};
			name = Debug;
		};
		1147A8B91AC1A3FA00651289 /* Release */ = {
			isa = XCBuildConfiguration;
			buildSettings = {
				BUNDLE_LOADER = "$(TEST_HOST)";
				FRAMEWORK_SEARCH_PATHS = (
					"$(SDKROOT)/Developer/Library/Frameworks",
					"$(inherited)",
				);
				INFOPLIST_FILE = SIMPLECOTests/Info.plist;
				LD_RUNPATH_SEARCH_PATHS = "$(inherited) @executable_path/Frameworks @loader_path/Frameworks";
				PRODUCT_NAME = "$(TARGET_NAME)";
				TEST_HOST = "$(BUILT_PRODUCTS_DIR)/SIMPLECO.app/SIMPLECO";
			};
			name = Release;
		};
/* End XCBuildConfiguration section */

/* Begin XCConfigurationList section */
		1147A88C1AC1A3FA00651289 /* Build configuration list for PBXProject "SIMPLECO" */ = {
			isa = XCConfigurationList;
			buildConfigurations = (
				1147A8B21AC1A3FA00651289 /* Debug */,
				1147A8B31AC1A3FA00651289 /* Release */,
			);
			defaultConfigurationIsVisible = 0;
			defaultConfigurationName = Release;
		};
		1147A8B41AC1A3FA00651289 /* Build configuration list for PBXNativeTarget "SIMPLECO" */ = {
			isa = XCConfigurationList;
			buildConfigurations = (
				1147A8B51AC1A3FA00651289 /* Debug */,
				1147A8B61AC1A3FA00651289 /* Release */,
			);
			defaultConfigurationIsVisible = 0;
			defaultConfigurationName = Release;
		};
		1147A8B71AC1A3FA00651289 /* Build configuration list for PBXNativeTarget "SIMPLECOTests" */ = {
			isa = XCConfigurationList;
			buildConfigurations = (
				1147A8B81AC1A3FA00651289 /* Debug */,
				1147A8B91AC1A3FA00651289 /* Release */,
			);
			defaultConfigurationIsVisible = 0;
			defaultConfigurationName = Release;
		};
/* End XCConfigurationList section */
	};
	rootObject = 1147A8891AC1A3FA00651289 /* Project object */;
}
