// !$*UTF8*$!
{
	archiveVersion = 1;
	classes = {
	};
	objectVersion = 46;
	objects = {

/* Begin PBXBuildFile section */
		11EAEF481AC7907D008498A9 /* JTCalendar.m in Sources */ = {isa = PBXBuildFile; fileRef = 11EAEF341AC7907D008498A9 /* JTCalendar.m */; };
		11EAEF491AC7907D008498A9 /* JTCalendarAppearance.m in Sources */ = {isa = PBXBuildFile; fileRef = 11EAEF361AC7907D008498A9 /* JTCalendarAppearance.m */; };
		11EAEF4A1AC7907D008498A9 /* JTCalendarContentView.m in Sources */ = {isa = PBXBuildFile; fileRef = 11EAEF381AC7907D008498A9 /* JTCalendarContentView.m */; };
		11EAEF4B1AC7907D008498A9 /* JTCalendarDayView.m in Sources */ = {isa = PBXBuildFile; fileRef = 11EAEF3A1AC7907D008498A9 /* JTCalendarDayView.m */; };
		11EAEF4C1AC7907D008498A9 /* JTCalendarMenuMonthView.m in Sources */ = {isa = PBXBuildFile; fileRef = 11EAEF3C1AC7907D008498A9 /* JTCalendarMenuMonthView.m */; };
		11EAEF4D1AC7907D008498A9 /* JTCalendarMenuView.m in Sources */ = {isa = PBXBuildFile; fileRef = 11EAEF3E1AC7907D008498A9 /* JTCalendarMenuView.m */; };
		11EAEF4E1AC7907D008498A9 /* JTCalendarMonthView.m in Sources */ = {isa = PBXBuildFile; fileRef = 11EAEF401AC7907D008498A9 /* JTCalendarMonthView.m */; };
		11EAEF4F1AC7907D008498A9 /* JTCalendarMonthWeekDaysView.m in Sources */ = {isa = PBXBuildFile; fileRef = 11EAEF421AC7907D008498A9 /* JTCalendarMonthWeekDaysView.m */; };
		11EAEF501AC7907D008498A9 /* JTCalendarWeekView.m in Sources */ = {isa = PBXBuildFile; fileRef = 11EAEF451AC7907D008498A9 /* JTCalendarWeekView.m */; };
		11EAEF511AC7907D008498A9 /* JTCircleView.m in Sources */ = {isa = PBXBuildFile; fileRef = 11EAEF471AC7907D008498A9 /* JTCircleView.m */; };
		11EAEF5A1AC790A4008498A9 /* Pods-acknowledgements.markdown in Sources */ = {isa = PBXBuildFile; fileRef = 11EAEF531AC790A4008498A9 /* Pods-acknowledgements.markdown */; };
		11EAEF5B1AC790A4008498A9 /* Pods-acknowledgements.plist in Resources */ = {isa = PBXBuildFile; fileRef = 11EAEF541AC790A4008498A9 /* Pods-acknowledgements.plist */; };
		11EAEF5C1AC790A4008498A9 /* Pods-dummy.m in Sources */ = {isa = PBXBuildFile; fileRef = 11EAEF551AC790A4008498A9 /* Pods-dummy.m */; };
		11EAEF5D1AC790A4008498A9 /* Pods-resources.sh in Resources */ = {isa = PBXBuildFile; fileRef = 11EAEF571AC790A4008498A9 /* Pods-resources.sh */; };
		11EAEF5E1AC790A4008498A9 /* Pods.debug.xcconfig in Resources */ = {isa = PBXBuildFile; fileRef = 11EAEF581AC790A4008498A9 /* Pods.debug.xcconfig */; };
		11EAEF5F1AC790A4008498A9 /* Pods.release.xcconfig in Resources */ = {isa = PBXBuildFile; fileRef = 11EAEF591AC790A4008498A9 /* Pods.release.xcconfig */; };
		11EAEF621AC790C1008498A9 /* CalendarViewController.m in Sources */ = {isa = PBXBuildFile; fileRef = 11EAEF611AC790C1008498A9 /* CalendarViewController.m */; };
		5C9A13461AC734C100DCE10E /* Bolts.framework in Frameworks */ = {isa = PBXBuildFile; fileRef = 5C9A13441AC734C100DCE10E /* Bolts.framework */; };
		5C9A13471AC734C100DCE10E /* Parse.framework in Frameworks */ = {isa = PBXBuildFile; fileRef = 5C9A13451AC734C100DCE10E /* Parse.framework */; };
		5C9A13491AC7353200DCE10E /* libz.dylib in Frameworks */ = {isa = PBXBuildFile; fileRef = 5C9A13481AC7353200DCE10E /* libz.dylib */; };
		5C9A134B1AC7355C00DCE10E /* libsqlite3.dylib in Frameworks */ = {isa = PBXBuildFile; fileRef = 5C9A134A1AC7355C00DCE10E /* libsqlite3.dylib */; };
		5C9A134D1AC735FD00DCE10E /* SystemConfiguration.framework in Frameworks */ = {isa = PBXBuildFile; fileRef = 5C9A134C1AC735FD00DCE10E /* SystemConfiguration.framework */; };
		5C9A134F1AC7360800DCE10E /* StoreKit.framework in Frameworks */ = {isa = PBXBuildFile; fileRef = 5C9A134E1AC7360800DCE10E /* StoreKit.framework */; };
		5C9A13511AC7361400DCE10E /* Security.framework in Frameworks */ = {isa = PBXBuildFile; fileRef = 5C9A13501AC7361400DCE10E /* Security.framework */; };
		5C9A13531AC7361F00DCE10E /* QuartzCore.framework in Frameworks */ = {isa = PBXBuildFile; fileRef = 5C9A13521AC7361F00DCE10E /* QuartzCore.framework */; };
		5C9A13551AC7363100DCE10E /* MobileCoreServices.framework in Frameworks */ = {isa = PBXBuildFile; fileRef = 5C9A13541AC7363100DCE10E /* MobileCoreServices.framework */; };
		5C9A13571AC7363B00DCE10E /* CoreGraphics.framework in Frameworks */ = {isa = PBXBuildFile; fileRef = 5C9A13561AC7363B00DCE10E /* CoreGraphics.framework */; };
		5C9A13591AC7364400DCE10E /* CoreLocation.framework in Frameworks */ = {isa = PBXBuildFile; fileRef = 5C9A13581AC7364400DCE10E /* CoreLocation.framework */; };
		5C9A135B1AC7365000DCE10E /* CFNetwork.framework in Frameworks */ = {isa = PBXBuildFile; fileRef = 5C9A135A1AC7365000DCE10E /* CFNetwork.framework */; };
		5C9A135D1AC7365D00DCE10E /* AudioToolbox.framework in Frameworks */ = {isa = PBXBuildFile; fileRef = 5C9A135C1AC7365D00DCE10E /* AudioToolbox.framework */; };
		90016F091AC176BC002D8BF6 /* main.m in Sources */ = {isa = PBXBuildFile; fileRef = 90016F081AC176BC002D8BF6 /* main.m */; };
		90016F0C1AC176BC002D8BF6 /* AppDelegate.m in Sources */ = {isa = PBXBuildFile; fileRef = 90016F0B1AC176BC002D8BF6 /* AppDelegate.m */; };
		90016F0F1AC176BC002D8BF6 /* ViewController.m in Sources */ = {isa = PBXBuildFile; fileRef = 90016F0E1AC176BC002D8BF6 /* ViewController.m */; };
		90016F121AC176BC002D8BF6 /* Main.storyboard in Resources */ = {isa = PBXBuildFile; fileRef = 90016F101AC176BC002D8BF6 /* Main.storyboard */; };
		90016F141AC176BC002D8BF6 /* Images.xcassets in Resources */ = {isa = PBXBuildFile; fileRef = 90016F131AC176BC002D8BF6 /* Images.xcassets */; };
		90016F171AC176BC002D8BF6 /* LaunchScreen.xib in Resources */ = {isa = PBXBuildFile; fileRef = 90016F151AC176BC002D8BF6 /* LaunchScreen.xib */; };
		90016F231AC176BC002D8BF6 /* MiniChallenger2_SaudeTests.m in Sources */ = {isa = PBXBuildFile; fileRef = 90016F221AC176BC002D8BF6 /* MiniChallenger2_SaudeTests.m */; };
		90016F2E1AC1A928002D8BF6 /* LoginViewController.m in Sources */ = {isa = PBXBuildFile; fileRef = 90016F2D1AC1A928002D8BF6 /* LoginViewController.m */; };
		90016F311AC1F8A0002D8BF6 /* CadastroViewController.m in Sources */ = {isa = PBXBuildFile; fileRef = 90016F301AC1F8A0002D8BF6 /* CadastroViewController.m */; };
		90016F341AC1FD88002D8BF6 /* PacientesTableViewController.m in Sources */ = {isa = PBXBuildFile; fileRef = 90016F331AC1FD88002D8BF6 /* PacientesTableViewController.m */; };
		90016F371AC1FDA6002D8BF6 /* PacientesTableViewCell.m in Sources */ = {isa = PBXBuildFile; fileRef = 90016F361AC1FDA6002D8BF6 /* PacientesTableViewCell.m */; };
		90DD5F7F1AC4396B00791FAF /* TabBarController.m in Sources */ = {isa = PBXBuildFile; fileRef = 90DD5F7E1AC4396B00791FAF /* TabBarController.m */; };
		90DD5F821AC44AEC00791FAF /* MoreTableViewController.m in Sources */ = {isa = PBXBuildFile; fileRef = 90DD5F811AC44AEC00791FAF /* MoreTableViewController.m */; };
/* End PBXBuildFile section */

/* Begin PBXContainerItemProxy section */
		90016F1D1AC176BC002D8BF6 /* PBXContainerItemProxy */ = {
			isa = PBXContainerItemProxy;
			containerPortal = 90016EFB1AC176BC002D8BF6 /* Project object */;
			proxyType = 1;
			remoteGlobalIDString = 90016F021AC176BC002D8BF6;
			remoteInfo = "MiniChallenger2-Saude";
		};
/* End PBXContainerItemProxy section */

/* Begin PBXFileReference section */
		11EAEF331AC7907D008498A9 /* JTCalendar.h */ = {isa = PBXFileReference; fileEncoding = 4; lastKnownFileType = sourcecode.c.h; path = JTCalendar.h; sourceTree = "<group>"; };
		11EAEF341AC7907D008498A9 /* JTCalendar.m */ = {isa = PBXFileReference; fileEncoding = 4; lastKnownFileType = sourcecode.c.objc; path = JTCalendar.m; sourceTree = "<group>"; };
		11EAEF351AC7907D008498A9 /* JTCalendarAppearance.h */ = {isa = PBXFileReference; fileEncoding = 4; lastKnownFileType = sourcecode.c.h; path = JTCalendarAppearance.h; sourceTree = "<group>"; };
		11EAEF361AC7907D008498A9 /* JTCalendarAppearance.m */ = {isa = PBXFileReference; fileEncoding = 4; lastKnownFileType = sourcecode.c.objc; path = JTCalendarAppearance.m; sourceTree = "<group>"; };
		11EAEF371AC7907D008498A9 /* JTCalendarContentView.h */ = {isa = PBXFileReference; fileEncoding = 4; lastKnownFileType = sourcecode.c.h; path = JTCalendarContentView.h; sourceTree = "<group>"; };
		11EAEF381AC7907D008498A9 /* JTCalendarContentView.m */ = {isa = PBXFileReference; fileEncoding = 4; lastKnownFileType = sourcecode.c.objc; path = JTCalendarContentView.m; sourceTree = "<group>"; };
		11EAEF391AC7907D008498A9 /* JTCalendarDayView.h */ = {isa = PBXFileReference; fileEncoding = 4; lastKnownFileType = sourcecode.c.h; path = JTCalendarDayView.h; sourceTree = "<group>"; };
		11EAEF3A1AC7907D008498A9 /* JTCalendarDayView.m */ = {isa = PBXFileReference; fileEncoding = 4; lastKnownFileType = sourcecode.c.objc; path = JTCalendarDayView.m; sourceTree = "<group>"; };
		11EAEF3B1AC7907D008498A9 /* JTCalendarMenuMonthView.h */ = {isa = PBXFileReference; fileEncoding = 4; lastKnownFileType = sourcecode.c.h; path = JTCalendarMenuMonthView.h; sourceTree = "<group>"; };
		11EAEF3C1AC7907D008498A9 /* JTCalendarMenuMonthView.m */ = {isa = PBXFileReference; fileEncoding = 4; lastKnownFileType = sourcecode.c.objc; path = JTCalendarMenuMonthView.m; sourceTree = "<group>"; };
		11EAEF3D1AC7907D008498A9 /* JTCalendarMenuView.h */ = {isa = PBXFileReference; fileEncoding = 4; lastKnownFileType = sourcecode.c.h; path = JTCalendarMenuView.h; sourceTree = "<group>"; };
		11EAEF3E1AC7907D008498A9 /* JTCalendarMenuView.m */ = {isa = PBXFileReference; fileEncoding = 4; lastKnownFileType = sourcecode.c.objc; path = JTCalendarMenuView.m; sourceTree = "<group>"; };
		11EAEF3F1AC7907D008498A9 /* JTCalendarMonthView.h */ = {isa = PBXFileReference; fileEncoding = 4; lastKnownFileType = sourcecode.c.h; path = JTCalendarMonthView.h; sourceTree = "<group>"; };
		11EAEF401AC7907D008498A9 /* JTCalendarMonthView.m */ = {isa = PBXFileReference; fileEncoding = 4; lastKnownFileType = sourcecode.c.objc; path = JTCalendarMonthView.m; sourceTree = "<group>"; };
		11EAEF411AC7907D008498A9 /* JTCalendarMonthWeekDaysView.h */ = {isa = PBXFileReference; fileEncoding = 4; lastKnownFileType = sourcecode.c.h; path = JTCalendarMonthWeekDaysView.h; sourceTree = "<group>"; };
		11EAEF421AC7907D008498A9 /* JTCalendarMonthWeekDaysView.m */ = {isa = PBXFileReference; fileEncoding = 4; lastKnownFileType = sourcecode.c.objc; path = JTCalendarMonthWeekDaysView.m; sourceTree = "<group>"; };
		11EAEF431AC7907D008498A9 /* JTCalendarViewDataSource.h */ = {isa = PBXFileReference; fileEncoding = 4; lastKnownFileType = sourcecode.c.h; path = JTCalendarViewDataSource.h; sourceTree = "<group>"; };
		11EAEF441AC7907D008498A9 /* JTCalendarWeekView.h */ = {isa = PBXFileReference; fileEncoding = 4; lastKnownFileType = sourcecode.c.h; path = JTCalendarWeekView.h; sourceTree = "<group>"; };
		11EAEF451AC7907D008498A9 /* JTCalendarWeekView.m */ = {isa = PBXFileReference; fileEncoding = 4; lastKnownFileType = sourcecode.c.objc; path = JTCalendarWeekView.m; sourceTree = "<group>"; };
		11EAEF461AC7907D008498A9 /* JTCircleView.h */ = {isa = PBXFileReference; fileEncoding = 4; lastKnownFileType = sourcecode.c.h; path = JTCircleView.h; sourceTree = "<group>"; };
		11EAEF471AC7907D008498A9 /* JTCircleView.m */ = {isa = PBXFileReference; fileEncoding = 4; lastKnownFileType = sourcecode.c.objc; path = JTCircleView.m; sourceTree = "<group>"; };
		11EAEF531AC790A4008498A9 /* Pods-acknowledgements.markdown */ = {isa = PBXFileReference; fileEncoding = 4; lastKnownFileType = net.daringfireball.markdown; path = "Pods-acknowledgements.markdown"; sourceTree = "<group>"; };
		11EAEF541AC790A4008498A9 /* Pods-acknowledgements.plist */ = {isa = PBXFileReference; fileEncoding = 4; lastKnownFileType = text.plist.xml; path = "Pods-acknowledgements.plist"; sourceTree = "<group>"; };
		11EAEF551AC790A4008498A9 /* Pods-dummy.m */ = {isa = PBXFileReference; fileEncoding = 4; lastKnownFileType = sourcecode.c.objc; path = "Pods-dummy.m"; sourceTree = "<group>"; };
		11EAEF561AC790A4008498A9 /* Pods-environment.h */ = {isa = PBXFileReference; fileEncoding = 4; lastKnownFileType = sourcecode.c.h; path = "Pods-environment.h"; sourceTree = "<group>"; };
		11EAEF571AC790A4008498A9 /* Pods-resources.sh */ = {isa = PBXFileReference; fileEncoding = 4; lastKnownFileType = text.script.sh; path = "Pods-resources.sh"; sourceTree = "<group>"; };
		11EAEF581AC790A4008498A9 /* Pods.debug.xcconfig */ = {isa = PBXFileReference; fileEncoding = 4; lastKnownFileType = text.xcconfig; path = Pods.debug.xcconfig; sourceTree = "<group>"; };
		11EAEF591AC790A4008498A9 /* Pods.release.xcconfig */ = {isa = PBXFileReference; fileEncoding = 4; lastKnownFileType = text.xcconfig; path = Pods.release.xcconfig; sourceTree = "<group>"; };
		11EAEF601AC790C1008498A9 /* CalendarViewController.h */ = {isa = PBXFileReference; fileEncoding = 4; lastKnownFileType = sourcecode.c.h; path = CalendarViewController.h; sourceTree = "<group>"; };
		11EAEF611AC790C1008498A9 /* CalendarViewController.m */ = {isa = PBXFileReference; fileEncoding = 4; lastKnownFileType = sourcecode.c.objc; path = CalendarViewController.m; sourceTree = "<group>"; };
		5C9A13441AC734C100DCE10E /* Bolts.framework */ = {isa = PBXFileReference; lastKnownFileType = wrapper.framework; name = Bolts.framework; path = ../Frameworks/Bolts.framework; sourceTree = "<group>"; };
		5C9A13451AC734C100DCE10E /* Parse.framework */ = {isa = PBXFileReference; lastKnownFileType = wrapper.framework; name = Parse.framework; path = ../Frameworks/Parse.framework; sourceTree = "<group>"; };
		5C9A13481AC7353200DCE10E /* libz.dylib */ = {isa = PBXFileReference; lastKnownFileType = "compiled.mach-o.dylib"; name = libz.dylib; path = usr/lib/libz.dylib; sourceTree = SDKROOT; };
		5C9A134A1AC7355C00DCE10E /* libsqlite3.dylib */ = {isa = PBXFileReference; lastKnownFileType = "compiled.mach-o.dylib"; name = libsqlite3.dylib; path = usr/lib/libsqlite3.dylib; sourceTree = SDKROOT; };
		5C9A134C1AC735FD00DCE10E /* SystemConfiguration.framework */ = {isa = PBXFileReference; lastKnownFileType = wrapper.framework; name = SystemConfiguration.framework; path = System/Library/Frameworks/SystemConfiguration.framework; sourceTree = SDKROOT; };
		5C9A134E1AC7360800DCE10E /* StoreKit.framework */ = {isa = PBXFileReference; lastKnownFileType = wrapper.framework; name = StoreKit.framework; path = System/Library/Frameworks/StoreKit.framework; sourceTree = SDKROOT; };
		5C9A13501AC7361400DCE10E /* Security.framework */ = {isa = PBXFileReference; lastKnownFileType = wrapper.framework; name = Security.framework; path = System/Library/Frameworks/Security.framework; sourceTree = SDKROOT; };
		5C9A13521AC7361F00DCE10E /* QuartzCore.framework */ = {isa = PBXFileReference; lastKnownFileType = wrapper.framework; name = QuartzCore.framework; path = System/Library/Frameworks/QuartzCore.framework; sourceTree = SDKROOT; };
		5C9A13541AC7363100DCE10E /* MobileCoreServices.framework */ = {isa = PBXFileReference; lastKnownFileType = wrapper.framework; name = MobileCoreServices.framework; path = System/Library/Frameworks/MobileCoreServices.framework; sourceTree = SDKROOT; };
		5C9A13561AC7363B00DCE10E /* CoreGraphics.framework */ = {isa = PBXFileReference; lastKnownFileType = wrapper.framework; name = CoreGraphics.framework; path = System/Library/Frameworks/CoreGraphics.framework; sourceTree = SDKROOT; };
		5C9A13581AC7364400DCE10E /* CoreLocation.framework */ = {isa = PBXFileReference; lastKnownFileType = wrapper.framework; name = CoreLocation.framework; path = System/Library/Frameworks/CoreLocation.framework; sourceTree = SDKROOT; };
		5C9A135A1AC7365000DCE10E /* CFNetwork.framework */ = {isa = PBXFileReference; lastKnownFileType = wrapper.framework; name = CFNetwork.framework; path = System/Library/Frameworks/CFNetwork.framework; sourceTree = SDKROOT; };
		5C9A135C1AC7365D00DCE10E /* AudioToolbox.framework */ = {isa = PBXFileReference; lastKnownFileType = wrapper.framework; name = AudioToolbox.framework; path = System/Library/Frameworks/AudioToolbox.framework; sourceTree = SDKROOT; };
		90016F031AC176BC002D8BF6 /* MiniChallenger2-Saude.app */ = {isa = PBXFileReference; explicitFileType = wrapper.application; includeInIndex = 0; path = "MiniChallenger2-Saude.app"; sourceTree = BUILT_PRODUCTS_DIR; };
		90016F071AC176BC002D8BF6 /* Info.plist */ = {isa = PBXFileReference; lastKnownFileType = text.plist.xml; path = Info.plist; sourceTree = "<group>"; };
		90016F081AC176BC002D8BF6 /* main.m */ = {isa = PBXFileReference; lastKnownFileType = sourcecode.c.objc; path = main.m; sourceTree = "<group>"; };
		90016F0A1AC176BC002D8BF6 /* AppDelegate.h */ = {isa = PBXFileReference; lastKnownFileType = sourcecode.c.h; path = AppDelegate.h; sourceTree = "<group>"; };
		90016F0B1AC176BC002D8BF6 /* AppDelegate.m */ = {isa = PBXFileReference; lastKnownFileType = sourcecode.c.objc; path = AppDelegate.m; sourceTree = "<group>"; };
		90016F0D1AC176BC002D8BF6 /* ViewController.h */ = {isa = PBXFileReference; lastKnownFileType = sourcecode.c.h; path = ViewController.h; sourceTree = "<group>"; };
		90016F0E1AC176BC002D8BF6 /* ViewController.m */ = {isa = PBXFileReference; lastKnownFileType = sourcecode.c.objc; path = ViewController.m; sourceTree = "<group>"; };
		90016F111AC176BC002D8BF6 /* Base */ = {isa = PBXFileReference; lastKnownFileType = file.storyboard; name = Base; path = Base.lproj/Main.storyboard; sourceTree = "<group>"; };
		90016F131AC176BC002D8BF6 /* Images.xcassets */ = {isa = PBXFileReference; lastKnownFileType = folder.assetcatalog; path = Images.xcassets; sourceTree = "<group>"; };
		90016F161AC176BC002D8BF6 /* Base */ = {isa = PBXFileReference; lastKnownFileType = file.xib; name = Base; path = Base.lproj/LaunchScreen.xib; sourceTree = "<group>"; };
		90016F1C1AC176BC002D8BF6 /* MiniChallenger2-SaudeTests.xctest */ = {isa = PBXFileReference; explicitFileType = wrapper.cfbundle; includeInIndex = 0; path = "MiniChallenger2-SaudeTests.xctest"; sourceTree = BUILT_PRODUCTS_DIR; };
		90016F211AC176BC002D8BF6 /* Info.plist */ = {isa = PBXFileReference; lastKnownFileType = text.plist.xml; path = Info.plist; sourceTree = "<group>"; };
		90016F221AC176BC002D8BF6 /* MiniChallenger2_SaudeTests.m */ = {isa = PBXFileReference; lastKnownFileType = sourcecode.c.objc; path = MiniChallenger2_SaudeTests.m; sourceTree = "<group>"; };
		90016F2C1AC1A928002D8BF6 /* LoginViewController.h */ = {isa = PBXFileReference; fileEncoding = 4; lastKnownFileType = sourcecode.c.h; path = LoginViewController.h; sourceTree = "<group>"; };
		90016F2D1AC1A928002D8BF6 /* LoginViewController.m */ = {isa = PBXFileReference; fileEncoding = 4; lastKnownFileType = sourcecode.c.objc; path = LoginViewController.m; sourceTree = "<group>"; };
		90016F2F1AC1F8A0002D8BF6 /* CadastroViewController.h */ = {isa = PBXFileReference; fileEncoding = 4; lastKnownFileType = sourcecode.c.h; path = CadastroViewController.h; sourceTree = "<group>"; };
		90016F301AC1F8A0002D8BF6 /* CadastroViewController.m */ = {isa = PBXFileReference; fileEncoding = 4; lastKnownFileType = sourcecode.c.objc; path = CadastroViewController.m; sourceTree = "<group>"; };
		90016F321AC1FD88002D8BF6 /* PacientesTableViewController.h */ = {isa = PBXFileReference; fileEncoding = 4; lastKnownFileType = sourcecode.c.h; path = PacientesTableViewController.h; sourceTree = "<group>"; };
		90016F331AC1FD88002D8BF6 /* PacientesTableViewController.m */ = {isa = PBXFileReference; fileEncoding = 4; lastKnownFileType = sourcecode.c.objc; path = PacientesTableViewController.m; sourceTree = "<group>"; };
		90016F351AC1FDA6002D8BF6 /* PacientesTableViewCell.h */ = {isa = PBXFileReference; fileEncoding = 4; lastKnownFileType = sourcecode.c.h; path = PacientesTableViewCell.h; sourceTree = "<group>"; };
		90016F361AC1FDA6002D8BF6 /* PacientesTableViewCell.m */ = {isa = PBXFileReference; fileEncoding = 4; lastKnownFileType = sourcecode.c.objc; path = PacientesTableViewCell.m; sourceTree = "<group>"; };
		90DD5F7D1AC4396B00791FAF /* TabBarController.h */ = {isa = PBXFileReference; fileEncoding = 4; lastKnownFileType = sourcecode.c.h; path = TabBarController.h; sourceTree = "<group>"; };
		90DD5F7E1AC4396B00791FAF /* TabBarController.m */ = {isa = PBXFileReference; fileEncoding = 4; lastKnownFileType = sourcecode.c.objc; path = TabBarController.m; sourceTree = "<group>"; };
		90DD5F801AC44AEC00791FAF /* MoreTableViewController.h */ = {isa = PBXFileReference; fileEncoding = 4; lastKnownFileType = sourcecode.c.h; path = MoreTableViewController.h; sourceTree = "<group>"; };
		90DD5F811AC44AEC00791FAF /* MoreTableViewController.m */ = {isa = PBXFileReference; fileEncoding = 4; lastKnownFileType = sourcecode.c.objc; path = MoreTableViewController.m; sourceTree = "<group>"; };
/* End PBXFileReference section */

/* Begin PBXFrameworksBuildPhase section */
		90016F001AC176BC002D8BF6 /* Frameworks */ = {
			isa = PBXFrameworksBuildPhase;
			buildActionMask = 2147483647;
			files = (
				5C9A135D1AC7365D00DCE10E /* AudioToolbox.framework in Frameworks */,
				5C9A135B1AC7365000DCE10E /* CFNetwork.framework in Frameworks */,
				5C9A13591AC7364400DCE10E /* CoreLocation.framework in Frameworks */,
				5C9A13571AC7363B00DCE10E /* CoreGraphics.framework in Frameworks */,
				5C9A13551AC7363100DCE10E /* MobileCoreServices.framework in Frameworks */,
				5C9A13531AC7361F00DCE10E /* QuartzCore.framework in Frameworks */,
				5C9A13511AC7361400DCE10E /* Security.framework in Frameworks */,
				5C9A134F1AC7360800DCE10E /* StoreKit.framework in Frameworks */,
				5C9A134D1AC735FD00DCE10E /* SystemConfiguration.framework in Frameworks */,
				5C9A134B1AC7355C00DCE10E /* libsqlite3.dylib in Frameworks */,
				5C9A13491AC7353200DCE10E /* libz.dylib in Frameworks */,
				5C9A13471AC734C100DCE10E /* Parse.framework in Frameworks */,
				5C9A13461AC734C100DCE10E /* Bolts.framework in Frameworks */,
			);
			runOnlyForDeploymentPostprocessing = 0;
		};
		90016F191AC176BC002D8BF6 /* Frameworks */ = {
			isa = PBXFrameworksBuildPhase;
			buildActionMask = 2147483647;
			files = (
			);
			runOnlyForDeploymentPostprocessing = 0;
		};
/* End PBXFrameworksBuildPhase section */

/* Begin PBXGroup section */
		11EAEF321AC7907D008498A9 /* JTCalendar */ = {
			isa = PBXGroup;
			children = (
				11EAEF331AC7907D008498A9 /* JTCalendar.h */,
				11EAEF341AC7907D008498A9 /* JTCalendar.m */,
				11EAEF351AC7907D008498A9 /* JTCalendarAppearance.h */,
				11EAEF361AC7907D008498A9 /* JTCalendarAppearance.m */,
				11EAEF371AC7907D008498A9 /* JTCalendarContentView.h */,
				11EAEF381AC7907D008498A9 /* JTCalendarContentView.m */,
				11EAEF391AC7907D008498A9 /* JTCalendarDayView.h */,
				11EAEF3A1AC7907D008498A9 /* JTCalendarDayView.m */,
				11EAEF3B1AC7907D008498A9 /* JTCalendarMenuMonthView.h */,
				11EAEF3C1AC7907D008498A9 /* JTCalendarMenuMonthView.m */,
				11EAEF3D1AC7907D008498A9 /* JTCalendarMenuView.h */,
				11EAEF3E1AC7907D008498A9 /* JTCalendarMenuView.m */,
				11EAEF3F1AC7907D008498A9 /* JTCalendarMonthView.h */,
				11EAEF401AC7907D008498A9 /* JTCalendarMonthView.m */,
				11EAEF411AC7907D008498A9 /* JTCalendarMonthWeekDaysView.h */,
				11EAEF421AC7907D008498A9 /* JTCalendarMonthWeekDaysView.m */,
				11EAEF431AC7907D008498A9 /* JTCalendarViewDataSource.h */,
				11EAEF441AC7907D008498A9 /* JTCalendarWeekView.h */,
				11EAEF451AC7907D008498A9 /* JTCalendarWeekView.m */,
				11EAEF461AC7907D008498A9 /* JTCircleView.h */,
				11EAEF471AC7907D008498A9 /* JTCircleView.m */,
			);
			path = JTCalendar;
			sourceTree = "<group>";
		};
		11EAEF521AC790A4008498A9 /* Pods */ = {
			isa = PBXGroup;
			children = (
				11EAEF531AC790A4008498A9 /* Pods-acknowledgements.markdown */,
				11EAEF541AC790A4008498A9 /* Pods-acknowledgements.plist */,
				11EAEF551AC790A4008498A9 /* Pods-dummy.m */,
				11EAEF561AC790A4008498A9 /* Pods-environment.h */,
				11EAEF571AC790A4008498A9 /* Pods-resources.sh */,
				11EAEF581AC790A4008498A9 /* Pods.debug.xcconfig */,
				11EAEF591AC790A4008498A9 /* Pods.release.xcconfig */,
			);
			path = Pods;
			sourceTree = "<group>";
		};
		5C9A13431AC7342100DCE10E /* FrameWorks */ = {
			isa = PBXGroup;
			children = (
				5C9A135C1AC7365D00DCE10E /* AudioToolbox.framework */,
				5C9A135A1AC7365000DCE10E /* CFNetwork.framework */,
				5C9A13581AC7364400DCE10E /* CoreLocation.framework */,
				5C9A13561AC7363B00DCE10E /* CoreGraphics.framework */,
				5C9A13541AC7363100DCE10E /* MobileCoreServices.framework */,
				5C9A13521AC7361F00DCE10E /* QuartzCore.framework */,
				5C9A13501AC7361400DCE10E /* Security.framework */,
				5C9A134E1AC7360800DCE10E /* StoreKit.framework */,
				5C9A134C1AC735FD00DCE10E /* SystemConfiguration.framework */,
				5C9A134A1AC7355C00DCE10E /* libsqlite3.dylib */,
				5C9A13481AC7353200DCE10E /* libz.dylib */,
				5C9A13441AC734C100DCE10E /* Bolts.framework */,
				5C9A13451AC734C100DCE10E /* Parse.framework */,
			);
			name = FrameWorks;
			sourceTree = "<group>";
		};
		90016EFA1AC176BC002D8BF6 = {
			isa = PBXGroup;
			children = (
				90016F051AC176BC002D8BF6 /* MiniChallenger2-Saude */,
				90016F1F1AC176BC002D8BF6 /* MiniChallenger2-SaudeTests */,
				90016F041AC176BC002D8BF6 /* Products */,
				5C9A13431AC7342100DCE10E /* FrameWorks */,
			);
			sourceTree = "<group>";
		};
		90016F041AC176BC002D8BF6 /* Products */ = {
			isa = PBXGroup;
			children = (
				90016F031AC176BC002D8BF6 /* MiniChallenger2-Saude.app */,
				90016F1C1AC176BC002D8BF6 /* MiniChallenger2-SaudeTests.xctest */,
			);
			name = Products;
			sourceTree = "<group>";
		};
		90016F051AC176BC002D8BF6 /* MiniChallenger2-Saude */ = {
			isa = PBXGroup;
			children = (
				90016F0A1AC176BC002D8BF6 /* AppDelegate.h */,
				90016F0B1AC176BC002D8BF6 /* AppDelegate.m */,
				90016F0D1AC176BC002D8BF6 /* ViewController.h */,
				90016F0E1AC176BC002D8BF6 /* ViewController.m */,
				90DD5F801AC44AEC00791FAF /* MoreTableViewController.h */,
				90DD5F811AC44AEC00791FAF /* MoreTableViewController.m */,
				90DD5F7D1AC4396B00791FAF /* TabBarController.h */,
				90DD5F7E1AC4396B00791FAF /* TabBarController.m */,
				90016F321AC1FD88002D8BF6 /* PacientesTableViewController.h */,
				90016F351AC1FDA6002D8BF6 /* PacientesTableViewCell.h */,
				90016F361AC1FDA6002D8BF6 /* PacientesTableViewCell.m */,
				90016F331AC1FD88002D8BF6 /* PacientesTableViewController.m */,
				90016F2F1AC1F8A0002D8BF6 /* CadastroViewController.h */,
				90016F301AC1F8A0002D8BF6 /* CadastroViewController.m */,
				90016F2C1AC1A928002D8BF6 /* LoginViewController.h */,
				90016F2D1AC1A928002D8BF6 /* LoginViewController.m */,
				90016F131AC176BC002D8BF6 /* Images.xcassets */,
				90016F101AC176BC002D8BF6 /* Main.storyboard */,
				11EAEF601AC790C1008498A9 /* CalendarViewController.h */,
				11EAEF611AC790C1008498A9 /* CalendarViewController.m */,
				11EAEF521AC790A4008498A9 /* Pods */,
				11EAEF321AC7907D008498A9 /* JTCalendar */,
				90016F151AC176BC002D8BF6 /* LaunchScreen.xib */,
				90016F061AC176BC002D8BF6 /* Supporting Files */,
			);
			path = "MiniChallenger2-Saude";
			sourceTree = "<group>";
		};
		90016F061AC176BC002D8BF6 /* Supporting Files */ = {
			isa = PBXGroup;
			children = (
				90016F071AC176BC002D8BF6 /* Info.plist */,
				90016F081AC176BC002D8BF6 /* main.m */,
			);
			name = "Supporting Files";
			sourceTree = "<group>";
		};
		90016F1F1AC176BC002D8BF6 /* MiniChallenger2-SaudeTests */ = {
			isa = PBXGroup;
			children = (
				90016F221AC176BC002D8BF6 /* MiniChallenger2_SaudeTests.m */,
				90016F201AC176BC002D8BF6 /* Supporting Files */,
			);
			path = "MiniChallenger2-SaudeTests";
			sourceTree = "<group>";
		};
		90016F201AC176BC002D8BF6 /* Supporting Files */ = {
			isa = PBXGroup;
			children = (
				90016F211AC176BC002D8BF6 /* Info.plist */,
			);
			name = "Supporting Files";
			sourceTree = "<group>";
		};
/* End PBXGroup section */

/* Begin PBXNativeTarget section */
		90016F021AC176BC002D8BF6 /* MiniChallenger2-Saude */ = {
			isa = PBXNativeTarget;
			buildConfigurationList = 90016F261AC176BC002D8BF6 /* Build configuration list for PBXNativeTarget "MiniChallenger2-Saude" */;
			buildPhases = (
				90016EFF1AC176BC002D8BF6 /* Sources */,
				90016F001AC176BC002D8BF6 /* Frameworks */,
				90016F011AC176BC002D8BF6 /* Resources */,
			);
			buildRules = (
			);
			dependencies = (
			);
			name = "MiniChallenger2-Saude";
			productName = "MiniChallenger2-Saude";
			productReference = 90016F031AC176BC002D8BF6 /* MiniChallenger2-Saude.app */;
			productType = "com.apple.product-type.application";
		};
		90016F1B1AC176BC002D8BF6 /* MiniChallenger2-SaudeTests */ = {
			isa = PBXNativeTarget;
			buildConfigurationList = 90016F291AC176BC002D8BF6 /* Build configuration list for PBXNativeTarget "MiniChallenger2-SaudeTests" */;
			buildPhases = (
				90016F181AC176BC002D8BF6 /* Sources */,
				90016F191AC176BC002D8BF6 /* Frameworks */,
				90016F1A1AC176BC002D8BF6 /* Resources */,
			);
			buildRules = (
			);
			dependencies = (
				90016F1E1AC176BC002D8BF6 /* PBXTargetDependency */,
			);
			name = "MiniChallenger2-SaudeTests";
			productName = "MiniChallenger2-SaudeTests";
			productReference = 90016F1C1AC176BC002D8BF6 /* MiniChallenger2-SaudeTests.xctest */;
			productType = "com.apple.product-type.bundle.unit-test";
		};
/* End PBXNativeTarget section */

/* Begin PBXProject section */
		90016EFB1AC176BC002D8BF6 /* Project object */ = {
			isa = PBXProject;
			attributes = {
				LastUpgradeCheck = 0620;
				ORGANIZATIONNAME = "Evandro Remon Pulz Viva";
				TargetAttributes = {
					90016F021AC176BC002D8BF6 = {
						CreatedOnToolsVersion = 6.2;
					};
					90016F1B1AC176BC002D8BF6 = {
						CreatedOnToolsVersion = 6.2;
						TestTargetID = 90016F021AC176BC002D8BF6;
					};
				};
			};
			buildConfigurationList = 90016EFE1AC176BC002D8BF6 /* Build configuration list for PBXProject "MiniChallenger2-Saude" */;
			compatibilityVersion = "Xcode 3.2";
			developmentRegion = English;
			hasScannedForEncodings = 0;
			knownRegions = (
				en,
				Base,
			);
			mainGroup = 90016EFA1AC176BC002D8BF6;
			productRefGroup = 90016F041AC176BC002D8BF6 /* Products */;
			projectDirPath = "";
			projectRoot = "";
			targets = (
				90016F021AC176BC002D8BF6 /* MiniChallenger2-Saude */,
				90016F1B1AC176BC002D8BF6 /* MiniChallenger2-SaudeTests */,
			);
		};
/* End PBXProject section */

/* Begin PBXResourcesBuildPhase section */
		90016F011AC176BC002D8BF6 /* Resources */ = {
			isa = PBXResourcesBuildPhase;
			buildActionMask = 2147483647;
			files = (
				11EAEF5D1AC790A4008498A9 /* Pods-resources.sh in Resources */,
				11EAEF5F1AC790A4008498A9 /* Pods.release.xcconfig in Resources */,
				90016F121AC176BC002D8BF6 /* Main.storyboard in Resources */,
				90016F171AC176BC002D8BF6 /* LaunchScreen.xib in Resources */,
				11EAEF5E1AC790A4008498A9 /* Pods.debug.xcconfig in Resources */,
				90016F141AC176BC002D8BF6 /* Images.xcassets in Resources */,
				11EAEF5B1AC790A4008498A9 /* Pods-acknowledgements.plist in Resources */,
			);
			runOnlyForDeploymentPostprocessing = 0;
		};
		90016F1A1AC176BC002D8BF6 /* Resources */ = {
			isa = PBXResourcesBuildPhase;
			buildActionMask = 2147483647;
			files = (
			);
			runOnlyForDeploymentPostprocessing = 0;
		};
/* End PBXResourcesBuildPhase section */

/* Begin PBXSourcesBuildPhase section */
		90016EFF1AC176BC002D8BF6 /* Sources */ = {
			isa = PBXSourcesBuildPhase;
			buildActionMask = 2147483647;
			files = (
				11EAEF4A1AC7907D008498A9 /* JTCalendarContentView.m in Sources */,
				11EAEF5A1AC790A4008498A9 /* Pods-acknowledgements.markdown in Sources */,
				90016F2E1AC1A928002D8BF6 /* LoginViewController.m in Sources */,
				11EAEF4C1AC7907D008498A9 /* JTCalendarMenuMonthView.m in Sources */,
				11EAEF5C1AC790A4008498A9 /* Pods-dummy.m in Sources */,
				90016F0F1AC176BC002D8BF6 /* ViewController.m in Sources */,
				90016F0C1AC176BC002D8BF6 /* AppDelegate.m in Sources */,
				90016F091AC176BC002D8BF6 /* main.m in Sources */,
				11EAEF4F1AC7907D008498A9 /* JTCalendarMonthWeekDaysView.m in Sources */,
				11EAEF511AC7907D008498A9 /* JTCircleView.m in Sources */,
				11EAEF621AC790C1008498A9 /* CalendarViewController.m in Sources */,
				90016F341AC1FD88002D8BF6 /* PacientesTableViewController.m in Sources */,
				11EAEF481AC7907D008498A9 /* JTCalendar.m in Sources */,
				90DD5F7F1AC4396B00791FAF /* TabBarController.m in Sources */,
				11EAEF501AC7907D008498A9 /* JTCalendarWeekView.m in Sources */,
				11EAEF4E1AC7907D008498A9 /* JTCalendarMonthView.m in Sources */,
				90016F371AC1FDA6002D8BF6 /* PacientesTableViewCell.m in Sources */,
				11EAEF4D1AC7907D008498A9 /* JTCalendarMenuView.m in Sources */,
				90DD5F821AC44AEC00791FAF /* MoreTableViewController.m in Sources */,
				90016F311AC1F8A0002D8BF6 /* CadastroViewController.m in Sources */,
				11EAEF491AC7907D008498A9 /* JTCalendarAppearance.m in Sources */,
				11EAEF4B1AC7907D008498A9 /* JTCalendarDayView.m in Sources */,
			);
			runOnlyForDeploymentPostprocessing = 0;
		};
		90016F181AC176BC002D8BF6 /* Sources */ = {
			isa = PBXSourcesBuildPhase;
			buildActionMask = 2147483647;
			files = (
				90016F231AC176BC002D8BF6 /* MiniChallenger2_SaudeTests.m in Sources */,
			);
			runOnlyForDeploymentPostprocessing = 0;
		};
/* End PBXSourcesBuildPhase section */

/* Begin PBXTargetDependency section */
		90016F1E1AC176BC002D8BF6 /* PBXTargetDependency */ = {
			isa = PBXTargetDependency;
			target = 90016F021AC176BC002D8BF6 /* MiniChallenger2-Saude */;
			targetProxy = 90016F1D1AC176BC002D8BF6 /* PBXContainerItemProxy */;
		};
/* End PBXTargetDependency section */

/* Begin PBXVariantGroup section */
		90016F101AC176BC002D8BF6 /* Main.storyboard */ = {
			isa = PBXVariantGroup;
			children = (
				90016F111AC176BC002D8BF6 /* Base */,
			);
			name = Main.storyboard;
			sourceTree = "<group>";
		};
		90016F151AC176BC002D8BF6 /* LaunchScreen.xib */ = {
			isa = PBXVariantGroup;
			children = (
				90016F161AC176BC002D8BF6 /* Base */,
			);
			name = LaunchScreen.xib;
			sourceTree = "<group>";
		};
/* End PBXVariantGroup section */

/* Begin XCBuildConfiguration section */
		90016F241AC176BC002D8BF6 /* Debug */ = {
			isa = XCBuildConfiguration;
			buildSettings = {
				ALWAYS_SEARCH_USER_PATHS = NO;
				CLANG_CXX_LANGUAGE_STANDARD = "gnu++0x";
				CLANG_CXX_LIBRARY = "libc++";
				CLANG_ENABLE_MODULES = YES;
				CLANG_ENABLE_OBJC_ARC = YES;
				CLANG_WARN_BOOL_CONVERSION = YES;
				CLANG_WARN_CONSTANT_CONVERSION = YES;
				CLANG_WARN_DIRECT_OBJC_ISA_USAGE = YES_ERROR;
				CLANG_WARN_EMPTY_BODY = YES;
				CLANG_WARN_ENUM_CONVERSION = YES;
				CLANG_WARN_INT_CONVERSION = YES;
				CLANG_WARN_OBJC_ROOT_CLASS = YES_ERROR;
				CLANG_WARN_UNREACHABLE_CODE = YES;
				CLANG_WARN__DUPLICATE_METHOD_MATCH = YES;
				"CODE_SIGN_IDENTITY[sdk=iphoneos*]" = "iPhone Developer";
				COPY_PHASE_STRIP = NO;
				ENABLE_STRICT_OBJC_MSGSEND = YES;
				GCC_C_LANGUAGE_STANDARD = gnu99;
				GCC_DYNAMIC_NO_PIC = NO;
				GCC_OPTIMIZATION_LEVEL = 0;
				GCC_PREPROCESSOR_DEFINITIONS = (
					"DEBUG=1",
					"$(inherited)",
				);
				GCC_SYMBOLS_PRIVATE_EXTERN = NO;
				GCC_WARN_64_TO_32_BIT_CONVERSION = YES;
				GCC_WARN_ABOUT_RETURN_TYPE = YES_ERROR;
				GCC_WARN_UNDECLARED_SELECTOR = YES;
				GCC_WARN_UNINITIALIZED_AUTOS = YES_AGGRESSIVE;
				GCC_WARN_UNUSED_FUNCTION = YES;
				GCC_WARN_UNUSED_VARIABLE = YES;
				IPHONEOS_DEPLOYMENT_TARGET = 8.2;
				MTL_ENABLE_DEBUG_INFO = YES;
				ONLY_ACTIVE_ARCH = YES;
				SDKROOT = iphoneos;
				TARGETED_DEVICE_FAMILY = "1,2";
			};
			name = Debug;
		};
		90016F251AC176BC002D8BF6 /* Release */ = {
			isa = XCBuildConfiguration;
			buildSettings = {
				ALWAYS_SEARCH_USER_PATHS = NO;
				CLANG_CXX_LANGUAGE_STANDARD = "gnu++0x";
				CLANG_CXX_LIBRARY = "libc++";
				CLANG_ENABLE_MODULES = YES;
				CLANG_ENABLE_OBJC_ARC = YES;
				CLANG_WARN_BOOL_CONVERSION = YES;
				CLANG_WARN_CONSTANT_CONVERSION = YES;
				CLANG_WARN_DIRECT_OBJC_ISA_USAGE = YES_ERROR;
				CLANG_WARN_EMPTY_BODY = YES;
				CLANG_WARN_ENUM_CONVERSION = YES;
				CLANG_WARN_INT_CONVERSION = YES;
				CLANG_WARN_OBJC_ROOT_CLASS = YES_ERROR;
				CLANG_WARN_UNREACHABLE_CODE = YES;
				CLANG_WARN__DUPLICATE_METHOD_MATCH = YES;
				"CODE_SIGN_IDENTITY[sdk=iphoneos*]" = "iPhone Developer";
				COPY_PHASE_STRIP = NO;
				ENABLE_NS_ASSERTIONS = NO;
				ENABLE_STRICT_OBJC_MSGSEND = YES;
				GCC_C_LANGUAGE_STANDARD = gnu99;
				GCC_WARN_64_TO_32_BIT_CONVERSION = YES;
				GCC_WARN_ABOUT_RETURN_TYPE = YES_ERROR;
				GCC_WARN_UNDECLARED_SELECTOR = YES;
				GCC_WARN_UNINITIALIZED_AUTOS = YES_AGGRESSIVE;
				GCC_WARN_UNUSED_FUNCTION = YES;
				GCC_WARN_UNUSED_VARIABLE = YES;
				IPHONEOS_DEPLOYMENT_TARGET = 8.2;
				MTL_ENABLE_DEBUG_INFO = NO;
				SDKROOT = iphoneos;
				TARGETED_DEVICE_FAMILY = "1,2";
				VALIDATE_PRODUCT = YES;
			};
			name = Release;
		};
		90016F271AC176BC002D8BF6 /* Debug */ = {
			isa = XCBuildConfiguration;
			buildSettings = {
				ASSETCATALOG_COMPILER_APPICON_NAME = AppIcon;
				FRAMEWORK_SEARCH_PATHS = (
					"$(inherited)",
					../Frameworks,
				);
				INFOPLIST_FILE = "MiniChallenger2-Saude/Info.plist";
				LD_RUNPATH_SEARCH_PATHS = "$(inherited) @executable_path/Frameworks";
				PRODUCT_NAME = "$(TARGET_NAME)";
			};
			name = Debug;
		};
		90016F281AC176BC002D8BF6 /* Release */ = {
			isa = XCBuildConfiguration;
			buildSettings = {
				ASSETCATALOG_COMPILER_APPICON_NAME = AppIcon;
				FRAMEWORK_SEARCH_PATHS = (
					"$(inherited)",
					../Frameworks,
				);
				INFOPLIST_FILE = "MiniChallenger2-Saude/Info.plist";
				LD_RUNPATH_SEARCH_PATHS = "$(inherited) @executable_path/Frameworks";
				PRODUCT_NAME = "$(TARGET_NAME)";
			};
			name = Release;
		};
		90016F2A1AC176BC002D8BF6 /* Debug */ = {
			isa = XCBuildConfiguration;
			buildSettings = {
				BUNDLE_LOADER = "$(TEST_HOST)";
				FRAMEWORK_SEARCH_PATHS = (
					"$(SDKROOT)/Developer/Library/Frameworks",
					"$(inherited)",
				);
				GCC_PREPROCESSOR_DEFINITIONS = (
					"DEBUG=1",
					"$(inherited)",
				);
				INFOPLIST_FILE = "MiniChallenger2-SaudeTests/Info.plist";
				LD_RUNPATH_SEARCH_PATHS = "$(inherited) @executable_path/Frameworks @loader_path/Frameworks";
				PRODUCT_NAME = "$(TARGET_NAME)";
				TEST_HOST = "$(BUILT_PRODUCTS_DIR)/MiniChallenger2-Saude.app/MiniChallenger2-Saude";
			};
			name = Debug;
		};
		90016F2B1AC176BC002D8BF6 /* Release */ = {
			isa = XCBuildConfiguration;
			buildSettings = {
				BUNDLE_LOADER = "$(TEST_HOST)";
				FRAMEWORK_SEARCH_PATHS = (
					"$(SDKROOT)/Developer/Library/Frameworks",
					"$(inherited)",
				);
				INFOPLIST_FILE = "MiniChallenger2-SaudeTests/Info.plist";
				LD_RUNPATH_SEARCH_PATHS = "$(inherited) @executable_path/Frameworks @loader_path/Frameworks";
				PRODUCT_NAME = "$(TARGET_NAME)";
				TEST_HOST = "$(BUILT_PRODUCTS_DIR)/MiniChallenger2-Saude.app/MiniChallenger2-Saude";
			};
			name = Release;
		};
/* End XCBuildConfiguration section */

/* Begin XCConfigurationList section */
		90016EFE1AC176BC002D8BF6 /* Build configuration list for PBXProject "MiniChallenger2-Saude" */ = {
			isa = XCConfigurationList;
			buildConfigurations = (
				90016F241AC176BC002D8BF6 /* Debug */,
				90016F251AC176BC002D8BF6 /* Release */,
			);
			defaultConfigurationIsVisible = 0;
			defaultConfigurationName = Release;
		};
		90016F261AC176BC002D8BF6 /* Build configuration list for PBXNativeTarget "MiniChallenger2-Saude" */ = {
			isa = XCConfigurationList;
			buildConfigurations = (
				90016F271AC176BC002D8BF6 /* Debug */,
				90016F281AC176BC002D8BF6 /* Release */,
			);
			defaultConfigurationIsVisible = 0;
			defaultConfigurationName = Release;
		};
		90016F291AC176BC002D8BF6 /* Build configuration list for PBXNativeTarget "MiniChallenger2-SaudeTests" */ = {
			isa = XCConfigurationList;
			buildConfigurations = (
				90016F2A1AC176BC002D8BF6 /* Debug */,
				90016F2B1AC176BC002D8BF6 /* Release */,
			);
			defaultConfigurationIsVisible = 0;
			defaultConfigurationName = Release;
		};
/* End XCConfigurationList section */
	};
	rootObject = 90016EFB1AC176BC002D8BF6 /* Project object */;
}
