// !$*UTF8*$!
{
	archiveVersion = 1;
	classes = {
	};
	objectVersion = 46;
	objects = {

/* Begin PBXBuildFile section */
		0B5CB41E1ACD8AC2003CA51D /* CompleteRegisterNavigationController.m in Sources */ = {isa = PBXBuildFile; fileRef = 0B5CB41D1ACD8AC2003CA51D /* CompleteRegisterNavigationController.m */; };
		116290691AD0F21700A0D35B /* Consultation.m in Sources */ = {isa = PBXBuildFile; fileRef = 116290681AD0F21700A0D35B /* Consultation.m */; };
		1162906D1AD0F25400A0D35B /* Patient.m in Sources */ = {isa = PBXBuildFile; fileRef = 1162906C1AD0F25400A0D35B /* Patient.m */; };
		116290711AD0FE0600A0D35B /* CalendarTableViewCell.m in Sources */ = {isa = PBXBuildFile; fileRef = 116290701AD0FE0600A0D35B /* CalendarTableViewCell.m */; };
		11BB75211ACB1D4D00B2EF34 /* JTCalendar.m in Sources */ = {isa = PBXBuildFile; fileRef = 11BB750D1ACB1D4D00B2EF34 /* JTCalendar.m */; };
		11BB75221ACB1D4D00B2EF34 /* JTCalendarAppearance.m in Sources */ = {isa = PBXBuildFile; fileRef = 11BB750F1ACB1D4D00B2EF34 /* JTCalendarAppearance.m */; };
		11BB75231ACB1D4D00B2EF34 /* JTCalendarContentView.m in Sources */ = {isa = PBXBuildFile; fileRef = 11BB75111ACB1D4D00B2EF34 /* JTCalendarContentView.m */; };
		11BB75241ACB1D4D00B2EF34 /* JTCalendarDayView.m in Sources */ = {isa = PBXBuildFile; fileRef = 11BB75131ACB1D4D00B2EF34 /* JTCalendarDayView.m */; };
		11BB75251ACB1D4D00B2EF34 /* JTCalendarMenuMonthView.m in Sources */ = {isa = PBXBuildFile; fileRef = 11BB75151ACB1D4D00B2EF34 /* JTCalendarMenuMonthView.m */; };
		11BB75261ACB1D4D00B2EF34 /* JTCalendarMenuView.m in Sources */ = {isa = PBXBuildFile; fileRef = 11BB75171ACB1D4D00B2EF34 /* JTCalendarMenuView.m */; };
		11BB75271ACB1D4D00B2EF34 /* JTCalendarMonthView.m in Sources */ = {isa = PBXBuildFile; fileRef = 11BB75191ACB1D4D00B2EF34 /* JTCalendarMonthView.m */; };
		11BB75281ACB1D4D00B2EF34 /* JTCalendarMonthWeekDaysView.m in Sources */ = {isa = PBXBuildFile; fileRef = 11BB751B1ACB1D4D00B2EF34 /* JTCalendarMonthWeekDaysView.m */; };
		11BB75291ACB1D4D00B2EF34 /* JTCalendarWeekView.m in Sources */ = {isa = PBXBuildFile; fileRef = 11BB751E1ACB1D4D00B2EF34 /* JTCalendarWeekView.m */; };
		11BB752A1ACB1D4D00B2EF34 /* JTCircleView.m in Sources */ = {isa = PBXBuildFile; fileRef = 11BB75201ACB1D4D00B2EF34 /* JTCircleView.m */; };
		11BB75331ACB1D7300B2EF34 /* Pods-acknowledgements.markdown in Sources */ = {isa = PBXBuildFile; fileRef = 11BB752C1ACB1D7300B2EF34 /* Pods-acknowledgements.markdown */; };
		11BB75341ACB1D7300B2EF34 /* Pods-acknowledgements.plist in Resources */ = {isa = PBXBuildFile; fileRef = 11BB752D1ACB1D7300B2EF34 /* Pods-acknowledgements.plist */; };
		11BB75351ACB1D7300B2EF34 /* Pods-dummy.m in Sources */ = {isa = PBXBuildFile; fileRef = 11BB752E1ACB1D7300B2EF34 /* Pods-dummy.m */; };
		11BB75361ACB1D7300B2EF34 /* Pods-resources.sh in Resources */ = {isa = PBXBuildFile; fileRef = 11BB75301ACB1D7300B2EF34 /* Pods-resources.sh */; };
		11BB75371ACB1D7300B2EF34 /* Pods.debug.xcconfig in Resources */ = {isa = PBXBuildFile; fileRef = 11BB75311ACB1D7300B2EF34 /* Pods.debug.xcconfig */; };
		11BB75381ACB1D7300B2EF34 /* Pods.release.xcconfig in Resources */ = {isa = PBXBuildFile; fileRef = 11BB75321ACB1D7300B2EF34 /* Pods.release.xcconfig */; };
		5C9A13461AC734C100DCE10E /* Bolts.framework in Frameworks */ = {isa = PBXBuildFile; fileRef = 5C9A13441AC734C100DCE10E /* Bolts.framework */; };
		5C9A13471AC734C100DCE10E /* Parse.framework in Frameworks */ = {isa = PBXBuildFile; fileRef = 5C9A13451AC734C100DCE10E /* Parse.framework */; };
		5C9A13491AC7353200DCE10E /* libz.dylib in Frameworks */ = {isa = PBXBuildFile; fileRef = 5C9A13481AC7353200DCE10E /* libz.dylib */; };
		5C9A134B1AC7355C00DCE10E /* libsqlite3.dylib in Frameworks */ = {isa = PBXBuildFile; fileRef = 5C9A134A1AC7355C00DCE10E /* libsqlite3.dylib */; };
		5C9A134D1AC735FD00DCE10E /* SystemConfiguration.framework in Frameworks */ = {isa = PBXBuildFile; fileRef = 5C9A134C1AC735FD00DCE10E /* SystemConfiguration.framework */; };
		5C9A134F1AC7360800DCE10E /* StoreKit.framework in Frameworks */ = {isa = PBXBuildFile; fileRef = 5C9A134E1AC7360800DCE10E /* StoreKit.framework */; };
		5C9A13511AC7361400DCE10E /* Security.framework in Frameworks */ = {isa = PBXBuildFile; fileRef = 5C9A13501AC7361400DCE10E /* Security.framework */; };
		5C9A13531AC7361F00DCE10E /* QuartzCore.framework in Frameworks */ = {isa = PBXBuildFile; fileRef = 5C9A13521AC7361F00DCE10E /* QuartzCore.framework */; };
		5C9A13551AC7363100DCE10E /* MobileCoreServices.framework in Frameworks */ = {isa = PBXBuildFile; fileRef = 5C9A13541AC7363100DCE10E /* MobileCoreServices.framework */; };
		5C9A13571AC7363B00DCE10E /* CoreGraphics.framework in Frameworks */ = {isa = PBXBuildFile; fileRef = 5C9A13561AC7363B00DCE10E /* CoreGraphics.framework */; };
		5C9A13591AC7364400DCE10E /* CoreLocation.framework in Frameworks */ = {isa = PBXBuildFile; fileRef = 5C9A13581AC7364400DCE10E /* CoreLocation.framework */; };
		5C9A135B1AC7365000DCE10E /* CFNetwork.framework in Frameworks */ = {isa = PBXBuildFile; fileRef = 5C9A135A1AC7365000DCE10E /* CFNetwork.framework */; };
		5C9A135D1AC7365D00DCE10E /* AudioToolbox.framework in Frameworks */ = {isa = PBXBuildFile; fileRef = 5C9A135C1AC7365D00DCE10E /* AudioToolbox.framework */; };
		90014A711AC858BD00AD7292 /* SignInViewController.m in Sources */ = {isa = PBXBuildFile; fileRef = 90014A6F1AC858BD00AD7292 /* SignInViewController.m */; };
		90014A721AC858BD00AD7292 /* SignInViewController.xib in Resources */ = {isa = PBXBuildFile; fileRef = 90014A701AC858BD00AD7292 /* SignInViewController.xib */; };
		90014A761AC865F900AD7292 /* UserDAO.m in Sources */ = {isa = PBXBuildFile; fileRef = 90014A751AC865F900AD7292 /* UserDAO.m */; };
		90014A7A1AC86AD100AD7292 /* User.m in Sources */ = {isa = PBXBuildFile; fileRef = 90014A791AC86AD100AD7292 /* User.m */; };
		90014A811AC87A6700AD7292 /* CompleteRegisterViewController.m in Sources */ = {isa = PBXBuildFile; fileRef = 90014A7F1AC87A6700AD7292 /* CompleteRegisterViewController.m */; };
		90014A821AC87A6700AD7292 /* CompleteRegisterViewController.xib in Resources */ = {isa = PBXBuildFile; fileRef = 90014A801AC87A6700AD7292 /* CompleteRegisterViewController.xib */; };
		90016F091AC176BC002D8BF6 /* main.m in Sources */ = {isa = PBXBuildFile; fileRef = 90016F081AC176BC002D8BF6 /* main.m */; };
		90016F0C1AC176BC002D8BF6 /* AppDelegate.m in Sources */ = {isa = PBXBuildFile; fileRef = 90016F0B1AC176BC002D8BF6 /* AppDelegate.m */; };
		90016F0F1AC176BC002D8BF6 /* ViewController.m in Sources */ = {isa = PBXBuildFile; fileRef = 90016F0E1AC176BC002D8BF6 /* ViewController.m */; };
		90016F121AC176BC002D8BF6 /* Main.storyboard in Resources */ = {isa = PBXBuildFile; fileRef = 90016F101AC176BC002D8BF6 /* Main.storyboard */; };
		90016F141AC176BC002D8BF6 /* Images.xcassets in Resources */ = {isa = PBXBuildFile; fileRef = 90016F131AC176BC002D8BF6 /* Images.xcassets */; };
		90016F171AC176BC002D8BF6 /* LaunchScreen.xib in Resources */ = {isa = PBXBuildFile; fileRef = 90016F151AC176BC002D8BF6 /* LaunchScreen.xib */; };
		90016F231AC176BC002D8BF6 /* MiniChallenger2_SaudeTests.m in Sources */ = {isa = PBXBuildFile; fileRef = 90016F221AC176BC002D8BF6 /* MiniChallenger2_SaudeTests.m */; };
		90016F2E1AC1A928002D8BF6 /* LoginViewController.m in Sources */ = {isa = PBXBuildFile; fileRef = 90016F2D1AC1A928002D8BF6 /* LoginViewController.m */; };
		90016F341AC1FD88002D8BF6 /* PacientesTableViewController.m in Sources */ = {isa = PBXBuildFile; fileRef = 90016F331AC1FD88002D8BF6 /* PacientesTableViewController.m */; };
		90016F371AC1FDA6002D8BF6 /* PacientesTableViewCell.m in Sources */ = {isa = PBXBuildFile; fileRef = 90016F361AC1FDA6002D8BF6 /* PacientesTableViewCell.m */; };
		905818BB1ACC2B7A00B9A42E /* MoreTableViewCell.m in Sources */ = {isa = PBXBuildFile; fileRef = 905818B91ACC2B7A00B9A42E /* MoreTableViewCell.m */; };
		905818BC1ACC2B7A00B9A42E /* MoreTableViewCell.xib in Resources */ = {isa = PBXBuildFile; fileRef = 905818BA1ACC2B7A00B9A42E /* MoreTableViewCell.xib */; };
		905E812A1ACD565500BDEDF2 /* ScheduleTableViewController.m in Sources */ = {isa = PBXBuildFile; fileRef = 905E81281ACD565500BDEDF2 /* ScheduleTableViewController.m */; };
		905E812B1ACD565500BDEDF2 /* ScheduleTableViewController.xib in Resources */ = {isa = PBXBuildFile; fileRef = 905E81291ACD565500BDEDF2 /* ScheduleTableViewController.xib */; };
		908883E71AC7645E006E7BE9 /* Medico.m in Sources */ = {isa = PBXBuildFile; fileRef = 908883E61AC7645E006E7BE9 /* Medico.m */; };
		908883EB1AC764E4006E7BE9 /* MedicoDAO.m in Sources */ = {isa = PBXBuildFile; fileRef = 908883EA1AC764E4006E7BE9 /* MedicoDAO.m */; };
		908883F31AC78748006E7BE9 /* MainTabBarController.m in Sources */ = {isa = PBXBuildFile; fileRef = 908883F11AC78748006E7BE9 /* MainTabBarController.m */; };
		908883F41AC78748006E7BE9 /* MainTabBarController.xib in Resources */ = {isa = PBXBuildFile; fileRef = 908883F21AC78748006E7BE9 /* MainTabBarController.xib */; };
		908883F91AC78A2C006E7BE9 /* NotificationNavigationController.m in Sources */ = {isa = PBXBuildFile; fileRef = 908883F71AC78A2C006E7BE9 /* NotificationNavigationController.m */; };
		908884031AC78AD5006E7BE9 /* NotificationTableViewController.m in Sources */ = {isa = PBXBuildFile; fileRef = 908884011AC78AD5006E7BE9 /* NotificationTableViewController.m */; };
		908884041AC78AD5006E7BE9 /* NotificationTableViewController.xib in Resources */ = {isa = PBXBuildFile; fileRef = 908884021AC78AD5006E7BE9 /* NotificationTableViewController.xib */; };
		9088840D1AC7923D006E7BE9 /* MoreNavigationController.m in Sources */ = {isa = PBXBuildFile; fileRef = 9088840C1AC7923D006E7BE9 /* MoreNavigationController.m */; };
		908884151AC793B5006E7BE9 /* MoreTableViewController.m in Sources */ = {isa = PBXBuildFile; fileRef = 908884131AC793B5006E7BE9 /* MoreTableViewController.m */; };
		908884161AC793B5006E7BE9 /* MoreTableViewController.xib in Resources */ = {isa = PBXBuildFile; fileRef = 908884141AC793B5006E7BE9 /* MoreTableViewController.xib */; };
		909716221AD0CEB500F9DC8D /* AddressViewController.m in Sources */ = {isa = PBXBuildFile; fileRef = 909716211AD0CEB500F9DC8D /* AddressViewController.m */; };
		90B54B621ACF9D6D00BE6507 /* WeeklyTableViewController.m in Sources */ = {isa = PBXBuildFile; fileRef = 90B54B611ACF9D6D00BE6507 /* WeeklyTableViewController.m */; };
		90B54B671ACFA2B600BE6507 /* Schedule.m in Sources */ = {isa = PBXBuildFile; fileRef = 90B54B661ACFA2B600BE6507 /* Schedule.m */; };
		90B54B6B1ACFA98600BE6507 /* DateTimeViewController.m in Sources */ = {isa = PBXBuildFile; fileRef = 90B54B6A1ACFA98600BE6507 /* DateTimeViewController.m */; };
		90B54B6F1ACFA9A900BE6507 /* TimeViewController.m in Sources */ = {isa = PBXBuildFile; fileRef = 90B54B6E1ACFA9A900BE6507 /* TimeViewController.m */; };
		90B54B731ACFA9C200BE6507 /* DateViewController.m in Sources */ = {isa = PBXBuildFile; fileRef = 90B54B721ACFA9C200BE6507 /* DateViewController.m */; };
		90B54B771ACFAB2300BE6507 /* ScheduleTableViewCell.m in Sources */ = {isa = PBXBuildFile; fileRef = 90B54B761ACFAB2300BE6507 /* ScheduleTableViewCell.m */; };
		90B54B7B1ACFAB4700BE6507 /* AddScheduleTableViewCell.m in Sources */ = {isa = PBXBuildFile; fileRef = 90B54B7A1ACFAB4700BE6507 /* AddScheduleTableViewCell.m */; };
		90BB5F021ACC179800588D2C /* ScheduleNavigationController.m in Sources */ = {isa = PBXBuildFile; fileRef = 90BB5F011ACC179800588D2C /* ScheduleNavigationController.m */; };
		90BD96D11ACAC78A0053ED27 /* SpecialtyTableViewCell.m in Sources */ = {isa = PBXBuildFile; fileRef = 90BD96CF1ACAC78A0053ED27 /* SpecialtyTableViewCell.m */; };
		90BD96D21ACAC78A0053ED27 /* SpecialtyTableViewCell.xib in Resources */ = {isa = PBXBuildFile; fileRef = 90BD96D01ACAC78A0053ED27 /* SpecialtyTableViewCell.xib */; };
		90BD96D91ACAC7B60053ED27 /* SpecialtyTableViewController.m in Sources */ = {isa = PBXBuildFile; fileRef = 90BD96D71ACAC7B60053ED27 /* SpecialtyTableViewController.m */; };
		90BD96DA1ACAC7B60053ED27 /* SpecialtyTableViewController.xib in Resources */ = {isa = PBXBuildFile; fileRef = 90BD96D81ACAC7B60053ED27 /* SpecialtyTableViewController.xib */; };
		90BD96DE1ACAE69E0053ED27 /* CalendarViewController.m in Sources */ = {isa = PBXBuildFile; fileRef = 90BD96DC1ACAE69E0053ED27 /* CalendarViewController.m */; };
		90BD96DF1ACAE69E0053ED27 /* CalendarViewController.xib in Resources */ = {isa = PBXBuildFile; fileRef = 90BD96DD1ACAE69E0053ED27 /* CalendarViewController.xib */; };
		90BD96E31ACAE7A00053ED27 /* CalendarNavigationViewController.m in Sources */ = {isa = PBXBuildFile; fileRef = 90BD96E21ACAE7A00053ED27 /* CalendarNavigationViewController.m */; };
		90C464211ACD760700F49E63 /* AddScheduleTableViewController.m in Sources */ = {isa = PBXBuildFile; fileRef = 90C4641F1ACD760700F49E63 /* AddScheduleTableViewController.m */; };
		90C464221ACD760700F49E63 /* AddScheduleTableViewController.xib in Resources */ = {isa = PBXBuildFile; fileRef = 90C464201ACD760700F49E63 /* AddScheduleTableViewController.xib */; };
		90DD5F7F1AC4396B00791FAF /* TabBarController.m in Sources */ = {isa = PBXBuildFile; fileRef = 90DD5F7E1AC4396B00791FAF /* TabBarController.m */; };
/* End PBXBuildFile section */

/* Begin PBXContainerItemProxy section */
		90016F1D1AC176BC002D8BF6 /* PBXContainerItemProxy */ = {
			isa = PBXContainerItemProxy;
			containerPortal = 90016EFB1AC176BC002D8BF6 /* Project object */;
			proxyType = 1;
			remoteGlobalIDString = 90016F021AC176BC002D8BF6;
			remoteInfo = "MiniChallenger2-Saude";
		};
/* End PBXContainerItemProxy section */

/* Begin PBXFileReference section */
		0B5CB41C1ACD8AC2003CA51D /* CompleteRegisterNavigationController.h */ = {isa = PBXFileReference; fileEncoding = 4; lastKnownFileType = sourcecode.c.h; path = CompleteRegisterNavigationController.h; sourceTree = "<group>"; };
		0B5CB41D1ACD8AC2003CA51D /* CompleteRegisterNavigationController.m */ = {isa = PBXFileReference; fileEncoding = 4; lastKnownFileType = sourcecode.c.objc; path = CompleteRegisterNavigationController.m; sourceTree = "<group>"; };
		116290671AD0F21700A0D35B /* Consultation.h */ = {isa = PBXFileReference; fileEncoding = 4; lastKnownFileType = sourcecode.c.h; path = Consultation.h; sourceTree = "<group>"; };
		116290681AD0F21700A0D35B /* Consultation.m */ = {isa = PBXFileReference; fileEncoding = 4; lastKnownFileType = sourcecode.c.objc; path = Consultation.m; sourceTree = "<group>"; };
		1162906B1AD0F25400A0D35B /* Patient.h */ = {isa = PBXFileReference; fileEncoding = 4; lastKnownFileType = sourcecode.c.h; path = Patient.h; sourceTree = "<group>"; };
		1162906C1AD0F25400A0D35B /* Patient.m */ = {isa = PBXFileReference; fileEncoding = 4; lastKnownFileType = sourcecode.c.objc; path = Patient.m; sourceTree = "<group>"; };
		1162906F1AD0FE0600A0D35B /* CalendarTableViewCell.h */ = {isa = PBXFileReference; fileEncoding = 4; lastKnownFileType = sourcecode.c.h; path = CalendarTableViewCell.h; sourceTree = "<group>"; };
		116290701AD0FE0600A0D35B /* CalendarTableViewCell.m */ = {isa = PBXFileReference; fileEncoding = 4; lastKnownFileType = sourcecode.c.objc; path = CalendarTableViewCell.m; sourceTree = "<group>"; };
		11BB750C1ACB1D4D00B2EF34 /* JTCalendar.h */ = {isa = PBXFileReference; fileEncoding = 4; lastKnownFileType = sourcecode.c.h; path = JTCalendar.h; sourceTree = "<group>"; };
		11BB750D1ACB1D4D00B2EF34 /* JTCalendar.m */ = {isa = PBXFileReference; fileEncoding = 4; lastKnownFileType = sourcecode.c.objc; path = JTCalendar.m; sourceTree = "<group>"; };
		11BB750E1ACB1D4D00B2EF34 /* JTCalendarAppearance.h */ = {isa = PBXFileReference; fileEncoding = 4; lastKnownFileType = sourcecode.c.h; path = JTCalendarAppearance.h; sourceTree = "<group>"; };
		11BB750F1ACB1D4D00B2EF34 /* JTCalendarAppearance.m */ = {isa = PBXFileReference; fileEncoding = 4; lastKnownFileType = sourcecode.c.objc; path = JTCalendarAppearance.m; sourceTree = "<group>"; };
		11BB75101ACB1D4D00B2EF34 /* JTCalendarContentView.h */ = {isa = PBXFileReference; fileEncoding = 4; lastKnownFileType = sourcecode.c.h; path = JTCalendarContentView.h; sourceTree = "<group>"; };
		11BB75111ACB1D4D00B2EF34 /* JTCalendarContentView.m */ = {isa = PBXFileReference; fileEncoding = 4; lastKnownFileType = sourcecode.c.objc; path = JTCalendarContentView.m; sourceTree = "<group>"; };
		11BB75121ACB1D4D00B2EF34 /* JTCalendarDayView.h */ = {isa = PBXFileReference; fileEncoding = 4; lastKnownFileType = sourcecode.c.h; path = JTCalendarDayView.h; sourceTree = "<group>"; };
		11BB75131ACB1D4D00B2EF34 /* JTCalendarDayView.m */ = {isa = PBXFileReference; fileEncoding = 4; lastKnownFileType = sourcecode.c.objc; path = JTCalendarDayView.m; sourceTree = "<group>"; };
		11BB75141ACB1D4D00B2EF34 /* JTCalendarMenuMonthView.h */ = {isa = PBXFileReference; fileEncoding = 4; lastKnownFileType = sourcecode.c.h; path = JTCalendarMenuMonthView.h; sourceTree = "<group>"; };
		11BB75151ACB1D4D00B2EF34 /* JTCalendarMenuMonthView.m */ = {isa = PBXFileReference; fileEncoding = 4; lastKnownFileType = sourcecode.c.objc; path = JTCalendarMenuMonthView.m; sourceTree = "<group>"; };
		11BB75161ACB1D4D00B2EF34 /* JTCalendarMenuView.h */ = {isa = PBXFileReference; fileEncoding = 4; lastKnownFileType = sourcecode.c.h; path = JTCalendarMenuView.h; sourceTree = "<group>"; };
		11BB75171ACB1D4D00B2EF34 /* JTCalendarMenuView.m */ = {isa = PBXFileReference; fileEncoding = 4; lastKnownFileType = sourcecode.c.objc; path = JTCalendarMenuView.m; sourceTree = "<group>"; };
		11BB75181ACB1D4D00B2EF34 /* JTCalendarMonthView.h */ = {isa = PBXFileReference; fileEncoding = 4; lastKnownFileType = sourcecode.c.h; path = JTCalendarMonthView.h; sourceTree = "<group>"; };
		11BB75191ACB1D4D00B2EF34 /* JTCalendarMonthView.m */ = {isa = PBXFileReference; fileEncoding = 4; lastKnownFileType = sourcecode.c.objc; path = JTCalendarMonthView.m; sourceTree = "<group>"; };
		11BB751A1ACB1D4D00B2EF34 /* JTCalendarMonthWeekDaysView.h */ = {isa = PBXFileReference; fileEncoding = 4; lastKnownFileType = sourcecode.c.h; path = JTCalendarMonthWeekDaysView.h; sourceTree = "<group>"; };
		11BB751B1ACB1D4D00B2EF34 /* JTCalendarMonthWeekDaysView.m */ = {isa = PBXFileReference; fileEncoding = 4; lastKnownFileType = sourcecode.c.objc; path = JTCalendarMonthWeekDaysView.m; sourceTree = "<group>"; };
		11BB751C1ACB1D4D00B2EF34 /* JTCalendarViewDataSource.h */ = {isa = PBXFileReference; fileEncoding = 4; lastKnownFileType = sourcecode.c.h; path = JTCalendarViewDataSource.h; sourceTree = "<group>"; };
		11BB751D1ACB1D4D00B2EF34 /* JTCalendarWeekView.h */ = {isa = PBXFileReference; fileEncoding = 4; lastKnownFileType = sourcecode.c.h; path = JTCalendarWeekView.h; sourceTree = "<group>"; };
		11BB751E1ACB1D4D00B2EF34 /* JTCalendarWeekView.m */ = {isa = PBXFileReference; fileEncoding = 4; lastKnownFileType = sourcecode.c.objc; path = JTCalendarWeekView.m; sourceTree = "<group>"; };
		11BB751F1ACB1D4D00B2EF34 /* JTCircleView.h */ = {isa = PBXFileReference; fileEncoding = 4; lastKnownFileType = sourcecode.c.h; path = JTCircleView.h; sourceTree = "<group>"; };
		11BB75201ACB1D4D00B2EF34 /* JTCircleView.m */ = {isa = PBXFileReference; fileEncoding = 4; lastKnownFileType = sourcecode.c.objc; path = JTCircleView.m; sourceTree = "<group>"; };
		11BB752C1ACB1D7300B2EF34 /* Pods-acknowledgements.markdown */ = {isa = PBXFileReference; fileEncoding = 4; lastKnownFileType = net.daringfireball.markdown; path = "Pods-acknowledgements.markdown"; sourceTree = "<group>"; };
		11BB752D1ACB1D7300B2EF34 /* Pods-acknowledgements.plist */ = {isa = PBXFileReference; fileEncoding = 4; lastKnownFileType = text.plist.xml; path = "Pods-acknowledgements.plist"; sourceTree = "<group>"; };
		11BB752E1ACB1D7300B2EF34 /* Pods-dummy.m */ = {isa = PBXFileReference; fileEncoding = 4; lastKnownFileType = sourcecode.c.objc; path = "Pods-dummy.m"; sourceTree = "<group>"; };
		11BB752F1ACB1D7300B2EF34 /* Pods-environment.h */ = {isa = PBXFileReference; fileEncoding = 4; lastKnownFileType = sourcecode.c.h; path = "Pods-environment.h"; sourceTree = "<group>"; };
		11BB75301ACB1D7300B2EF34 /* Pods-resources.sh */ = {isa = PBXFileReference; fileEncoding = 4; lastKnownFileType = text.script.sh; path = "Pods-resources.sh"; sourceTree = "<group>"; };
		11BB75311ACB1D7300B2EF34 /* Pods.debug.xcconfig */ = {isa = PBXFileReference; fileEncoding = 4; lastKnownFileType = text.xcconfig; path = Pods.debug.xcconfig; sourceTree = "<group>"; };
		11BB75321ACB1D7300B2EF34 /* Pods.release.xcconfig */ = {isa = PBXFileReference; fileEncoding = 4; lastKnownFileType = text.xcconfig; path = Pods.release.xcconfig; sourceTree = "<group>"; };
		5C9A13441AC734C100DCE10E /* Bolts.framework */ = {isa = PBXFileReference; lastKnownFileType = wrapper.framework; name = Bolts.framework; path = ../Frameworks/Bolts.framework; sourceTree = "<group>"; };
		5C9A13451AC734C100DCE10E /* Parse.framework */ = {isa = PBXFileReference; lastKnownFileType = wrapper.framework; name = Parse.framework; path = ../Frameworks/Parse.framework; sourceTree = "<group>"; };
		5C9A13481AC7353200DCE10E /* libz.dylib */ = {isa = PBXFileReference; lastKnownFileType = "compiled.mach-o.dylib"; name = libz.dylib; path = usr/lib/libz.dylib; sourceTree = SDKROOT; };
		5C9A134A1AC7355C00DCE10E /* libsqlite3.dylib */ = {isa = PBXFileReference; lastKnownFileType = "compiled.mach-o.dylib"; name = libsqlite3.dylib; path = usr/lib/libsqlite3.dylib; sourceTree = SDKROOT; };
		5C9A134C1AC735FD00DCE10E /* SystemConfiguration.framework */ = {isa = PBXFileReference; lastKnownFileType = wrapper.framework; name = SystemConfiguration.framework; path = System/Library/Frameworks/SystemConfiguration.framework; sourceTree = SDKROOT; };
		5C9A134E1AC7360800DCE10E /* StoreKit.framework */ = {isa = PBXFileReference; lastKnownFileType = wrapper.framework; name = StoreKit.framework; path = System/Library/Frameworks/StoreKit.framework; sourceTree = SDKROOT; };
		5C9A13501AC7361400DCE10E /* Security.framework */ = {isa = PBXFileReference; lastKnownFileType = wrapper.framework; name = Security.framework; path = System/Library/Frameworks/Security.framework; sourceTree = SDKROOT; };
		5C9A13521AC7361F00DCE10E /* QuartzCore.framework */ = {isa = PBXFileReference; lastKnownFileType = wrapper.framework; name = QuartzCore.framework; path = System/Library/Frameworks/QuartzCore.framework; sourceTree = SDKROOT; };
		5C9A13541AC7363100DCE10E /* MobileCoreServices.framework */ = {isa = PBXFileReference; lastKnownFileType = wrapper.framework; name = MobileCoreServices.framework; path = System/Library/Frameworks/MobileCoreServices.framework; sourceTree = SDKROOT; };
		5C9A13561AC7363B00DCE10E /* CoreGraphics.framework */ = {isa = PBXFileReference; lastKnownFileType = wrapper.framework; name = CoreGraphics.framework; path = System/Library/Frameworks/CoreGraphics.framework; sourceTree = SDKROOT; };
		5C9A13581AC7364400DCE10E /* CoreLocation.framework */ = {isa = PBXFileReference; lastKnownFileType = wrapper.framework; name = CoreLocation.framework; path = System/Library/Frameworks/CoreLocation.framework; sourceTree = SDKROOT; };
		5C9A135A1AC7365000DCE10E /* CFNetwork.framework */ = {isa = PBXFileReference; lastKnownFileType = wrapper.framework; name = CFNetwork.framework; path = System/Library/Frameworks/CFNetwork.framework; sourceTree = SDKROOT; };
		5C9A135C1AC7365D00DCE10E /* AudioToolbox.framework */ = {isa = PBXFileReference; lastKnownFileType = wrapper.framework; name = AudioToolbox.framework; path = System/Library/Frameworks/AudioToolbox.framework; sourceTree = SDKROOT; };
		90014A6E1AC858BD00AD7292 /* SignInViewController.h */ = {isa = PBXFileReference; fileEncoding = 4; lastKnownFileType = sourcecode.c.h; path = SignInViewController.h; sourceTree = "<group>"; };
		90014A6F1AC858BD00AD7292 /* SignInViewController.m */ = {isa = PBXFileReference; fileEncoding = 4; lastKnownFileType = sourcecode.c.objc; path = SignInViewController.m; sourceTree = "<group>"; };
		90014A701AC858BD00AD7292 /* SignInViewController.xib */ = {isa = PBXFileReference; fileEncoding = 4; lastKnownFileType = file.xib; path = SignInViewController.xib; sourceTree = "<group>"; };
		90014A741AC865F900AD7292 /* UserDAO.h */ = {isa = PBXFileReference; fileEncoding = 4; lastKnownFileType = sourcecode.c.h; path = UserDAO.h; sourceTree = "<group>"; };
		90014A751AC865F900AD7292 /* UserDAO.m */ = {isa = PBXFileReference; fileEncoding = 4; lastKnownFileType = sourcecode.c.objc; path = UserDAO.m; sourceTree = "<group>"; };
		90014A781AC86AD100AD7292 /* User.h */ = {isa = PBXFileReference; fileEncoding = 4; lastKnownFileType = sourcecode.c.h; path = User.h; sourceTree = "<group>"; };
		90014A791AC86AD100AD7292 /* User.m */ = {isa = PBXFileReference; fileEncoding = 4; lastKnownFileType = sourcecode.c.objc; path = User.m; sourceTree = "<group>"; };
		90014A7E1AC87A6700AD7292 /* CompleteRegisterViewController.h */ = {isa = PBXFileReference; fileEncoding = 4; lastKnownFileType = sourcecode.c.h; path = CompleteRegisterViewController.h; sourceTree = "<group>"; };
		90014A7F1AC87A6700AD7292 /* CompleteRegisterViewController.m */ = {isa = PBXFileReference; fileEncoding = 4; lastKnownFileType = sourcecode.c.objc; path = CompleteRegisterViewController.m; sourceTree = "<group>"; };
		90014A801AC87A6700AD7292 /* CompleteRegisterViewController.xib */ = {isa = PBXFileReference; fileEncoding = 4; lastKnownFileType = file.xib; path = CompleteRegisterViewController.xib; sourceTree = "<group>"; };
		90016F031AC176BC002D8BF6 /* SIMPLECO M.app */ = {isa = PBXFileReference; explicitFileType = wrapper.application; includeInIndex = 0; path = "SIMPLECO M.app"; sourceTree = BUILT_PRODUCTS_DIR; };
		90016F071AC176BC002D8BF6 /* Info.plist */ = {isa = PBXFileReference; lastKnownFileType = text.plist.xml; path = Info.plist; sourceTree = "<group>"; };
		90016F081AC176BC002D8BF6 /* main.m */ = {isa = PBXFileReference; lastKnownFileType = sourcecode.c.objc; path = main.m; sourceTree = "<group>"; };
		90016F0A1AC176BC002D8BF6 /* AppDelegate.h */ = {isa = PBXFileReference; lastKnownFileType = sourcecode.c.h; path = AppDelegate.h; sourceTree = "<group>"; };
		90016F0B1AC176BC002D8BF6 /* AppDelegate.m */ = {isa = PBXFileReference; lastKnownFileType = sourcecode.c.objc; path = AppDelegate.m; sourceTree = "<group>"; };
		90016F0D1AC176BC002D8BF6 /* ViewController.h */ = {isa = PBXFileReference; lastKnownFileType = sourcecode.c.h; path = ViewController.h; sourceTree = "<group>"; };
		90016F0E1AC176BC002D8BF6 /* ViewController.m */ = {isa = PBXFileReference; lastKnownFileType = sourcecode.c.objc; path = ViewController.m; sourceTree = "<group>"; };
		90016F111AC176BC002D8BF6 /* Base */ = {isa = PBXFileReference; lastKnownFileType = file.storyboard; name = Base; path = Base.lproj/Main.storyboard; sourceTree = "<group>"; };
		90016F131AC176BC002D8BF6 /* Images.xcassets */ = {isa = PBXFileReference; lastKnownFileType = folder.assetcatalog; path = Images.xcassets; sourceTree = "<group>"; };
		90016F161AC176BC002D8BF6 /* Base */ = {isa = PBXFileReference; lastKnownFileType = file.xib; name = Base; path = Base.lproj/LaunchScreen.xib; sourceTree = "<group>"; };
		90016F1C1AC176BC002D8BF6 /* MiniChallenger2-SaudeTests.xctest */ = {isa = PBXFileReference; explicitFileType = wrapper.cfbundle; includeInIndex = 0; path = "MiniChallenger2-SaudeTests.xctest"; sourceTree = BUILT_PRODUCTS_DIR; };
		90016F211AC176BC002D8BF6 /* Info.plist */ = {isa = PBXFileReference; lastKnownFileType = text.plist.xml; path = Info.plist; sourceTree = "<group>"; };
		90016F221AC176BC002D8BF6 /* MiniChallenger2_SaudeTests.m */ = {isa = PBXFileReference; lastKnownFileType = sourcecode.c.objc; path = MiniChallenger2_SaudeTests.m; sourceTree = "<group>"; };
		90016F2C1AC1A928002D8BF6 /* LoginViewController.h */ = {isa = PBXFileReference; fileEncoding = 4; lastKnownFileType = sourcecode.c.h; name = LoginViewController.h; path = "MiniChallenger2-Saude/LoginViewController.h"; sourceTree = "<group>"; };
		90016F2D1AC1A928002D8BF6 /* LoginViewController.m */ = {isa = PBXFileReference; fileEncoding = 4; lastKnownFileType = sourcecode.c.objc; name = LoginViewController.m; path = "MiniChallenger2-Saude/LoginViewController.m"; sourceTree = "<group>"; };
		90016F321AC1FD88002D8BF6 /* PacientesTableViewController.h */ = {isa = PBXFileReference; fileEncoding = 4; lastKnownFileType = sourcecode.c.h; path = PacientesTableViewController.h; sourceTree = "<group>"; };
		90016F331AC1FD88002D8BF6 /* PacientesTableViewController.m */ = {isa = PBXFileReference; fileEncoding = 4; lastKnownFileType = sourcecode.c.objc; path = PacientesTableViewController.m; sourceTree = "<group>"; };
		90016F351AC1FDA6002D8BF6 /* PacientesTableViewCell.h */ = {isa = PBXFileReference; fileEncoding = 4; lastKnownFileType = sourcecode.c.h; path = PacientesTableViewCell.h; sourceTree = "<group>"; };
		90016F361AC1FDA6002D8BF6 /* PacientesTableViewCell.m */ = {isa = PBXFileReference; fileEncoding = 4; lastKnownFileType = sourcecode.c.objc; path = PacientesTableViewCell.m; sourceTree = "<group>"; };
		905818B81ACC2B7A00B9A42E /* MoreTableViewCell.h */ = {isa = PBXFileReference; fileEncoding = 4; lastKnownFileType = sourcecode.c.h; path = MoreTableViewCell.h; sourceTree = "<group>"; };
		905818B91ACC2B7A00B9A42E /* MoreTableViewCell.m */ = {isa = PBXFileReference; fileEncoding = 4; lastKnownFileType = sourcecode.c.objc; path = MoreTableViewCell.m; sourceTree = "<group>"; };
		905818BA1ACC2B7A00B9A42E /* MoreTableViewCell.xib */ = {isa = PBXFileReference; fileEncoding = 4; lastKnownFileType = file.xib; path = MoreTableViewCell.xib; sourceTree = "<group>"; };
		905E81271ACD565500BDEDF2 /* ScheduleTableViewController.h */ = {isa = PBXFileReference; fileEncoding = 4; lastKnownFileType = sourcecode.c.h; path = ScheduleTableViewController.h; sourceTree = "<group>"; };
		905E81281ACD565500BDEDF2 /* ScheduleTableViewController.m */ = {isa = PBXFileReference; fileEncoding = 4; lastKnownFileType = sourcecode.c.objc; path = ScheduleTableViewController.m; sourceTree = "<group>"; };
		905E81291ACD565500BDEDF2 /* ScheduleTableViewController.xib */ = {isa = PBXFileReference; fileEncoding = 4; lastKnownFileType = file.xib; path = ScheduleTableViewController.xib; sourceTree = "<group>"; };
		908883E51AC7645E006E7BE9 /* Medico.h */ = {isa = PBXFileReference; fileEncoding = 4; lastKnownFileType = sourcecode.c.h; name = Medico.h; path = "MiniChallenger2-Saude/Model/Medico.h"; sourceTree = "<group>"; };
		908883E61AC7645E006E7BE9 /* Medico.m */ = {isa = PBXFileReference; fileEncoding = 4; lastKnownFileType = sourcecode.c.objc; name = Medico.m; path = "MiniChallenger2-Saude/Model/Medico.m"; sourceTree = "<group>"; };
		908883E91AC764E4006E7BE9 /* MedicoDAO.h */ = {isa = PBXFileReference; fileEncoding = 4; lastKnownFileType = sourcecode.c.h; name = MedicoDAO.h; path = "MiniChallenger2-Saude/DAO/MedicoDAO.h"; sourceTree = "<group>"; };
		908883EA1AC764E4006E7BE9 /* MedicoDAO.m */ = {isa = PBXFileReference; fileEncoding = 4; lastKnownFileType = sourcecode.c.objc; name = MedicoDAO.m; path = "MiniChallenger2-Saude/DAO/MedicoDAO.m"; sourceTree = "<group>"; };
		908883F01AC78748006E7BE9 /* MainTabBarController.h */ = {isa = PBXFileReference; fileEncoding = 4; lastKnownFileType = sourcecode.c.h; path = MainTabBarController.h; sourceTree = "<group>"; };
		908883F11AC78748006E7BE9 /* MainTabBarController.m */ = {isa = PBXFileReference; fileEncoding = 4; lastKnownFileType = sourcecode.c.objc; path = MainTabBarController.m; sourceTree = "<group>"; };
		908883F21AC78748006E7BE9 /* MainTabBarController.xib */ = {isa = PBXFileReference; fileEncoding = 4; lastKnownFileType = file.xib; path = MainTabBarController.xib; sourceTree = "<group>"; };
		908883F61AC78A2C006E7BE9 /* NotificationNavigationController.h */ = {isa = PBXFileReference; fileEncoding = 4; lastKnownFileType = sourcecode.c.h; path = NotificationNavigationController.h; sourceTree = "<group>"; };
		908883F71AC78A2C006E7BE9 /* NotificationNavigationController.m */ = {isa = PBXFileReference; fileEncoding = 4; lastKnownFileType = sourcecode.c.objc; path = NotificationNavigationController.m; sourceTree = "<group>"; };
		908884001AC78AD5006E7BE9 /* NotificationTableViewController.h */ = {isa = PBXFileReference; fileEncoding = 4; lastKnownFileType = sourcecode.c.h; name = NotificationTableViewController.h; path = "MiniChallenger2-Saude/NotificationTableViewController.h"; sourceTree = "<group>"; };
		908884011AC78AD5006E7BE9 /* NotificationTableViewController.m */ = {isa = PBXFileReference; fileEncoding = 4; lastKnownFileType = sourcecode.c.objc; name = NotificationTableViewController.m; path = "MiniChallenger2-Saude/NotificationTableViewController.m"; sourceTree = "<group>"; };
		908884021AC78AD5006E7BE9 /* NotificationTableViewController.xib */ = {isa = PBXFileReference; fileEncoding = 4; lastKnownFileType = file.xib; name = NotificationTableViewController.xib; path = "MiniChallenger2-Saude/NotificationTableViewController.xib"; sourceTree = "<group>"; };
		9088840B1AC7923D006E7BE9 /* MoreNavigationController.h */ = {isa = PBXFileReference; fileEncoding = 4; lastKnownFileType = sourcecode.c.h; path = MoreNavigationController.h; sourceTree = "<group>"; };
		9088840C1AC7923D006E7BE9 /* MoreNavigationController.m */ = {isa = PBXFileReference; fileEncoding = 4; lastKnownFileType = sourcecode.c.objc; path = MoreNavigationController.m; sourceTree = "<group>"; };
		908884121AC793B5006E7BE9 /* MoreTableViewController.h */ = {isa = PBXFileReference; fileEncoding = 4; lastKnownFileType = sourcecode.c.h; path = MoreTableViewController.h; sourceTree = "<group>"; };
		908884131AC793B5006E7BE9 /* MoreTableViewController.m */ = {isa = PBXFileReference; fileEncoding = 4; lastKnownFileType = sourcecode.c.objc; path = MoreTableViewController.m; sourceTree = "<group>"; };
		908884141AC793B5006E7BE9 /* MoreTableViewController.xib */ = {isa = PBXFileReference; fileEncoding = 4; lastKnownFileType = file.xib; path = MoreTableViewController.xib; sourceTree = "<group>"; };
		909716201AD0CEB500F9DC8D /* AddressViewController.h */ = {isa = PBXFileReference; fileEncoding = 4; lastKnownFileType = sourcecode.c.h; path = AddressViewController.h; sourceTree = "<group>"; };
		909716211AD0CEB500F9DC8D /* AddressViewController.m */ = {isa = PBXFileReference; fileEncoding = 4; lastKnownFileType = sourcecode.c.objc; path = AddressViewController.m; sourceTree = "<group>"; };
		90B54B601ACF9D6D00BE6507 /* WeeklyTableViewController.h */ = {isa = PBXFileReference; fileEncoding = 4; lastKnownFileType = sourcecode.c.h; name = WeeklyTableViewController.h; path = "MiniChallenger2-Saude/WeeklyTableViewController.h"; sourceTree = "<group>"; };
		90B54B611ACF9D6D00BE6507 /* WeeklyTableViewController.m */ = {isa = PBXFileReference; fileEncoding = 4; lastKnownFileType = sourcecode.c.objc; name = WeeklyTableViewController.m; path = "MiniChallenger2-Saude/WeeklyTableViewController.m"; sourceTree = "<group>"; };
		90B54B651ACFA2B600BE6507 /* Schedule.h */ = {isa = PBXFileReference; fileEncoding = 4; lastKnownFileType = sourcecode.c.h; path = Schedule.h; sourceTree = "<group>"; };
		90B54B661ACFA2B600BE6507 /* Schedule.m */ = {isa = PBXFileReference; fileEncoding = 4; lastKnownFileType = sourcecode.c.objc; path = Schedule.m; sourceTree = "<group>"; };
		90B54B691ACFA98600BE6507 /* DateTimeViewController.h */ = {isa = PBXFileReference; fileEncoding = 4; lastKnownFileType = sourcecode.c.h; path = DateTimeViewController.h; sourceTree = "<group>"; };
		90B54B6A1ACFA98600BE6507 /* DateTimeViewController.m */ = {isa = PBXFileReference; fileEncoding = 4; lastKnownFileType = sourcecode.c.objc; path = DateTimeViewController.m; sourceTree = "<group>"; };
		90B54B6D1ACFA9A900BE6507 /* TimeViewController.h */ = {isa = PBXFileReference; fileEncoding = 4; lastKnownFileType = sourcecode.c.h; path = TimeViewController.h; sourceTree = "<group>"; };
		90B54B6E1ACFA9A900BE6507 /* TimeViewController.m */ = {isa = PBXFileReference; fileEncoding = 4; lastKnownFileType = sourcecode.c.objc; path = TimeViewController.m; sourceTree = "<group>"; };
		90B54B711ACFA9C200BE6507 /* DateViewController.h */ = {isa = PBXFileReference; fileEncoding = 4; lastKnownFileType = sourcecode.c.h; path = DateViewController.h; sourceTree = "<group>"; };
		90B54B721ACFA9C200BE6507 /* DateViewController.m */ = {isa = PBXFileReference; fileEncoding = 4; lastKnownFileType = sourcecode.c.objc; path = DateViewController.m; sourceTree = "<group>"; };
		90B54B751ACFAB2300BE6507 /* ScheduleTableViewCell.h */ = {isa = PBXFileReference; fileEncoding = 4; lastKnownFileType = sourcecode.c.h; path = ScheduleTableViewCell.h; sourceTree = "<group>"; };
		90B54B761ACFAB2300BE6507 /* ScheduleTableViewCell.m */ = {isa = PBXFileReference; fileEncoding = 4; lastKnownFileType = sourcecode.c.objc; path = ScheduleTableViewCell.m; sourceTree = "<group>"; };
		90B54B791ACFAB4700BE6507 /* AddScheduleTableViewCell.h */ = {isa = PBXFileReference; fileEncoding = 4; lastKnownFileType = sourcecode.c.h; path = AddScheduleTableViewCell.h; sourceTree = "<group>"; };
		90B54B7A1ACFAB4700BE6507 /* AddScheduleTableViewCell.m */ = {isa = PBXFileReference; fileEncoding = 4; lastKnownFileType = sourcecode.c.objc; path = AddScheduleTableViewCell.m; sourceTree = "<group>"; };
		90BB5F001ACC179800588D2C /* ScheduleNavigationController.h */ = {isa = PBXFileReference; fileEncoding = 4; lastKnownFileType = sourcecode.c.h; path = ScheduleNavigationController.h; sourceTree = "<group>"; };
		90BB5F011ACC179800588D2C /* ScheduleNavigationController.m */ = {isa = PBXFileReference; fileEncoding = 4; lastKnownFileType = sourcecode.c.objc; path = ScheduleNavigationController.m; sourceTree = "<group>"; };
		90BD96CE1ACAC78A0053ED27 /* SpecialtyTableViewCell.h */ = {isa = PBXFileReference; fileEncoding = 4; lastKnownFileType = sourcecode.c.h; path = SpecialtyTableViewCell.h; sourceTree = "<group>"; };
		90BD96CF1ACAC78A0053ED27 /* SpecialtyTableViewCell.m */ = {isa = PBXFileReference; fileEncoding = 4; lastKnownFileType = sourcecode.c.objc; path = SpecialtyTableViewCell.m; sourceTree = "<group>"; };
		90BD96D01ACAC78A0053ED27 /* SpecialtyTableViewCell.xib */ = {isa = PBXFileReference; fileEncoding = 4; lastKnownFileType = file.xib; path = SpecialtyTableViewCell.xib; sourceTree = "<group>"; };
		90BD96D61ACAC7B60053ED27 /* SpecialtyTableViewController.h */ = {isa = PBXFileReference; fileEncoding = 4; lastKnownFileType = sourcecode.c.h; path = SpecialtyTableViewController.h; sourceTree = "<group>"; };
		90BD96D71ACAC7B60053ED27 /* SpecialtyTableViewController.m */ = {isa = PBXFileReference; fileEncoding = 4; lastKnownFileType = sourcecode.c.objc; path = SpecialtyTableViewController.m; sourceTree = "<group>"; };
		90BD96D81ACAC7B60053ED27 /* SpecialtyTableViewController.xib */ = {isa = PBXFileReference; fileEncoding = 4; lastKnownFileType = file.xib; path = SpecialtyTableViewController.xib; sourceTree = "<group>"; };
		90BD96DB1ACAE69E0053ED27 /* CalendarViewController.h */ = {isa = PBXFileReference; fileEncoding = 4; lastKnownFileType = sourcecode.c.h; path = CalendarViewController.h; sourceTree = "<group>"; };
		90BD96DC1ACAE69E0053ED27 /* CalendarViewController.m */ = {isa = PBXFileReference; fileEncoding = 4; lastKnownFileType = sourcecode.c.objc; path = CalendarViewController.m; sourceTree = "<group>"; };
		90BD96DD1ACAE69E0053ED27 /* CalendarViewController.xib */ = {isa = PBXFileReference; fileEncoding = 4; lastKnownFileType = file.xib; path = CalendarViewController.xib; sourceTree = "<group>"; };
		90BD96E11ACAE7A00053ED27 /* CalendarNavigationViewController.h */ = {isa = PBXFileReference; fileEncoding = 4; lastKnownFileType = sourcecode.c.h; path = CalendarNavigationViewController.h; sourceTree = "<group>"; };
		90BD96E21ACAE7A00053ED27 /* CalendarNavigationViewController.m */ = {isa = PBXFileReference; fileEncoding = 4; lastKnownFileType = sourcecode.c.objc; path = CalendarNavigationViewController.m; sourceTree = "<group>"; };
		90C4641E1ACD760700F49E63 /* AddScheduleTableViewController.h */ = {isa = PBXFileReference; fileEncoding = 4; lastKnownFileType = sourcecode.c.h; path = AddScheduleTableViewController.h; sourceTree = "<group>"; };
		90C4641F1ACD760700F49E63 /* AddScheduleTableViewController.m */ = {isa = PBXFileReference; fileEncoding = 4; lastKnownFileType = sourcecode.c.objc; path = AddScheduleTableViewController.m; sourceTree = "<group>"; };
		90C464201ACD760700F49E63 /* AddScheduleTableViewController.xib */ = {isa = PBXFileReference; fileEncoding = 4; lastKnownFileType = file.xib; path = AddScheduleTableViewController.xib; sourceTree = "<group>"; };
		90DD5F7D1AC4396B00791FAF /* TabBarController.h */ = {isa = PBXFileReference; fileEncoding = 4; lastKnownFileType = sourcecode.c.h; path = TabBarController.h; sourceTree = "<group>"; };
		90DD5F7E1AC4396B00791FAF /* TabBarController.m */ = {isa = PBXFileReference; fileEncoding = 4; lastKnownFileType = sourcecode.c.objc; path = TabBarController.m; sourceTree = "<group>"; };
/* End PBXFileReference section */

/* Begin PBXFrameworksBuildPhase section */
		90016F001AC176BC002D8BF6 /* Frameworks */ = {
			isa = PBXFrameworksBuildPhase;
			buildActionMask = 2147483647;
			files = (
				5C9A135D1AC7365D00DCE10E /* AudioToolbox.framework in Frameworks */,
				5C9A135B1AC7365000DCE10E /* CFNetwork.framework in Frameworks */,
				5C9A13591AC7364400DCE10E /* CoreLocation.framework in Frameworks */,
				5C9A13571AC7363B00DCE10E /* CoreGraphics.framework in Frameworks */,
				5C9A13551AC7363100DCE10E /* MobileCoreServices.framework in Frameworks */,
				5C9A13531AC7361F00DCE10E /* QuartzCore.framework in Frameworks */,
				5C9A13511AC7361400DCE10E /* Security.framework in Frameworks */,
				5C9A134F1AC7360800DCE10E /* StoreKit.framework in Frameworks */,
				5C9A134D1AC735FD00DCE10E /* SystemConfiguration.framework in Frameworks */,
				5C9A134B1AC7355C00DCE10E /* libsqlite3.dylib in Frameworks */,
				5C9A13491AC7353200DCE10E /* libz.dylib in Frameworks */,
				5C9A13471AC734C100DCE10E /* Parse.framework in Frameworks */,
				5C9A13461AC734C100DCE10E /* Bolts.framework in Frameworks */,
			);
			runOnlyForDeploymentPostprocessing = 0;
		};
		90016F191AC176BC002D8BF6 /* Frameworks */ = {
			isa = PBXFrameworksBuildPhase;
			buildActionMask = 2147483647;
			files = (
			);
			runOnlyForDeploymentPostprocessing = 0;
		};
/* End PBXFrameworksBuildPhase section */

/* Begin PBXGroup section */
		0B5CB41B1ACD8A75003CA51D /* CompleteRegister */ = {
			isa = PBXGroup;
			children = (
				0B5CB41C1ACD8AC2003CA51D /* CompleteRegisterNavigationController.h */,
				0B5CB41D1ACD8AC2003CA51D /* CompleteRegisterNavigationController.m */,
			);
			name = CompleteRegister;
			sourceTree = "<group>";
		};
		1162906A1AD0F21C00A0D35B /* Consultation */ = {
			isa = PBXGroup;
			children = (
				116290671AD0F21700A0D35B /* Consultation.h */,
				116290681AD0F21700A0D35B /* Consultation.m */,
			);
			name = Consultation;
			sourceTree = "<group>";
		};
		1162906E1AD0F25800A0D35B /* Patient */ = {
			isa = PBXGroup;
			children = (
				1162906B1AD0F25400A0D35B /* Patient.h */,
				1162906C1AD0F25400A0D35B /* Patient.m */,
			);
			name = Patient;
			sourceTree = "<group>";
		};
		11BB750B1ACB1D4D00B2EF34 /* JTCalendar */ = {
			isa = PBXGroup;
			children = (
				11BB750C1ACB1D4D00B2EF34 /* JTCalendar.h */,
				11BB750D1ACB1D4D00B2EF34 /* JTCalendar.m */,
				11BB750E1ACB1D4D00B2EF34 /* JTCalendarAppearance.h */,
				11BB750F1ACB1D4D00B2EF34 /* JTCalendarAppearance.m */,
				11BB75101ACB1D4D00B2EF34 /* JTCalendarContentView.h */,
				11BB75111ACB1D4D00B2EF34 /* JTCalendarContentView.m */,
				11BB75121ACB1D4D00B2EF34 /* JTCalendarDayView.h */,
				11BB75131ACB1D4D00B2EF34 /* JTCalendarDayView.m */,
				11BB75141ACB1D4D00B2EF34 /* JTCalendarMenuMonthView.h */,
				11BB75151ACB1D4D00B2EF34 /* JTCalendarMenuMonthView.m */,
				11BB75161ACB1D4D00B2EF34 /* JTCalendarMenuView.h */,
				11BB75171ACB1D4D00B2EF34 /* JTCalendarMenuView.m */,
				11BB75181ACB1D4D00B2EF34 /* JTCalendarMonthView.h */,
				11BB75191ACB1D4D00B2EF34 /* JTCalendarMonthView.m */,
				11BB751A1ACB1D4D00B2EF34 /* JTCalendarMonthWeekDaysView.h */,
				11BB751B1ACB1D4D00B2EF34 /* JTCalendarMonthWeekDaysView.m */,
				11BB751C1ACB1D4D00B2EF34 /* JTCalendarViewDataSource.h */,
				11BB751D1ACB1D4D00B2EF34 /* JTCalendarWeekView.h */,
				11BB751E1ACB1D4D00B2EF34 /* JTCalendarWeekView.m */,
				11BB751F1ACB1D4D00B2EF34 /* JTCircleView.h */,
				11BB75201ACB1D4D00B2EF34 /* JTCircleView.m */,
			);
			path = JTCalendar;
			sourceTree = "<group>";
		};
		11BB752B1ACB1D7300B2EF34 /* Pods */ = {
			isa = PBXGroup;
			children = (
				11BB752C1ACB1D7300B2EF34 /* Pods-acknowledgements.markdown */,
				11BB752D1ACB1D7300B2EF34 /* Pods-acknowledgements.plist */,
				11BB752E1ACB1D7300B2EF34 /* Pods-dummy.m */,
				11BB752F1ACB1D7300B2EF34 /* Pods-environment.h */,
				11BB75301ACB1D7300B2EF34 /* Pods-resources.sh */,
				11BB75311ACB1D7300B2EF34 /* Pods.debug.xcconfig */,
				11BB75321ACB1D7300B2EF34 /* Pods.release.xcconfig */,
			);
			path = Pods;
			sourceTree = "<group>";
		};
		5C9A13431AC7342100DCE10E /* FrameWorks */ = {
			isa = PBXGroup;
			children = (
				5C9A135C1AC7365D00DCE10E /* AudioToolbox.framework */,
				5C9A135A1AC7365000DCE10E /* CFNetwork.framework */,
				5C9A13581AC7364400DCE10E /* CoreLocation.framework */,
				5C9A13561AC7363B00DCE10E /* CoreGraphics.framework */,
				5C9A13541AC7363100DCE10E /* MobileCoreServices.framework */,
				5C9A13521AC7361F00DCE10E /* QuartzCore.framework */,
				5C9A13501AC7361400DCE10E /* Security.framework */,
				5C9A134E1AC7360800DCE10E /* StoreKit.framework */,
				5C9A134C1AC735FD00DCE10E /* SystemConfiguration.framework */,
				5C9A134A1AC7355C00DCE10E /* libsqlite3.dylib */,
				5C9A13481AC7353200DCE10E /* libz.dylib */,
				5C9A13441AC734C100DCE10E /* Bolts.framework */,
				5C9A13451AC734C100DCE10E /* Parse.framework */,
			);
			name = FrameWorks;
			sourceTree = "<group>";
		};
		90014A6D1AC857EB00AD7292 /* SignIn */ = {
			isa = PBXGroup;
			children = (
				90014A6E1AC858BD00AD7292 /* SignInViewController.h */,
				90014A6F1AC858BD00AD7292 /* SignInViewController.m */,
			);
			name = SignIn;
			sourceTree = "<group>";
		};
		90014A731AC865D900AD7292 /* UserDAO */ = {
			isa = PBXGroup;
			children = (
				90014A741AC865F900AD7292 /* UserDAO.h */,
				90014A751AC865F900AD7292 /* UserDAO.m */,
			);
			name = UserDAO;
			sourceTree = "<group>";
		};
		90014A771AC86ABD00AD7292 /* User */ = {
			isa = PBXGroup;
			children = (
				90014A781AC86AD100AD7292 /* User.h */,
				90014A791AC86AD100AD7292 /* User.m */,
			);
			name = User;
			sourceTree = "<group>";
		};
		90014A831AC87A7A00AD7292 /* CompleteRegister */ = {
			isa = PBXGroup;
			children = (
				90014A7E1AC87A6700AD7292 /* CompleteRegisterViewController.h */,
				90014A7F1AC87A6700AD7292 /* CompleteRegisterViewController.m */,
			);
			name = CompleteRegister;
			sourceTree = "<group>";
		};
		90016EFA1AC176BC002D8BF6 = {
			isa = PBXGroup;
			children = (
				11BB752B1ACB1D7300B2EF34 /* Pods */,
				11BB750B1ACB1D4D00B2EF34 /* JTCalendar */,
				908883F51AC78751006E7BE9 /* Views */,
				908883EF1AC7852D006E7BE9 /* Controllers */,
				908883E81AC764BA006E7BE9 /* DAO */,
				908883E41AC763DE006E7BE9 /* Model */,
				90016F051AC176BC002D8BF6 /* MiniChallenger2-Saude */,
				90016F1F1AC176BC002D8BF6 /* MiniChallenger2-SaudeTests */,
				90016F041AC176BC002D8BF6 /* Products */,
				5C9A13431AC7342100DCE10E /* FrameWorks */,
			);
			sourceTree = "<group>";
		};
		90016F041AC176BC002D8BF6 /* Products */ = {
			isa = PBXGroup;
			children = (
				90016F031AC176BC002D8BF6 /* SIMPLECO M.app */,
				90016F1C1AC176BC002D8BF6 /* MiniChallenger2-SaudeTests.xctest */,
			);
			name = Products;
			sourceTree = "<group>";
		};
		90016F051AC176BC002D8BF6 /* MiniChallenger2-Saude */ = {
			isa = PBXGroup;
			children = (
				90016F0A1AC176BC002D8BF6 /* AppDelegate.h */,
				90016F0B1AC176BC002D8BF6 /* AppDelegate.m */,
				90016F0D1AC176BC002D8BF6 /* ViewController.h */,
				90016F0E1AC176BC002D8BF6 /* ViewController.m */,
				90DD5F7D1AC4396B00791FAF /* TabBarController.h */,
				90DD5F7E1AC4396B00791FAF /* TabBarController.m */,
				90016F321AC1FD88002D8BF6 /* PacientesTableViewController.h */,
				90016F351AC1FDA6002D8BF6 /* PacientesTableViewCell.h */,
				90016F361AC1FDA6002D8BF6 /* PacientesTableViewCell.m */,
				90016F331AC1FD88002D8BF6 /* PacientesTableViewController.m */,
				90016F131AC176BC002D8BF6 /* Images.xcassets */,
				90016F101AC176BC002D8BF6 /* Main.storyboard */,
				90016F151AC176BC002D8BF6 /* LaunchScreen.xib */,
				90016F061AC176BC002D8BF6 /* Supporting Files */,
			);
			path = "MiniChallenger2-Saude";
			sourceTree = "<group>";
		};
		90016F061AC176BC002D8BF6 /* Supporting Files */ = {
			isa = PBXGroup;
			children = (
				90016F071AC176BC002D8BF6 /* Info.plist */,
				90016F081AC176BC002D8BF6 /* main.m */,
			);
			name = "Supporting Files";
			sourceTree = "<group>";
		};
		90016F1F1AC176BC002D8BF6 /* MiniChallenger2-SaudeTests */ = {
			isa = PBXGroup;
			children = (
				90016F221AC176BC002D8BF6 /* MiniChallenger2_SaudeTests.m */,
				90016F201AC176BC002D8BF6 /* Supporting Files */,
			);
			path = "MiniChallenger2-SaudeTests";
			sourceTree = "<group>";
		};
		90016F201AC176BC002D8BF6 /* Supporting Files */ = {
			isa = PBXGroup;
			children = (
				90016F211AC176BC002D8BF6 /* Info.plist */,
			);
			name = "Supporting Files";
			sourceTree = "<group>";
		};
		905818BD1ACC2B8A00B9A42E /* More */ = {
			isa = PBXGroup;
			children = (
				905818B81ACC2B7A00B9A42E /* MoreTableViewCell.h */,
				905818B91ACC2B7A00B9A42E /* MoreTableViewCell.m */,
				905818BA1ACC2B7A00B9A42E /* MoreTableViewCell.xib */,
			);
			name = More;
			sourceTree = "<group>";
		};
		905E812C1ACD56A500BDEDF2 /* Schedule */ = {
			isa = PBXGroup;
			children = (
				905E81271ACD565500BDEDF2 /* ScheduleTableViewController.h */,
				905E81281ACD565500BDEDF2 /* ScheduleTableViewController.m */,
			);
			name = Schedule;
			sourceTree = "<group>";
		};
		905E81321ACD5C9B00BDEDF2 /* AddSchedule */ = {
			isa = PBXGroup;
			children = (
				90C4641E1ACD760700F49E63 /* AddScheduleTableViewController.h */,
				90C4641F1ACD760700F49E63 /* AddScheduleTableViewController.m */,
			);
			name = AddSchedule;
			sourceTree = "<group>";
		};
		908883E41AC763DE006E7BE9 /* Model */ = {
			isa = PBXGroup;
			children = (
				1162906E1AD0F25800A0D35B /* Patient */,
				1162906A1AD0F21C00A0D35B /* Consultation */,
				90014A771AC86ABD00AD7292 /* User */,
				908883EE1AC7650C006E7BE9 /* Medico */,
				90B54B681ACFA2BA00BE6507 /* Schedule */,
			);
			name = Model;
			sourceTree = "<group>";
		};
		908883E81AC764BA006E7BE9 /* DAO */ = {
			isa = PBXGroup;
			children = (
				90014A731AC865D900AD7292 /* UserDAO */,
				908883ED1AC764FD006E7BE9 /* MedicoDAO */,
			);
			name = DAO;
			sourceTree = "<group>";
		};
		908883ED1AC764FD006E7BE9 /* MedicoDAO */ = {
			isa = PBXGroup;
			children = (
				908883E91AC764E4006E7BE9 /* MedicoDAO.h */,
				908883EA1AC764E4006E7BE9 /* MedicoDAO.m */,
			);
			name = MedicoDAO;
			sourceTree = "<group>";
		};
		908883EE1AC7650C006E7BE9 /* Medico */ = {
			isa = PBXGroup;
			children = (
				908883E51AC7645E006E7BE9 /* Medico.h */,
				908883E61AC7645E006E7BE9 /* Medico.m */,
			);
			name = Medico;
			sourceTree = "<group>";
		};
		908883EF1AC7852D006E7BE9 /* Controllers */ = {
			isa = PBXGroup;
			children = (
				90B54B631ACF9D8D00BE6507 /* Popovers */,
				90BD96C81ACAC2140053ED27 /* Cell */,
				908884071AC78B04006E7BE9 /* Table */,
				908883FC1AC78A50006E7BE9 /* View */,
				908883FE1AC78A5D006E7BE9 /* TabBar */,
				908883FF1AC78A68006E7BE9 /* Navigation */,
			);
			name = Controllers;
			sourceTree = "<group>";
		};
		908883F51AC78751006E7BE9 /* Views */ = {
			isa = PBXGroup;
			children = (
				908883F21AC78748006E7BE9 /* MainTabBarController.xib */,
				908884021AC78AD5006E7BE9 /* NotificationTableViewController.xib */,
				908884141AC793B5006E7BE9 /* MoreTableViewController.xib */,
				90014A701AC858BD00AD7292 /* SignInViewController.xib */,
				90014A801AC87A6700AD7292 /* CompleteRegisterViewController.xib */,
				90BD96DD1ACAE69E0053ED27 /* CalendarViewController.xib */,
				905E81291ACD565500BDEDF2 /* ScheduleTableViewController.xib */,
				90BD96D81ACAC7B60053ED27 /* SpecialtyTableViewController.xib */,
				90C464201ACD760700F49E63 /* AddScheduleTableViewController.xib */,
			);
			name = Views;
			sourceTree = "<group>";
		};
		908883FC1AC78A50006E7BE9 /* View */ = {
			isa = PBXGroup;
			children = (
				90BD96E01ACAE6AB0053ED27 /* Calendar */,
				90014A831AC87A7A00AD7292 /* CompleteRegister */,
				90014A6D1AC857EB00AD7292 /* SignIn */,
				908884081AC78B25006E7BE9 /* Login */,
			);
			name = View;
			sourceTree = "<group>";
		};
		908883FE1AC78A5D006E7BE9 /* TabBar */ = {
			isa = PBXGroup;
			children = (
				908884051AC78AEB006E7BE9 /* Main */,
			);
			name = TabBar;
			sourceTree = "<group>";
		};
		908883FF1AC78A68006E7BE9 /* Navigation */ = {
			isa = PBXGroup;
			children = (
				0B5CB41B1ACD8A75003CA51D /* CompleteRegister */,
				90BB5F031ACC17AA00588D2C /* Schedule */,
				90BD96E41ACAE7A80053ED27 /* Calendar */,
				9088840A1AC79213006E7BE9 /* More */,
				908884091AC78B32006E7BE9 /* Notification */,
			);
			name = Navigation;
			sourceTree = "<group>";
		};
		908884051AC78AEB006E7BE9 /* Main */ = {
			isa = PBXGroup;
			children = (
				908883F01AC78748006E7BE9 /* MainTabBarController.h */,
				908883F11AC78748006E7BE9 /* MainTabBarController.m */,
			);
			name = Main;
			sourceTree = "<group>";
		};
		908884061AC78AF1006E7BE9 /* Notification */ = {
			isa = PBXGroup;
			children = (
				908884001AC78AD5006E7BE9 /* NotificationTableViewController.h */,
				908884011AC78AD5006E7BE9 /* NotificationTableViewController.m */,
			);
			name = Notification;
			sourceTree = "<group>";
		};
		908884071AC78B04006E7BE9 /* Table */ = {
			isa = PBXGroup;
			children = (
				905E812C1ACD56A500BDEDF2 /* Schedule */,
				905E81321ACD5C9B00BDEDF2 /* AddSchedule */,
				9088840E1AC792D4006E7BE9 /* More */,
				908884061AC78AF1006E7BE9 /* Notification */,
			);
			name = Table;
			sourceTree = "<group>";
		};
		908884081AC78B25006E7BE9 /* Login */ = {
			isa = PBXGroup;
			children = (
				90016F2C1AC1A928002D8BF6 /* LoginViewController.h */,
				90016F2D1AC1A928002D8BF6 /* LoginViewController.m */,
			);
			name = Login;
			sourceTree = "<group>";
		};
		908884091AC78B32006E7BE9 /* Notification */ = {
			isa = PBXGroup;
			children = (
				908883F61AC78A2C006E7BE9 /* NotificationNavigationController.h */,
				908883F71AC78A2C006E7BE9 /* NotificationNavigationController.m */,
			);
			name = Notification;
			sourceTree = "<group>";
		};
		9088840A1AC79213006E7BE9 /* More */ = {
			isa = PBXGroup;
			children = (
				9088840B1AC7923D006E7BE9 /* MoreNavigationController.h */,
				9088840C1AC7923D006E7BE9 /* MoreNavigationController.m */,
			);
			name = More;
			sourceTree = "<group>";
		};
		9088840E1AC792D4006E7BE9 /* More */ = {
			isa = PBXGroup;
			children = (
				908884121AC793B5006E7BE9 /* MoreTableViewController.h */,
				908884131AC793B5006E7BE9 /* MoreTableViewController.m */,
			);
			name = More;
			sourceTree = "<group>";
		};
		909716231AD0CEBE00F9DC8D /* Address */ = {
			isa = PBXGroup;
			children = (
				909716201AD0CEB500F9DC8D /* AddressViewController.h */,
				909716211AD0CEB500F9DC8D /* AddressViewController.m */,
			);
			name = Address;
			sourceTree = "<group>";
		};
		90B54B631ACF9D8D00BE6507 /* Popovers */ = {
			isa = PBXGroup;
			children = (
				90BD96BB1ACABF370053ED27 /* Specialty */,
				90B54B741ACFA9CD00BE6507 /* Date */,
				90B54B6C1ACFA98E00BE6507 /* DateTime */,
				90B54B641ACF9D9600BE6507 /* Weekly */,
				90B54B701ACFA9AD00BE6507 /* Time */,
				909716231AD0CEBE00F9DC8D /* Address */,
			);
			name = Popovers;
			sourceTree = "<group>";
		};
		90B54B641ACF9D9600BE6507 /* Weekly */ = {
			isa = PBXGroup;
			children = (
				90B54B601ACF9D6D00BE6507 /* WeeklyTableViewController.h */,
				90B54B611ACF9D6D00BE6507 /* WeeklyTableViewController.m */,
			);
			name = Weekly;
			sourceTree = "<group>";
		};
		90B54B681ACFA2BA00BE6507 /* Schedule */ = {
			isa = PBXGroup;
			children = (
				90B54B651ACFA2B600BE6507 /* Schedule.h */,
				90B54B661ACFA2B600BE6507 /* Schedule.m */,
			);
			name = Schedule;
			sourceTree = "<group>";
		};
		90B54B6C1ACFA98E00BE6507 /* DateTime */ = {
			isa = PBXGroup;
			children = (
				90B54B691ACFA98600BE6507 /* DateTimeViewController.h */,
				90B54B6A1ACFA98600BE6507 /* DateTimeViewController.m */,
			);
			name = DateTime;
			sourceTree = "<group>";
		};
		90B54B701ACFA9AD00BE6507 /* Time */ = {
			isa = PBXGroup;
			children = (
				90B54B6D1ACFA9A900BE6507 /* TimeViewController.h */,
				90B54B6E1ACFA9A900BE6507 /* TimeViewController.m */,
			);
			name = Time;
			sourceTree = "<group>";
		};
		90B54B741ACFA9CD00BE6507 /* Date */ = {
			isa = PBXGroup;
			children = (
				90B54B711ACFA9C200BE6507 /* DateViewController.h */,
				90B54B721ACFA9C200BE6507 /* DateViewController.m */,
			);
			name = Date;
			sourceTree = "<group>";
		};
		90B54B781ACFAB2D00BE6507 /* Schedule */ = {
			isa = PBXGroup;
			children = (
				90B54B751ACFAB2300BE6507 /* ScheduleTableViewCell.h */,
				90B54B761ACFAB2300BE6507 /* ScheduleTableViewCell.m */,
			);
			name = Schedule;
			sourceTree = "<group>";
		};
		90B54B7C1ACFAB4A00BE6507 /* AddSchedule */ = {
			isa = PBXGroup;
			children = (
				90B54B791ACFAB4700BE6507 /* AddScheduleTableViewCell.h */,
				90B54B7A1ACFAB4700BE6507 /* AddScheduleTableViewCell.m */,
			);
			name = AddSchedule;
			sourceTree = "<group>";
		};
		90BB5F031ACC17AA00588D2C /* Schedule */ = {
			isa = PBXGroup;
			children = (
				90BB5F001ACC179800588D2C /* ScheduleNavigationController.h */,
				90BB5F011ACC179800588D2C /* ScheduleNavigationController.m */,
			);
			name = Schedule;
			sourceTree = "<group>";
		};
		90BB5F041ACC28E800588D2C /* Specialty */ = {
			isa = PBXGroup;
			children = (
				90BD96CE1ACAC78A0053ED27 /* SpecialtyTableViewCell.h */,
				90BD96CF1ACAC78A0053ED27 /* SpecialtyTableViewCell.m */,
				90BD96D01ACAC78A0053ED27 /* SpecialtyTableViewCell.xib */,
			);
			name = Specialty;
			sourceTree = "<group>";
		};
		90BD96BB1ACABF370053ED27 /* Specialty */ = {
			isa = PBXGroup;
			children = (
				90BD96D61ACAC7B60053ED27 /* SpecialtyTableViewController.h */,
				90BD96D71ACAC7B60053ED27 /* SpecialtyTableViewController.m */,
			);
			name = Specialty;
			sourceTree = "<group>";
		};
		90BD96C81ACAC2140053ED27 /* Cell */ = {
			isa = PBXGroup;
			children = (
				905818BD1ACC2B8A00B9A42E /* More */,
				90BB5F041ACC28E800588D2C /* Specialty */,
				90B54B781ACFAB2D00BE6507 /* Schedule */,
				90B54B7C1ACFAB4A00BE6507 /* AddSchedule */,
			);
			name = Cell;
			sourceTree = "<group>";
		};
		90BD96E01ACAE6AB0053ED27 /* Calendar */ = {
			isa = PBXGroup;
			children = (
				90BD96DB1ACAE69E0053ED27 /* CalendarViewController.h */,
				90BD96DC1ACAE69E0053ED27 /* CalendarViewController.m */,
				1162906F1AD0FE0600A0D35B /* CalendarTableViewCell.h */,
				116290701AD0FE0600A0D35B /* CalendarTableViewCell.m */,
			);
			name = Calendar;
			sourceTree = "<group>";
		};
		90BD96E41ACAE7A80053ED27 /* Calendar */ = {
			isa = PBXGroup;
			children = (
				90BD96E11ACAE7A00053ED27 /* CalendarNavigationViewController.h */,
				90BD96E21ACAE7A00053ED27 /* CalendarNavigationViewController.m */,
			);
			name = Calendar;
			sourceTree = "<group>";
		};
/* End PBXGroup section */

/* Begin PBXNativeTarget section */
		90016F021AC176BC002D8BF6 /* MiniChallenger2-Saude */ = {
			isa = PBXNativeTarget;
			buildConfigurationList = 90016F261AC176BC002D8BF6 /* Build configuration list for PBXNativeTarget "MiniChallenger2-Saude" */;
			buildPhases = (
				90016EFF1AC176BC002D8BF6 /* Sources */,
				90016F001AC176BC002D8BF6 /* Frameworks */,
				90016F011AC176BC002D8BF6 /* Resources */,
			);
			buildRules = (
			);
			dependencies = (
			);
			name = "MiniChallenger2-Saude";
			productName = "MiniChallenger2-Saude";
			productReference = 90016F031AC176BC002D8BF6 /* SIMPLECO M.app */;
			productType = "com.apple.product-type.application";
		};
		90016F1B1AC176BC002D8BF6 /* MiniChallenger2-SaudeTests */ = {
			isa = PBXNativeTarget;
			buildConfigurationList = 90016F291AC176BC002D8BF6 /* Build configuration list for PBXNativeTarget "MiniChallenger2-SaudeTests" */;
			buildPhases = (
				90016F181AC176BC002D8BF6 /* Sources */,
				90016F191AC176BC002D8BF6 /* Frameworks */,
				90016F1A1AC176BC002D8BF6 /* Resources */,
			);
			buildRules = (
			);
			dependencies = (
				90016F1E1AC176BC002D8BF6 /* PBXTargetDependency */,
			);
			name = "MiniChallenger2-SaudeTests";
			productName = "MiniChallenger2-SaudeTests";
			productReference = 90016F1C1AC176BC002D8BF6 /* MiniChallenger2-SaudeTests.xctest */;
			productType = "com.apple.product-type.bundle.unit-test";
		};
/* End PBXNativeTarget section */

/* Begin PBXProject section */
		90016EFB1AC176BC002D8BF6 /* Project object */ = {
			isa = PBXProject;
			attributes = {
				LastUpgradeCheck = 0620;
				ORGANIZATIONNAME = "Evandro Remon Pulz Viva";
				TargetAttributes = {
					90016F021AC176BC002D8BF6 = {
						CreatedOnToolsVersion = 6.2;
					};
					90016F1B1AC176BC002D8BF6 = {
						CreatedOnToolsVersion = 6.2;
						TestTargetID = 90016F021AC176BC002D8BF6;
					};
				};
			};
			buildConfigurationList = 90016EFE1AC176BC002D8BF6 /* Build configuration list for PBXProject "MiniChallenger2-Saude" */;
			compatibilityVersion = "Xcode 3.2";
			developmentRegion = English;
			hasScannedForEncodings = 0;
			knownRegions = (
				en,
				Base,
			);
			mainGroup = 90016EFA1AC176BC002D8BF6;
			productRefGroup = 90016F041AC176BC002D8BF6 /* Products */;
			projectDirPath = "";
			projectRoot = "";
			targets = (
				90016F021AC176BC002D8BF6 /* MiniChallenger2-Saude */,
				90016F1B1AC176BC002D8BF6 /* MiniChallenger2-SaudeTests */,
			);
		};
/* End PBXProject section */

/* Begin PBXResourcesBuildPhase section */
		90016F011AC176BC002D8BF6 /* Resources */ = {
			isa = PBXResourcesBuildPhase;
			buildActionMask = 2147483647;
			files = (
				90014A821AC87A6700AD7292 /* CompleteRegisterViewController.xib in Resources */,
				90016F121AC176BC002D8BF6 /* Main.storyboard in Resources */,
				90BD96D21ACAC78A0053ED27 /* SpecialtyTableViewCell.xib in Resources */,
				11BB75341ACB1D7300B2EF34 /* Pods-acknowledgements.plist in Resources */,
				908884041AC78AD5006E7BE9 /* NotificationTableViewController.xib in Resources */,
				90016F171AC176BC002D8BF6 /* LaunchScreen.xib in Resources */,
				11BB75381ACB1D7300B2EF34 /* Pods.release.xcconfig in Resources */,
				90BD96DF1ACAE69E0053ED27 /* CalendarViewController.xib in Resources */,
				908883F41AC78748006E7BE9 /* MainTabBarController.xib in Resources */,
				90BD96DA1ACAC7B60053ED27 /* SpecialtyTableViewController.xib in Resources */,
				11BB75371ACB1D7300B2EF34 /* Pods.debug.xcconfig in Resources */,
				90014A721AC858BD00AD7292 /* SignInViewController.xib in Resources */,
				905818BC1ACC2B7A00B9A42E /* MoreTableViewCell.xib in Resources */,
				908884161AC793B5006E7BE9 /* MoreTableViewController.xib in Resources */,
				90C464221ACD760700F49E63 /* AddScheduleTableViewController.xib in Resources */,
				905E812B1ACD565500BDEDF2 /* ScheduleTableViewController.xib in Resources */,
				11BB75361ACB1D7300B2EF34 /* Pods-resources.sh in Resources */,
				90016F141AC176BC002D8BF6 /* Images.xcassets in Resources */,
			);
			runOnlyForDeploymentPostprocessing = 0;
		};
		90016F1A1AC176BC002D8BF6 /* Resources */ = {
			isa = PBXResourcesBuildPhase;
			buildActionMask = 2147483647;
			files = (
			);
			runOnlyForDeploymentPostprocessing = 0;
		};
/* End PBXResourcesBuildPhase section */

/* Begin PBXSourcesBuildPhase section */
		90016EFF1AC176BC002D8BF6 /* Sources */ = {
			isa = PBXSourcesBuildPhase;
			buildActionMask = 2147483647;
			files = (
				908883EB1AC764E4006E7BE9 /* MedicoDAO.m in Sources */,
				90016F2E1AC1A928002D8BF6 /* LoginViewController.m in Sources */,
				90B54B7B1ACFAB4700BE6507 /* AddScheduleTableViewCell.m in Sources */,
				90BB5F021ACC179800588D2C /* ScheduleNavigationController.m in Sources */,
				908883F91AC78A2C006E7BE9 /* NotificationNavigationController.m in Sources */,
				905818BB1ACC2B7A00B9A42E /* MoreTableViewCell.m in Sources */,
				908883F31AC78748006E7BE9 /* MainTabBarController.m in Sources */,
				11BB75351ACB1D7300B2EF34 /* Pods-dummy.m in Sources */,
				90BD96E31ACAE7A00053ED27 /* CalendarNavigationViewController.m in Sources */,
				90014A7A1AC86AD100AD7292 /* User.m in Sources */,
				90016F0F1AC176BC002D8BF6 /* ViewController.m in Sources */,
				11BB75261ACB1D4D00B2EF34 /* JTCalendarMenuView.m in Sources */,
				116290691AD0F21700A0D35B /* Consultation.m in Sources */,
				90BD96D91ACAC7B60053ED27 /* SpecialtyTableViewController.m in Sources */,
				90016F0C1AC176BC002D8BF6 /* AppDelegate.m in Sources */,
				908884031AC78AD5006E7BE9 /* NotificationTableViewController.m in Sources */,
				1162906D1AD0F25400A0D35B /* Patient.m in Sources */,
				90B54B621ACF9D6D00BE6507 /* WeeklyTableViewController.m in Sources */,
				90014A761AC865F900AD7292 /* UserDAO.m in Sources */,
				90016F091AC176BC002D8BF6 /* main.m in Sources */,
				90016F341AC1FD88002D8BF6 /* PacientesTableViewController.m in Sources */,
				90DD5F7F1AC4396B00791FAF /* TabBarController.m in Sources */,
				90BD96DE1ACAE69E0053ED27 /* CalendarViewController.m in Sources */,
				11BB75271ACB1D4D00B2EF34 /* JTCalendarMonthView.m in Sources */,
				11BB75291ACB1D4D00B2EF34 /* JTCalendarWeekView.m in Sources */,
				90014A711AC858BD00AD7292 /* SignInViewController.m in Sources */,
				11BB75231ACB1D4D00B2EF34 /* JTCalendarContentView.m in Sources */,
				90B54B731ACFA9C200BE6507 /* DateViewController.m in Sources */,
				11BB752A1ACB1D4D00B2EF34 /* JTCircleView.m in Sources */,
				90016F371AC1FDA6002D8BF6 /* PacientesTableViewCell.m in Sources */,
				90B54B6F1ACFA9A900BE6507 /* TimeViewController.m in Sources */,
				90B54B671ACFA2B600BE6507 /* Schedule.m in Sources */,
				11BB75221ACB1D4D00B2EF34 /* JTCalendarAppearance.m in Sources */,
				116290711AD0FE0600A0D35B /* CalendarTableViewCell.m in Sources */,
				90C464211ACD760700F49E63 /* AddScheduleTableViewController.m in Sources */,
				90BD96D11ACAC78A0053ED27 /* SpecialtyTableViewCell.m in Sources */,
				90014A811AC87A6700AD7292 /* CompleteRegisterViewController.m in Sources */,
				909716221AD0CEB500F9DC8D /* AddressViewController.m in Sources */,
				11BB75251ACB1D4D00B2EF34 /* JTCalendarMenuMonthView.m in Sources */,
				11BB75281ACB1D4D00B2EF34 /* JTCalendarMonthWeekDaysView.m in Sources */,
				11BB75211ACB1D4D00B2EF34 /* JTCalendar.m in Sources */,
				9088840D1AC7923D006E7BE9 /* MoreNavigationController.m in Sources */,
				90B54B771ACFAB2300BE6507 /* ScheduleTableViewCell.m in Sources */,
				908883E71AC7645E006E7BE9 /* Medico.m in Sources */,
				908884151AC793B5006E7BE9 /* MoreTableViewController.m in Sources */,
				905E812A1ACD565500BDEDF2 /* ScheduleTableViewController.m in Sources */,
				11BB75331ACB1D7300B2EF34 /* Pods-acknowledgements.markdown in Sources */,
				90B54B6B1ACFA98600BE6507 /* DateTimeViewController.m in Sources */,
				11BB75241ACB1D4D00B2EF34 /* JTCalendarDayView.m in Sources */,
				0B5CB41E1ACD8AC2003CA51D /* CompleteRegisterNavigationController.m in Sources */,
			);
			runOnlyForDeploymentPostprocessing = 0;
		};
		90016F181AC176BC002D8BF6 /* Sources */ = {
			isa = PBXSourcesBuildPhase;
			buildActionMask = 2147483647;
			files = (
				90016F231AC176BC002D8BF6 /* MiniChallenger2_SaudeTests.m in Sources */,
			);
			runOnlyForDeploymentPostprocessing = 0;
		};
/* End PBXSourcesBuildPhase section */

/* Begin PBXTargetDependency section */
		90016F1E1AC176BC002D8BF6 /* PBXTargetDependency */ = {
			isa = PBXTargetDependency;
			target = 90016F021AC176BC002D8BF6 /* MiniChallenger2-Saude */;
			targetProxy = 90016F1D1AC176BC002D8BF6 /* PBXContainerItemProxy */;
		};
/* End PBXTargetDependency section */

/* Begin PBXVariantGroup section */
		90016F101AC176BC002D8BF6 /* Main.storyboard */ = {
			isa = PBXVariantGroup;
			children = (
				90016F111AC176BC002D8BF6 /* Base */,
			);
			name = Main.storyboard;
			sourceTree = "<group>";
		};
		90016F151AC176BC002D8BF6 /* LaunchScreen.xib */ = {
			isa = PBXVariantGroup;
			children = (
				90016F161AC176BC002D8BF6 /* Base */,
			);
			name = LaunchScreen.xib;
			sourceTree = "<group>";
		};
/* End PBXVariantGroup section */

/* Begin XCBuildConfiguration section */
		90016F241AC176BC002D8BF6 /* Debug */ = {
			isa = XCBuildConfiguration;
			buildSettings = {
				ALWAYS_SEARCH_USER_PATHS = NO;
				CLANG_CXX_LANGUAGE_STANDARD = "gnu++0x";
				CLANG_CXX_LIBRARY = "libc++";
				CLANG_ENABLE_MODULES = YES;
				CLANG_ENABLE_OBJC_ARC = YES;
				CLANG_WARN_BOOL_CONVERSION = YES;
				CLANG_WARN_CONSTANT_CONVERSION = YES;
				CLANG_WARN_DIRECT_OBJC_ISA_USAGE = YES_ERROR;
				CLANG_WARN_EMPTY_BODY = YES;
				CLANG_WARN_ENUM_CONVERSION = YES;
				CLANG_WARN_INT_CONVERSION = YES;
				CLANG_WARN_OBJC_ROOT_CLASS = YES_ERROR;
				CLANG_WARN_UNREACHABLE_CODE = YES;
				CLANG_WARN__DUPLICATE_METHOD_MATCH = YES;
				"CODE_SIGN_IDENTITY[sdk=iphoneos*]" = "iPhone Developer";
				COPY_PHASE_STRIP = NO;
				ENABLE_STRICT_OBJC_MSGSEND = YES;
				GCC_C_LANGUAGE_STANDARD = gnu99;
				GCC_DYNAMIC_NO_PIC = NO;
				GCC_OPTIMIZATION_LEVEL = 0;
				GCC_PREPROCESSOR_DEFINITIONS = (
					"DEBUG=1",
					"$(inherited)",
				);
				GCC_SYMBOLS_PRIVATE_EXTERN = NO;
				GCC_WARN_64_TO_32_BIT_CONVERSION = YES;
				GCC_WARN_ABOUT_RETURN_TYPE = YES_ERROR;
				GCC_WARN_UNDECLARED_SELECTOR = YES;
				GCC_WARN_UNINITIALIZED_AUTOS = YES_AGGRESSIVE;
				GCC_WARN_UNUSED_FUNCTION = YES;
				GCC_WARN_UNUSED_VARIABLE = YES;
				IPHONEOS_DEPLOYMENT_TARGET = 8.2;
				MTL_ENABLE_DEBUG_INFO = YES;
				ONLY_ACTIVE_ARCH = YES;
				SDKROOT = iphoneos;
				TARGETED_DEVICE_FAMILY = "1,2";
			};
			name = Debug;
		};
		90016F251AC176BC002D8BF6 /* Release */ = {
			isa = XCBuildConfiguration;
			buildSettings = {
				ALWAYS_SEARCH_USER_PATHS = NO;
				CLANG_CXX_LANGUAGE_STANDARD = "gnu++0x";
				CLANG_CXX_LIBRARY = "libc++";
				CLANG_ENABLE_MODULES = YES;
				CLANG_ENABLE_OBJC_ARC = YES;
				CLANG_WARN_BOOL_CONVERSION = YES;
				CLANG_WARN_CONSTANT_CONVERSION = YES;
				CLANG_WARN_DIRECT_OBJC_ISA_USAGE = YES_ERROR;
				CLANG_WARN_EMPTY_BODY = YES;
				CLANG_WARN_ENUM_CONVERSION = YES;
				CLANG_WARN_INT_CONVERSION = YES;
				CLANG_WARN_OBJC_ROOT_CLASS = YES_ERROR;
				CLANG_WARN_UNREACHABLE_CODE = YES;
				CLANG_WARN__DUPLICATE_METHOD_MATCH = YES;
				"CODE_SIGN_IDENTITY[sdk=iphoneos*]" = "iPhone Developer";
				COPY_PHASE_STRIP = NO;
				ENABLE_NS_ASSERTIONS = NO;
				ENABLE_STRICT_OBJC_MSGSEND = YES;
				GCC_C_LANGUAGE_STANDARD = gnu99;
				GCC_WARN_64_TO_32_BIT_CONVERSION = YES;
				GCC_WARN_ABOUT_RETURN_TYPE = YES_ERROR;
				GCC_WARN_UNDECLARED_SELECTOR = YES;
				GCC_WARN_UNINITIALIZED_AUTOS = YES_AGGRESSIVE;
				GCC_WARN_UNUSED_FUNCTION = YES;
				GCC_WARN_UNUSED_VARIABLE = YES;
				IPHONEOS_DEPLOYMENT_TARGET = 8.2;
				MTL_ENABLE_DEBUG_INFO = NO;
				SDKROOT = iphoneos;
				TARGETED_DEVICE_FAMILY = "1,2";
				VALIDATE_PRODUCT = YES;
			};
			name = Release;
		};
		90016F271AC176BC002D8BF6 /* Debug */ = {
			isa = XCBuildConfiguration;
			buildSettings = {
				ASSETCATALOG_COMPILER_APPICON_NAME = AppIcon;
				FRAMEWORK_SEARCH_PATHS = (
					"$(inherited)",
					../Frameworks,
				);
				INFOPLIST_FILE = "MiniChallenger2-Saude/Info.plist";
				LD_RUNPATH_SEARCH_PATHS = "$(inherited) @executable_path/Frameworks";
				PRODUCT_NAME = "SIMPLECO M";
			};
			name = Debug;
		};
		90016F281AC176BC002D8BF6 /* Release */ = {
			isa = XCBuildConfiguration;
			buildSettings = {
				ASSETCATALOG_COMPILER_APPICON_NAME = AppIcon;
				FRAMEWORK_SEARCH_PATHS = (
					"$(inherited)",
					../Frameworks,
				);
				INFOPLIST_FILE = "MiniChallenger2-Saude/Info.plist";
				LD_RUNPATH_SEARCH_PATHS = "$(inherited) @executable_path/Frameworks";
				PRODUCT_NAME = "SIMPLECO M";
			};
			name = Release;
		};
		90016F2A1AC176BC002D8BF6 /* Debug */ = {
			isa = XCBuildConfiguration;
			buildSettings = {
				BUNDLE_LOADER = "$(TEST_HOST)";
				FRAMEWORK_SEARCH_PATHS = (
					"$(SDKROOT)/Developer/Library/Frameworks",
					"$(inherited)",
				);
				GCC_PREPROCESSOR_DEFINITIONS = (
					"DEBUG=1",
					"$(inherited)",
				);
				INFOPLIST_FILE = "MiniChallenger2-SaudeTests/Info.plist";
				LD_RUNPATH_SEARCH_PATHS = "$(inherited) @executable_path/Frameworks @loader_path/Frameworks";
				PRODUCT_NAME = "$(TARGET_NAME)";
				TEST_HOST = "$(BUILT_PRODUCTS_DIR)/SIMPLECO M.app/SIMPLECO M";
			};
			name = Debug;
		};
		90016F2B1AC176BC002D8BF6 /* Release */ = {
			isa = XCBuildConfiguration;
			buildSettings = {
				BUNDLE_LOADER = "$(TEST_HOST)";
				FRAMEWORK_SEARCH_PATHS = (
					"$(SDKROOT)/Developer/Library/Frameworks",
					"$(inherited)",
				);
				INFOPLIST_FILE = "MiniChallenger2-SaudeTests/Info.plist";
				LD_RUNPATH_SEARCH_PATHS = "$(inherited) @executable_path/Frameworks @loader_path/Frameworks";
				PRODUCT_NAME = "$(TARGET_NAME)";
				TEST_HOST = "$(BUILT_PRODUCTS_DIR)/SIMPLECO M.app/SIMPLECO M";
			};
			name = Release;
		};
/* End XCBuildConfiguration section */

/* Begin XCConfigurationList section */
		90016EFE1AC176BC002D8BF6 /* Build configuration list for PBXProject "MiniChallenger2-Saude" */ = {
			isa = XCConfigurationList;
			buildConfigurations = (
				90016F241AC176BC002D8BF6 /* Debug */,
				90016F251AC176BC002D8BF6 /* Release */,
			);
			defaultConfigurationIsVisible = 0;
			defaultConfigurationName = Release;
		};
		90016F261AC176BC002D8BF6 /* Build configuration list for PBXNativeTarget "MiniChallenger2-Saude" */ = {
			isa = XCConfigurationList;
			buildConfigurations = (
				90016F271AC176BC002D8BF6 /* Debug */,
				90016F281AC176BC002D8BF6 /* Release */,
			);
			defaultConfigurationIsVisible = 0;
			defaultConfigurationName = Release;
		};
		90016F291AC176BC002D8BF6 /* Build configuration list for PBXNativeTarget "MiniChallenger2-SaudeTests" */ = {
			isa = XCConfigurationList;
			buildConfigurations = (
				90016F2A1AC176BC002D8BF6 /* Debug */,
				90016F2B1AC176BC002D8BF6 /* Release */,
			);
			defaultConfigurationIsVisible = 0;
			defaultConfigurationName = Release;
		};
/* End XCConfigurationList section */
	};
	rootObject = 90016EFB1AC176BC002D8BF6 /* Project object */;
}
